// !$*UTF8*$!
{
	archiveVersion = 1;
	classes = {
	};
	objectVersion = 56;
	objects = {

/* Begin PBXBuildFile section */
		CE37D33528EFE636002F68FB /* HTTPClient.swift in Sources */ = {isa = PBXBuildFile; fileRef = CE37D33428EFE636002F68FB /* HTTPClient.swift */; };
		CE37D33728EFE809002F68FB /* FeedItemsMapper.swift in Sources */ = {isa = PBXBuildFile; fileRef = CE37D33628EFE809002F68FB /* FeedItemsMapper.swift */; };
		CE37D33A28F0B85C002F68FB /* URLSessionHTTPClientTests.swift in Sources */ = {isa = PBXBuildFile; fileRef = CE37D33928F0B85C002F68FB /* URLSessionHTTPClientTests.swift */; };
		CE8D4ABB28EA5EB800131E63 /* RemoteFeedLoader.swift in Sources */ = {isa = PBXBuildFile; fileRef = CE8D4ABA28EA5EB800131E63 /* RemoteFeedLoader.swift */; };
		CEA415FE28F79348001705BC /* XCTestCase+MemoryLeakTracking.swift in Sources */ = {isa = PBXBuildFile; fileRef = CEA415FD28F79348001705BC /* XCTestCase+MemoryLeakTracking.swift */; };
		CEA4160028F7B156001705BC /* URLSessionHTTPClient.swift in Sources */ = {isa = PBXBuildFile; fileRef = CEA415FF28F7B156001705BC /* URLSessionHTTPClient.swift */; };
		CEA4160828F7B5E0001705BC /* EssentialFeedAPIEndToEndTests.swift in Sources */ = {isa = PBXBuildFile; fileRef = CEA4160728F7B5E0001705BC /* EssentialFeedAPIEndToEndTests.swift */; };
		CEA4160928F7B5E0001705BC /* EssentialFeed.framework in Frameworks */ = {isa = PBXBuildFile; fileRef = CED148D028E69F7500D37FB3 /* EssentialFeed.framework */; };
		CEA4160F28F7BBF2001705BC /* XCTestCase+MemoryLeakTracking.swift in Sources */ = {isa = PBXBuildFile; fileRef = CEA415FD28F79348001705BC /* XCTestCase+MemoryLeakTracking.swift */; };
		CEA4163428FB705B001705BC /* CacheFeedUseCaseTests.swift in Sources */ = {isa = PBXBuildFile; fileRef = CEA4163328FB705B001705BC /* CacheFeedUseCaseTests.swift */; };
		CEA4163728FB8DF7001705BC /* LocalFeedLoader.swift in Sources */ = {isa = PBXBuildFile; fileRef = CEA4163628FB8DF7001705BC /* LocalFeedLoader.swift */; };
		CEA4163928FB8EA7001705BC /* FeedStore.swift in Sources */ = {isa = PBXBuildFile; fileRef = CEA4163828FB8EA7001705BC /* FeedStore.swift */; };
		CEA4163B28FB996D001705BC /* RemoteFeedItem.swift in Sources */ = {isa = PBXBuildFile; fileRef = CEA4163A28FB996D001705BC /* RemoteFeedItem.swift */; };
		CEA4163D28FB99BF001705BC /* LocalFeedImage.swift in Sources */ = {isa = PBXBuildFile; fileRef = CEA4163C28FB99BF001705BC /* LocalFeedImage.swift */; };
		CEA4163F28FBA41B001705BC /* LoadFeedFromCacheUseCaseTests.swift in Sources */ = {isa = PBXBuildFile; fileRef = CEA4163E28FBA41B001705BC /* LoadFeedFromCacheUseCaseTests.swift */; };
		CEA4164228FBA775001705BC /* FeedStoreSpy.swift in Sources */ = {isa = PBXBuildFile; fileRef = CEA4164128FBA775001705BC /* FeedStoreSpy.swift */; };
		CEA4164428FC5948001705BC /* ValidateFeedCacheUseCaseTests.swift in Sources */ = {isa = PBXBuildFile; fileRef = CEA4164328FC5948001705BC /* ValidateFeedCacheUseCaseTests.swift */; };
		CEA4164628FC6022001705BC /* FeedCacheTestHelpers.swift in Sources */ = {isa = PBXBuildFile; fileRef = CEA4164528FC6022001705BC /* FeedCacheTestHelpers.swift */; };
		CEA4164828FC6115001705BC /* ShatedTestHelpers.swift in Sources */ = {isa = PBXBuildFile; fileRef = CEA4164728FC6115001705BC /* ShatedTestHelpers.swift */; };
		CED148D928E69F7600D37FB3 /* EssentialFeed.framework in Frameworks */ = {isa = PBXBuildFile; fileRef = CED148D028E69F7500D37FB3 /* EssentialFeed.framework */; };
		CED148E928E69F9B00D37FB3 /* FeedImage.swift in Sources */ = {isa = PBXBuildFile; fileRef = CED148E828E69F9B00D37FB3 /* FeedImage.swift */; };
		CED148EB28E6A14300D37FB3 /* FeedLoader.swift in Sources */ = {isa = PBXBuildFile; fileRef = CED148EA28E6A14300D37FB3 /* FeedLoader.swift */; };
		CED148EE28E6A50800D37FB3 /* LoadFeedFromRemoteUseCaseTests.swift in Sources */ = {isa = PBXBuildFile; fileRef = CED148ED28E6A50800D37FB3 /* LoadFeedFromRemoteUseCaseTests.swift */; };
/* End PBXBuildFile section */

/* Begin PBXContainerItemProxy section */
		CEA4160A28F7B5E0001705BC /* PBXContainerItemProxy */ = {
			isa = PBXContainerItemProxy;
			containerPortal = CED148C728E69F7500D37FB3 /* Project object */;
			proxyType = 1;
			remoteGlobalIDString = CED148CF28E69F7500D37FB3;
			remoteInfo = EssentialFeed;
		};
		CED148DA28E69F7600D37FB3 /* PBXContainerItemProxy */ = {
			isa = PBXContainerItemProxy;
			containerPortal = CED148C728E69F7500D37FB3 /* Project object */;
			proxyType = 1;
			remoteGlobalIDString = CED148CF28E69F7500D37FB3;
			remoteInfo = EssentialFeed;
		};
/* End PBXContainerItemProxy section */

/* Begin PBXFileReference section */
		CE37D33428EFE636002F68FB /* HTTPClient.swift */ = {isa = PBXFileReference; lastKnownFileType = sourcecode.swift; path = HTTPClient.swift; sourceTree = "<group>"; };
		CE37D33628EFE809002F68FB /* FeedItemsMapper.swift */ = {isa = PBXFileReference; lastKnownFileType = sourcecode.swift; path = FeedItemsMapper.swift; sourceTree = "<group>"; };
		CE37D33928F0B85C002F68FB /* URLSessionHTTPClientTests.swift */ = {isa = PBXFileReference; lastKnownFileType = sourcecode.swift; path = URLSessionHTTPClientTests.swift; sourceTree = "<group>"; };
		CE8D4ABA28EA5EB800131E63 /* RemoteFeedLoader.swift */ = {isa = PBXFileReference; lastKnownFileType = sourcecode.swift; path = RemoteFeedLoader.swift; sourceTree = "<group>"; };
		CEA415FD28F79348001705BC /* XCTestCase+MemoryLeakTracking.swift */ = {isa = PBXFileReference; lastKnownFileType = sourcecode.swift; path = "XCTestCase+MemoryLeakTracking.swift"; sourceTree = "<group>"; };
		CEA415FF28F7B156001705BC /* URLSessionHTTPClient.swift */ = {isa = PBXFileReference; lastKnownFileType = sourcecode.swift; path = URLSessionHTTPClient.swift; sourceTree = "<group>"; };
		CEA4160528F7B5E0001705BC /* EssentialFeedAPIEndToEndTests.xctest */ = {isa = PBXFileReference; explicitFileType = wrapper.cfbundle; includeInIndex = 0; path = EssentialFeedAPIEndToEndTests.xctest; sourceTree = BUILT_PRODUCTS_DIR; };
		CEA4160728F7B5E0001705BC /* EssentialFeedAPIEndToEndTests.swift */ = {isa = PBXFileReference; lastKnownFileType = sourcecode.swift; path = EssentialFeedAPIEndToEndTests.swift; sourceTree = "<group>"; };
		CEA4163328FB705B001705BC /* CacheFeedUseCaseTests.swift */ = {isa = PBXFileReference; lastKnownFileType = sourcecode.swift; path = CacheFeedUseCaseTests.swift; sourceTree = "<group>"; };
		CEA4163628FB8DF7001705BC /* LocalFeedLoader.swift */ = {isa = PBXFileReference; lastKnownFileType = sourcecode.swift; path = LocalFeedLoader.swift; sourceTree = "<group>"; };
		CEA4163828FB8EA7001705BC /* FeedStore.swift */ = {isa = PBXFileReference; lastKnownFileType = sourcecode.swift; path = FeedStore.swift; sourceTree = "<group>"; };
		CEA4163A28FB996D001705BC /* RemoteFeedItem.swift */ = {isa = PBXFileReference; lastKnownFileType = sourcecode.swift; path = RemoteFeedItem.swift; sourceTree = "<group>"; };
		CEA4163C28FB99BF001705BC /* LocalFeedImage.swift */ = {isa = PBXFileReference; lastKnownFileType = sourcecode.swift; path = LocalFeedImage.swift; sourceTree = "<group>"; };
		CEA4163E28FBA41B001705BC /* LoadFeedFromCacheUseCaseTests.swift */ = {isa = PBXFileReference; lastKnownFileType = sourcecode.swift; path = LoadFeedFromCacheUseCaseTests.swift; sourceTree = "<group>"; };
		CEA4164128FBA775001705BC /* FeedStoreSpy.swift */ = {isa = PBXFileReference; lastKnownFileType = sourcecode.swift; path = FeedStoreSpy.swift; sourceTree = "<group>"; };
		CEA4164328FC5948001705BC /* ValidateFeedCacheUseCaseTests.swift */ = {isa = PBXFileReference; lastKnownFileType = sourcecode.swift; path = ValidateFeedCacheUseCaseTests.swift; sourceTree = "<group>"; };
		CEA4164528FC6022001705BC /* FeedCacheTestHelpers.swift */ = {isa = PBXFileReference; lastKnownFileType = sourcecode.swift; path = FeedCacheTestHelpers.swift; sourceTree = "<group>"; };
		CEA4164728FC6115001705BC /* ShatedTestHelpers.swift */ = {isa = PBXFileReference; lastKnownFileType = sourcecode.swift; path = ShatedTestHelpers.swift; sourceTree = "<group>"; };
		CED148D028E69F7500D37FB3 /* EssentialFeed.framework */ = {isa = PBXFileReference; explicitFileType = wrapper.framework; includeInIndex = 0; path = EssentialFeed.framework; sourceTree = BUILT_PRODUCTS_DIR; };
		CED148D828E69F7600D37FB3 /* EssentialFeedTests.xctest */ = {isa = PBXFileReference; explicitFileType = wrapper.cfbundle; includeInIndex = 0; path = EssentialFeedTests.xctest; sourceTree = BUILT_PRODUCTS_DIR; };
		CED148E828E69F9B00D37FB3 /* FeedImage.swift */ = {isa = PBXFileReference; lastKnownFileType = sourcecode.swift; path = FeedImage.swift; sourceTree = "<group>"; };
		CED148EA28E6A14300D37FB3 /* FeedLoader.swift */ = {isa = PBXFileReference; lastKnownFileType = sourcecode.swift; path = FeedLoader.swift; sourceTree = "<group>"; };
		CED148ED28E6A50800D37FB3 /* LoadFeedFromRemoteUseCaseTests.swift */ = {isa = PBXFileReference; lastKnownFileType = sourcecode.swift; path = LoadFeedFromRemoteUseCaseTests.swift; sourceTree = "<group>"; };
/* End PBXFileReference section */

/* Begin PBXFrameworksBuildPhase section */
		CEA4160228F7B5E0001705BC /* Frameworks */ = {
			isa = PBXFrameworksBuildPhase;
			buildActionMask = 2147483647;
			files = (
				CEA4160928F7B5E0001705BC /* EssentialFeed.framework in Frameworks */,
			);
			runOnlyForDeploymentPostprocessing = 0;
		};
		CED148CD28E69F7500D37FB3 /* Frameworks */ = {
			isa = PBXFrameworksBuildPhase;
			buildActionMask = 2147483647;
			files = (
			);
			runOnlyForDeploymentPostprocessing = 0;
		};
		CED148D528E69F7600D37FB3 /* Frameworks */ = {
			isa = PBXFrameworksBuildPhase;
			buildActionMask = 2147483647;
			files = (
				CED148D928E69F7600D37FB3 /* EssentialFeed.framework in Frameworks */,
			);
			runOnlyForDeploymentPostprocessing = 0;
		};
/* End PBXFrameworksBuildPhase section */

/* Begin PBXGroup section */
		CE37D33828EFEF54002F68FB /* FeedAPI */ = {
			isa = PBXGroup;
			children = (
				CED148ED28E6A50800D37FB3 /* LoadFeedFromRemoteUseCaseTests.swift */,
				CE37D33928F0B85C002F68FB /* URLSessionHTTPClientTests.swift */,
			);
			path = FeedAPI;
			sourceTree = "<group>";
		};
		CE8D4AB928EA5E9700131E63 /* FeedAPI */ = {
			isa = PBXGroup;
			children = (
				CE8D4ABA28EA5EB800131E63 /* RemoteFeedLoader.swift */,
				CE37D33428EFE636002F68FB /* HTTPClient.swift */,
				CE37D33628EFE809002F68FB /* FeedItemsMapper.swift */,
				CEA415FF28F7B156001705BC /* URLSessionHTTPClient.swift */,
				CEA4163A28FB996D001705BC /* RemoteFeedItem.swift */,
			);
			path = FeedAPI;
			sourceTree = "<group>";
		};
		CEA415FC28F79317001705BC /* Helpers */ = {
			isa = PBXGroup;
			children = (
				CEA415FD28F79348001705BC /* XCTestCase+MemoryLeakTracking.swift */,
				CEA4164728FC6115001705BC /* ShatedTestHelpers.swift */,
			);
			path = Helpers;
			sourceTree = "<group>";
		};
		CEA4160628F7B5E0001705BC /* EssentialFeedAPIEndToEndTests */ = {
			isa = PBXGroup;
			children = (
				CEA4160728F7B5E0001705BC /* EssentialFeedAPIEndToEndTests.swift */,
			);
			path = EssentialFeedAPIEndToEndTests;
			sourceTree = "<group>";
		};
		CEA4163228FB703F001705BC /* FeedCache */ = {
			isa = PBXGroup;
			children = (
				CEA4164028FBA761001705BC /* Helpers */,
				CEA4163328FB705B001705BC /* CacheFeedUseCaseTests.swift */,
				CEA4163E28FBA41B001705BC /* LoadFeedFromCacheUseCaseTests.swift */,
				CEA4164328FC5948001705BC /* ValidateFeedCacheUseCaseTests.swift */,
			);
			path = FeedCache;
			sourceTree = "<group>";
		};
		CEA4163528FB8DE7001705BC /* FeedCache */ = {
			isa = PBXGroup;
			children = (
				CEA4163628FB8DF7001705BC /* LocalFeedLoader.swift */,
				CEA4163828FB8EA7001705BC /* FeedStore.swift */,
				CEA4163C28FB99BF001705BC /* LocalFeedImage.swift */,
			);
			path = FeedCache;
			sourceTree = "<group>";
		};
		CEA4164028FBA761001705BC /* Helpers */ = {
			isa = PBXGroup;
			children = (
				CEA4164128FBA775001705BC /* FeedStoreSpy.swift */,
				CEA4164528FC6022001705BC /* FeedCacheTestHelpers.swift */,
			);
			path = Helpers;
			sourceTree = "<group>";
		};
		CED148C628E69F7500D37FB3 = {
			isa = PBXGroup;
			children = (
				CED148D228E69F7500D37FB3 /* EssentialFeed */,
				CED148DC28E69F7600D37FB3 /* EssentialFeedTests */,
				CEA4160628F7B5E0001705BC /* EssentialFeedAPIEndToEndTests */,
				CED148D128E69F7500D37FB3 /* Products */,
			);
			sourceTree = "<group>";
		};
		CED148D128E69F7500D37FB3 /* Products */ = {
			isa = PBXGroup;
			children = (
				CED148D028E69F7500D37FB3 /* EssentialFeed.framework */,
				CED148D828E69F7600D37FB3 /* EssentialFeedTests.xctest */,
				CEA4160528F7B5E0001705BC /* EssentialFeedAPIEndToEndTests.xctest */,
			);
			name = Products;
			sourceTree = "<group>";
		};
		CED148D228E69F7500D37FB3 /* EssentialFeed */ = {
			isa = PBXGroup;
			children = (
				CEA4163528FB8DE7001705BC /* FeedCache */,
				CE8D4AB928EA5E9700131E63 /* FeedAPI */,
				CED148EC28E6A23E00D37FB3 /* FeedFeature */,
			);
			path = EssentialFeed;
			sourceTree = "<group>";
		};
		CED148DC28E69F7600D37FB3 /* EssentialFeedTests */ = {
			isa = PBXGroup;
			children = (
				CEA415FC28F79317001705BC /* Helpers */,
				CEA4163228FB703F001705BC /* FeedCache */,
				CE37D33828EFEF54002F68FB /* FeedAPI */,
			);
			path = EssentialFeedTests;
			sourceTree = "<group>";
		};
		CED148EC28E6A23E00D37FB3 /* FeedFeature */ = {
			isa = PBXGroup;
			children = (
				CED148E828E69F9B00D37FB3 /* FeedImage.swift */,
				CED148EA28E6A14300D37FB3 /* FeedLoader.swift */,
			);
			path = FeedFeature;
			sourceTree = "<group>";
		};
/* End PBXGroup section */

/* Begin PBXHeadersBuildPhase section */
		CED148CB28E69F7500D37FB3 /* Headers */ = {
			isa = PBXHeadersBuildPhase;
			buildActionMask = 2147483647;
			files = (
			);
			runOnlyForDeploymentPostprocessing = 0;
		};
/* End PBXHeadersBuildPhase section */

/* Begin PBXNativeTarget section */
		CEA4160428F7B5E0001705BC /* EssentialFeedAPIEndToEndTests */ = {
			isa = PBXNativeTarget;
			buildConfigurationList = CEA4160C28F7B5E0001705BC /* Build configuration list for PBXNativeTarget "EssentialFeedAPIEndToEndTests" */;
			buildPhases = (
				CEA4160128F7B5E0001705BC /* Sources */,
				CEA4160228F7B5E0001705BC /* Frameworks */,
				CEA4160328F7B5E0001705BC /* Resources */,
			);
			buildRules = (
			);
			dependencies = (
				CEA4160B28F7B5E0001705BC /* PBXTargetDependency */,
			);
			name = EssentialFeedAPIEndToEndTests;
			productName = EssentialFeedAPIEndToEndTests;
			productReference = CEA4160528F7B5E0001705BC /* EssentialFeedAPIEndToEndTests.xctest */;
			productType = "com.apple.product-type.bundle.unit-test";
		};
		CED148CF28E69F7500D37FB3 /* EssentialFeed */ = {
			isa = PBXNativeTarget;
			buildConfigurationList = CED148E228E69F7600D37FB3 /* Build configuration list for PBXNativeTarget "EssentialFeed" */;
			buildPhases = (
				CED148CB28E69F7500D37FB3 /* Headers */,
				CED148CC28E69F7500D37FB3 /* Sources */,
				CED148CD28E69F7500D37FB3 /* Frameworks */,
				CED148CE28E69F7500D37FB3 /* Resources */,
			);
			buildRules = (
			);
			dependencies = (
			);
			name = EssentialFeed;
			productName = EssentialFeed;
			productReference = CED148D028E69F7500D37FB3 /* EssentialFeed.framework */;
			productType = "com.apple.product-type.framework";
		};
		CED148D728E69F7600D37FB3 /* EssentialFeedTests */ = {
			isa = PBXNativeTarget;
			buildConfigurationList = CED148E528E69F7600D37FB3 /* Build configuration list for PBXNativeTarget "EssentialFeedTests" */;
			buildPhases = (
				CED148D428E69F7600D37FB3 /* Sources */,
				CED148D528E69F7600D37FB3 /* Frameworks */,
				CED148D628E69F7600D37FB3 /* Resources */,
			);
			buildRules = (
			);
			dependencies = (
				CED148DB28E69F7600D37FB3 /* PBXTargetDependency */,
			);
			name = EssentialFeedTests;
			productName = EssentialFeedTests;
			productReference = CED148D828E69F7600D37FB3 /* EssentialFeedTests.xctest */;
			productType = "com.apple.product-type.bundle.unit-test";
		};
/* End PBXNativeTarget section */

/* Begin PBXProject section */
		CED148C728E69F7500D37FB3 /* Project object */ = {
			isa = PBXProject;
			attributes = {
				BuildIndependentTargetsInParallel = 1;
				LastSwiftUpdateCheck = 1400;
				LastUpgradeCheck = 1400;
				TargetAttributes = {
					CEA4160428F7B5E0001705BC = {
						CreatedOnToolsVersion = 14.0.1;
					};
					CED148CF28E69F7500D37FB3 = {
						CreatedOnToolsVersion = 14.0.1;
						LastSwiftMigration = 1400;
					};
					CED148D728E69F7600D37FB3 = {
						CreatedOnToolsVersion = 14.0.1;
					};
				};
			};
			buildConfigurationList = CED148CA28E69F7500D37FB3 /* Build configuration list for PBXProject "EssentialFeed" */;
			compatibilityVersion = "Xcode 14.0";
			developmentRegion = en;
			hasScannedForEncodings = 0;
			knownRegions = (
				en,
				Base,
			);
			mainGroup = CED148C628E69F7500D37FB3;
			productRefGroup = CED148D128E69F7500D37FB3 /* Products */;
			projectDirPath = "";
			projectRoot = "";
			targets = (
				CED148CF28E69F7500D37FB3 /* EssentialFeed */,
				CED148D728E69F7600D37FB3 /* EssentialFeedTests */,
				CEA4160428F7B5E0001705BC /* EssentialFeedAPIEndToEndTests */,
			);
		};
/* End PBXProject section */

/* Begin PBXResourcesBuildPhase section */
		CEA4160328F7B5E0001705BC /* Resources */ = {
			isa = PBXResourcesBuildPhase;
			buildActionMask = 2147483647;
			files = (
			);
			runOnlyForDeploymentPostprocessing = 0;
		};
		CED148CE28E69F7500D37FB3 /* Resources */ = {
			isa = PBXResourcesBuildPhase;
			buildActionMask = 2147483647;
			files = (
			);
			runOnlyForDeploymentPostprocessing = 0;
		};
		CED148D628E69F7600D37FB3 /* Resources */ = {
			isa = PBXResourcesBuildPhase;
			buildActionMask = 2147483647;
			files = (
			);
			runOnlyForDeploymentPostprocessing = 0;
		};
/* End PBXResourcesBuildPhase section */

/* Begin PBXSourcesBuildPhase section */
		CEA4160128F7B5E0001705BC /* Sources */ = {
			isa = PBXSourcesBuildPhase;
			buildActionMask = 2147483647;
			files = (
				CEA4160828F7B5E0001705BC /* EssentialFeedAPIEndToEndTests.swift in Sources */,
				CEA4160F28F7BBF2001705BC /* XCTestCase+MemoryLeakTracking.swift in Sources */,
			);
			runOnlyForDeploymentPostprocessing = 0;
		};
		CED148CC28E69F7500D37FB3 /* Sources */ = {
			isa = PBXSourcesBuildPhase;
			buildActionMask = 2147483647;
			files = (
				CE37D33728EFE809002F68FB /* FeedItemsMapper.swift in Sources */,
				CED148EB28E6A14300D37FB3 /* FeedLoader.swift in Sources */,
				CEA4163B28FB996D001705BC /* RemoteFeedItem.swift in Sources */,
				CE8D4ABB28EA5EB800131E63 /* RemoteFeedLoader.swift in Sources */,
				CEA4163D28FB99BF001705BC /* LocalFeedImage.swift in Sources */,
				CEA4163928FB8EA7001705BC /* FeedStore.swift in Sources */,
				CEA4163728FB8DF7001705BC /* LocalFeedLoader.swift in Sources */,
				CE37D33528EFE636002F68FB /* HTTPClient.swift in Sources */,
				CED148E928E69F9B00D37FB3 /* FeedImage.swift in Sources */,
				CEA4160028F7B156001705BC /* URLSessionHTTPClient.swift in Sources */,
			);
			runOnlyForDeploymentPostprocessing = 0;
		};
		CED148D428E69F7600D37FB3 /* Sources */ = {
			isa = PBXSourcesBuildPhase;
			buildActionMask = 2147483647;
			files = (
				CEA4164628FC6022001705BC /* FeedCacheTestHelpers.swift in Sources */,
				CEA4164828FC6115001705BC /* ShatedTestHelpers.swift in Sources */,
				CEA4164428FC5948001705BC /* ValidateFeedCacheUseCaseTests.swift in Sources */,
				CED148EE28E6A50800D37FB3 /* LoadFeedFromRemoteUseCaseTests.swift in Sources */,
				CE37D33A28F0B85C002F68FB /* URLSessionHTTPClientTests.swift in Sources */,
				CEA4164228FBA775001705BC /* FeedStoreSpy.swift in Sources */,
				CEA4163428FB705B001705BC /* CacheFeedUseCaseTests.swift in Sources */,
				CEA4163F28FBA41B001705BC /* LoadFeedFromCacheUseCaseTests.swift in Sources */,
				CEA415FE28F79348001705BC /* XCTestCase+MemoryLeakTracking.swift in Sources */,
			);
			runOnlyForDeploymentPostprocessing = 0;
		};
/* End PBXSourcesBuildPhase section */

/* Begin PBXTargetDependency section */
		CEA4160B28F7B5E0001705BC /* PBXTargetDependency */ = {
			isa = PBXTargetDependency;
			target = CED148CF28E69F7500D37FB3 /* EssentialFeed */;
			targetProxy = CEA4160A28F7B5E0001705BC /* PBXContainerItemProxy */;
		};
		CED148DB28E69F7600D37FB3 /* PBXTargetDependency */ = {
			isa = PBXTargetDependency;
			target = CED148CF28E69F7500D37FB3 /* EssentialFeed */;
			targetProxy = CED148DA28E69F7600D37FB3 /* PBXContainerItemProxy */;
		};
/* End PBXTargetDependency section */

/* Begin XCBuildConfiguration section */
		CEA4160D28F7B5E0001705BC /* Debug */ = {
			isa = XCBuildConfiguration;
			buildSettings = {
				CODE_SIGN_STYLE = Automatic;
				CURRENT_PROJECT_VERSION = 1;
				GENERATE_INFOPLIST_FILE = YES;
				MARKETING_VERSION = 1.0;
				PRODUCT_BUNDLE_IDENTIFIER = sales.mentor.nnt.com.EssentialFeedAPIEndToEndTests;
				PRODUCT_NAME = "$(TARGET_NAME)";
				SWIFT_EMIT_LOC_STRINGS = NO;
				SWIFT_VERSION = 5.0;
			};
			name = Debug;
		};
		CEA4160E28F7B5E0001705BC /* Release */ = {
			isa = XCBuildConfiguration;
			buildSettings = {
				CODE_SIGN_STYLE = Automatic;
				CURRENT_PROJECT_VERSION = 1;
				GENERATE_INFOPLIST_FILE = YES;
				MARKETING_VERSION = 1.0;
				PRODUCT_BUNDLE_IDENTIFIER = sales.mentor.nnt.com.EssentialFeedAPIEndToEndTests;
				PRODUCT_NAME = "$(TARGET_NAME)";
				SWIFT_EMIT_LOC_STRINGS = NO;
				SWIFT_VERSION = 5.0;
			};
			name = Release;
		};
		CED148E028E69F7600D37FB3 /* Debug */ = {
			isa = XCBuildConfiguration;
			buildSettings = {
				ALWAYS_SEARCH_USER_PATHS = NO;
				CLANG_ANALYZER_NONNULL = YES;
				CLANG_ANALYZER_NUMBER_OBJECT_CONVERSION = YES_AGGRESSIVE;
				CLANG_CXX_LANGUAGE_STANDARD = "gnu++20";
				CLANG_ENABLE_MODULES = YES;
				CLANG_ENABLE_OBJC_ARC = YES;
				CLANG_ENABLE_OBJC_WEAK = YES;
				CLANG_WARN_BLOCK_CAPTURE_AUTORELEASING = YES;
				CLANG_WARN_BOOL_CONVERSION = YES;
				CLANG_WARN_COMMA = YES;
				CLANG_WARN_CONSTANT_CONVERSION = YES;
				CLANG_WARN_DEPRECATED_OBJC_IMPLEMENTATIONS = YES;
				CLANG_WARN_DIRECT_OBJC_ISA_USAGE = YES_ERROR;
				CLANG_WARN_DOCUMENTATION_COMMENTS = YES;
				CLANG_WARN_EMPTY_BODY = YES;
				CLANG_WARN_ENUM_CONVERSION = YES;
				CLANG_WARN_INFINITE_RECURSION = YES;
				CLANG_WARN_INT_CONVERSION = YES;
				CLANG_WARN_NON_LITERAL_NULL_CONVERSION = YES;
				CLANG_WARN_OBJC_IMPLICIT_RETAIN_SELF = YES;
				CLANG_WARN_OBJC_LITERAL_CONVERSION = YES;
				CLANG_WARN_OBJC_ROOT_CLASS = YES_ERROR;
				CLANG_WARN_QUOTED_INCLUDE_IN_FRAMEWORK_HEADER = YES;
				CLANG_WARN_RANGE_LOOP_ANALYSIS = YES;
				CLANG_WARN_STRICT_PROTOTYPES = YES;
				CLANG_WARN_SUSPICIOUS_MOVE = YES;
				CLANG_WARN_UNGUARDED_AVAILABILITY = YES_AGGRESSIVE;
				CLANG_WARN_UNREACHABLE_CODE = YES;
				CLANG_WARN__DUPLICATE_METHOD_MATCH = YES;
				COPY_PHASE_STRIP = NO;
				CURRENT_PROJECT_VERSION = 1;
				DEBUG_INFORMATION_FORMAT = dwarf;
				ENABLE_STRICT_OBJC_MSGSEND = YES;
				ENABLE_TESTABILITY = YES;
				GCC_C_LANGUAGE_STANDARD = gnu11;
				GCC_DYNAMIC_NO_PIC = NO;
				GCC_NO_COMMON_BLOCKS = YES;
				GCC_OPTIMIZATION_LEVEL = 0;
				GCC_PREPROCESSOR_DEFINITIONS = (
					"DEBUG=1",
					"$(inherited)",
				);
				GCC_WARN_64_TO_32_BIT_CONVERSION = YES;
				GCC_WARN_ABOUT_RETURN_TYPE = YES_ERROR;
				GCC_WARN_UNDECLARED_SELECTOR = YES;
				GCC_WARN_UNINITIALIZED_AUTOS = YES_AGGRESSIVE;
				GCC_WARN_UNUSED_FUNCTION = YES;
				GCC_WARN_UNUSED_VARIABLE = YES;
				MACOSX_DEPLOYMENT_TARGET = 11.0;
				MTL_ENABLE_DEBUG_INFO = INCLUDE_SOURCE;
				MTL_FAST_MATH = YES;
				ONLY_ACTIVE_ARCH = YES;
				SDKROOT = macosx;
				SWIFT_ACTIVE_COMPILATION_CONDITIONS = DEBUG;
				SWIFT_OPTIMIZATION_LEVEL = "-Onone";
				VERSIONING_SYSTEM = "apple-generic";
				VERSION_INFO_PREFIX = "";
			};
			name = Debug;
		};
		CED148E128E69F7600D37FB3 /* Release */ = {
			isa = XCBuildConfiguration;
			buildSettings = {
				ALWAYS_SEARCH_USER_PATHS = NO;
				CLANG_ANALYZER_NONNULL = YES;
				CLANG_ANALYZER_NUMBER_OBJECT_CONVERSION = YES_AGGRESSIVE;
				CLANG_CXX_LANGUAGE_STANDARD = "gnu++20";
				CLANG_ENABLE_MODULES = YES;
				CLANG_ENABLE_OBJC_ARC = YES;
				CLANG_ENABLE_OBJC_WEAK = YES;
				CLANG_WARN_BLOCK_CAPTURE_AUTORELEASING = YES;
				CLANG_WARN_BOOL_CONVERSION = YES;
				CLANG_WARN_COMMA = YES;
				CLANG_WARN_CONSTANT_CONVERSION = YES;
				CLANG_WARN_DEPRECATED_OBJC_IMPLEMENTATIONS = YES;
				CLANG_WARN_DIRECT_OBJC_ISA_USAGE = YES_ERROR;
				CLANG_WARN_DOCUMENTATION_COMMENTS = YES;
				CLANG_WARN_EMPTY_BODY = YES;
				CLANG_WARN_ENUM_CONVERSION = YES;
				CLANG_WARN_INFINITE_RECURSION = YES;
				CLANG_WARN_INT_CONVERSION = YES;
				CLANG_WARN_NON_LITERAL_NULL_CONVERSION = YES;
				CLANG_WARN_OBJC_IMPLICIT_RETAIN_SELF = YES;
				CLANG_WARN_OBJC_LITERAL_CONVERSION = YES;
				CLANG_WARN_OBJC_ROOT_CLASS = YES_ERROR;
				CLANG_WARN_QUOTED_INCLUDE_IN_FRAMEWORK_HEADER = YES;
				CLANG_WARN_RANGE_LOOP_ANALYSIS = YES;
				CLANG_WARN_STRICT_PROTOTYPES = YES;
				CLANG_WARN_SUSPICIOUS_MOVE = YES;
				CLANG_WARN_UNGUARDED_AVAILABILITY = YES_AGGRESSIVE;
				CLANG_WARN_UNREACHABLE_CODE = YES;
				CLANG_WARN__DUPLICATE_METHOD_MATCH = YES;
				COPY_PHASE_STRIP = NO;
				CURRENT_PROJECT_VERSION = 1;
				DEBUG_INFORMATION_FORMAT = "dwarf-with-dsym";
				ENABLE_NS_ASSERTIONS = NO;
				ENABLE_STRICT_OBJC_MSGSEND = YES;
				GCC_C_LANGUAGE_STANDARD = gnu11;
				GCC_NO_COMMON_BLOCKS = YES;
				GCC_WARN_64_TO_32_BIT_CONVERSION = YES;
				GCC_WARN_ABOUT_RETURN_TYPE = YES_ERROR;
				GCC_WARN_UNDECLARED_SELECTOR = YES;
				GCC_WARN_UNINITIALIZED_AUTOS = YES_AGGRESSIVE;
				GCC_WARN_UNUSED_FUNCTION = YES;
				GCC_WARN_UNUSED_VARIABLE = YES;
				MACOSX_DEPLOYMENT_TARGET = 11.0;
				MTL_ENABLE_DEBUG_INFO = NO;
				MTL_FAST_MATH = YES;
				SDKROOT = macosx;
				SWIFT_COMPILATION_MODE = wholemodule;
				SWIFT_OPTIMIZATION_LEVEL = "-O";
				VERSIONING_SYSTEM = "apple-generic";
				VERSION_INFO_PREFIX = "";
			};
			name = Release;
		};
		CED148E328E69F7600D37FB3 /* Debug */ = {
			isa = XCBuildConfiguration;
			buildSettings = {
				CLANG_ENABLE_MODULES = YES;
				CODE_SIGN_STYLE = Automatic;
				COMBINE_HIDPI_IMAGES = YES;
				CURRENT_PROJECT_VERSION = 1;
				DEFINES_MODULE = YES;
				DYLIB_COMPATIBILITY_VERSION = 1;
				DYLIB_CURRENT_VERSION = 1;
				DYLIB_INSTALL_NAME_BASE = "@rpath";
				GENERATE_INFOPLIST_FILE = YES;
				INFOPLIST_KEY_NSHumanReadableCopyright = "";
				INSTALL_PATH = "$(LOCAL_LIBRARY_DIR)/Frameworks";
				LD_RUNPATH_SEARCH_PATHS = (
					"$(inherited)",
					"@executable_path/../Frameworks",
					"@loader_path/Frameworks",
				);
				MARKETING_VERSION = 1.0;
				PRODUCT_BUNDLE_IDENTIFIER = sales.mentor.nnt.com.EssentialFeed;
				PRODUCT_NAME = "$(TARGET_NAME:c99extidentifier)";
				SKIP_INSTALL = YES;
				SWIFT_EMIT_LOC_STRINGS = YES;
				SWIFT_OPTIMIZATION_LEVEL = "-Onone";
				SWIFT_VERSION = 5.0;
			};
			name = Debug;
		};
		CED148E428E69F7600D37FB3 /* Release */ = {
			isa = XCBuildConfiguration;
			buildSettings = {
				CLANG_ENABLE_MODULES = YES;
				CODE_SIGN_STYLE = Automatic;
				COMBINE_HIDPI_IMAGES = YES;
				CURRENT_PROJECT_VERSION = 1;
				DEFINES_MODULE = YES;
				DYLIB_COMPATIBILITY_VERSION = 1;
				DYLIB_CURRENT_VERSION = 1;
				DYLIB_INSTALL_NAME_BASE = "@rpath";
				GENERATE_INFOPLIST_FILE = YES;
				INFOPLIST_KEY_NSHumanReadableCopyright = "";
				INSTALL_PATH = "$(LOCAL_LIBRARY_DIR)/Frameworks";
				LD_RUNPATH_SEARCH_PATHS = (
					"$(inherited)",
					"@executable_path/../Frameworks",
					"@loader_path/Frameworks",
				);
				MARKETING_VERSION = 1.0;
				PRODUCT_BUNDLE_IDENTIFIER = sales.mentor.nnt.com.EssentialFeed;
				PRODUCT_NAME = "$(TARGET_NAME:c99extidentifier)";
				SKIP_INSTALL = YES;
				SWIFT_EMIT_LOC_STRINGS = YES;
				SWIFT_VERSION = 5.0;
			};
			name = Release;
		};
		CED148E628E69F7600D37FB3 /* Debug */ = {
			isa = XCBuildConfiguration;
			buildSettings = {
				ALWAYS_EMBED_SWIFT_STANDARD_LIBRARIES = YES;
				CODE_SIGN_STYLE = Automatic;
				CURRENT_PROJECT_VERSION = 1;
				GENERATE_INFOPLIST_FILE = YES;
				MARKETING_VERSION = 1.0;
				PRODUCT_BUNDLE_IDENTIFIER = sales.mentor.nnt.com.EssentialFeedTests;
				PRODUCT_NAME = "$(TARGET_NAME)";
				SWIFT_EMIT_LOC_STRINGS = NO;
				SWIFT_VERSION = 5.0;
			};
			name = Debug;
		};
		CED148E728E69F7600D37FB3 /* Release */ = {
			isa = XCBuildConfiguration;
			buildSettings = {
				ALWAYS_EMBED_SWIFT_STANDARD_LIBRARIES = YES;
				CODE_SIGN_STYLE = Automatic;
				CURRENT_PROJECT_VERSION = 1;
				GENERATE_INFOPLIST_FILE = YES;
				MARKETING_VERSION = 1.0;
				PRODUCT_BUNDLE_IDENTIFIER = sales.mentor.nnt.com.EssentialFeedTests;
				PRODUCT_NAME = "$(TARGET_NAME)";
				SWIFT_EMIT_LOC_STRINGS = NO;
				SWIFT_VERSION = 5.0;
			};
			name = Release;
		};
/* End XCBuildConfiguration section */

/* Begin XCConfigurationList section */
		CEA4160C28F7B5E0001705BC /* Build configuration list for PBXNativeTarget "EssentialFeedAPIEndToEndTests" */ = {
			isa = XCConfigurationList;
			buildConfigurations = (
				CEA4160D28F7B5E0001705BC /* Debug */,
				CEA4160E28F7B5E0001705BC /* Release */,
			);
			defaultConfigurationIsVisible = 0;
			defaultConfigurationName = Release;
		};
		CED148CA28E69F7500D37FB3 /* Build configuration list for PBXProject "EssentialFeed" */ = {
			isa = XCConfigurationList;
			buildConfigurations = (
				CED148E028E69F7600D37FB3 /* Debug */,
				CED148E128E69F7600D37FB3 /* Release */,
			);
			defaultConfigurationIsVisible = 0;
			defaultConfigurationName = Release;
		};
		CED148E228E69F7600D37FB3 /* Build configuration list for PBXNativeTarget "EssentialFeed" */ = {
			isa = XCConfigurationList;
			buildConfigurations = (
				CED148E328E69F7600D37FB3 /* Debug */,
				CED148E428E69F7600D37FB3 /* Release */,
			);
			defaultConfigurationIsVisible = 0;
			defaultConfigurationName = Release;
		};
		CED148E528E69F7600D37FB3 /* Build configuration list for PBXNativeTarget "EssentialFeedTests" */ = {
			isa = XCConfigurationList;
			buildConfigurations = (
				CED148E628E69F7600D37FB3 /* Debug */,
				CED148E728E69F7600D37FB3 /* Release */,
			);
			defaultConfigurationIsVisible = 0;
			defaultConfigurationName = Release;
		};
/* End XCConfigurationList section */
	};
	rootObject = CED148C728E69F7500D37FB3 /* Project object */;
}
