// !$*UTF8*$!
{
	archiveVersion = 1;
	classes = {
	};
	objectVersion = 56;
	objects = {

/* Begin PBXBuildFile section */
		CE37D33528EFE636002F68FB /* HTTPClient.swift in Sources */ = {isa = PBXBuildFile; fileRef = CE37D33428EFE636002F68FB /* HTTPClient.swift */; };
		CE37D33A28F0B85C002F68FB /* URLSessionHTTPClientTests.swift in Sources */ = {isa = PBXBuildFile; fileRef = CE37D33928F0B85C002F68FB /* URLSessionHTTPClientTests.swift */; };
		CE68BA8D29F9ED9400E148EC /* CoreDataFeedStore.swift in Sources */ = {isa = PBXBuildFile; fileRef = CE68BA8C29F9ED9400E148EC /* CoreDataFeedStore.swift */; };
		CE68BA8F29F9EDAE00E148EC /* CoreDataHelpers.swift in Sources */ = {isa = PBXBuildFile; fileRef = CE68BA8E29F9EDAE00E148EC /* CoreDataHelpers.swift */; };
		CE68BA9429F9EE1800E148EC /* ManagedCache.swift in Sources */ = {isa = PBXBuildFile; fileRef = CE68BA9329F9EE1800E148EC /* ManagedCache.swift */; };
		CE68BA9629F9EE4200E148EC /* ManagedFeedImage.swift in Sources */ = {isa = PBXBuildFile; fileRef = CE68BA9529F9EE4200E148EC /* ManagedFeedImage.swift */; };
		CE6F563A29F9D3D7001040C2 /* SharedTestHelpers.swift in Sources */ = {isa = PBXBuildFile; fileRef = CE6F563929F9D3D7001040C2 /* SharedTestHelpers.swift */; };
		CEA415FE28F79348001705BC /* XCTestCase+MemoryLeakTracking.swift in Sources */ = {isa = PBXBuildFile; fileRef = CEA415FD28F79348001705BC /* XCTestCase+MemoryLeakTracking.swift */; };
		CEA4160028F7B156001705BC /* URLSessionHTTPClient.swift in Sources */ = {isa = PBXBuildFile; fileRef = CEA415FF28F7B156001705BC /* URLSessionHTTPClient.swift */; };
		CEA4160828F7B5E0001705BC /* EssentialFeedAPIEndToEndTests.swift in Sources */ = {isa = PBXBuildFile; fileRef = CEA4160728F7B5E0001705BC /* EssentialFeedAPIEndToEndTests.swift */; };
		CEA4160928F7B5E0001705BC /* EssentialFeed.framework in Frameworks */ = {isa = PBXBuildFile; fileRef = CED148D028E69F7500D37FB3 /* EssentialFeed.framework */; };
		CEA4160F28F7BBF2001705BC /* XCTestCase+MemoryLeakTracking.swift in Sources */ = {isa = PBXBuildFile; fileRef = CEA415FD28F79348001705BC /* XCTestCase+MemoryLeakTracking.swift */; };
		CEC1327429F9EFF100C8D88C /* EssentialFeedCacheIntegrationTests.swift in Sources */ = {isa = PBXBuildFile; fileRef = CEC1327329F9EFF100C8D88C /* EssentialFeedCacheIntegrationTests.swift */; };
		CEC1327529F9EFF100C8D88C /* EssentialFeed.framework in Frameworks */ = {isa = PBXBuildFile; fileRef = CED148D028E69F7500D37FB3 /* EssentialFeed.framework */; };
		CEC1327C29F9F0C800C8D88C /* SharedTestHelpers.swift in Sources */ = {isa = PBXBuildFile; fileRef = CE6F563929F9D3D7001040C2 /* SharedTestHelpers.swift */; };
		CEC1327D29F9F0CC00C8D88C /* XCTestCase+MemoryLeakTracking.swift in Sources */ = {isa = PBXBuildFile; fileRef = CEA415FD28F79348001705BC /* XCTestCase+MemoryLeakTracking.swift */; };
		CEC1327E29F9F0D000C8D88C /* SharedTestHelpers.swift in Sources */ = {isa = PBXBuildFile; fileRef = CE6F563929F9D3D7001040C2 /* SharedTestHelpers.swift */; };
		CEC132DC29FA0C3300C8D88C /* LoadResourcePresenter.swift in Sources */ = {isa = PBXBuildFile; fileRef = CEC132DB29FA0C3300C8D88C /* LoadResourcePresenter.swift */; };
		CEC132DE29FA0C4F00C8D88C /* ResourceErrorView.swift in Sources */ = {isa = PBXBuildFile; fileRef = CEC132DD29FA0C4F00C8D88C /* ResourceErrorView.swift */; };
		CEC132E029FA0C5C00C8D88C /* ResourceErrorViewModel.swift in Sources */ = {isa = PBXBuildFile; fileRef = CEC132DF29FA0C5C00C8D88C /* ResourceErrorViewModel.swift */; };
		CEC132E229FA0C7300C8D88C /* ResourceLoadingView.swift in Sources */ = {isa = PBXBuildFile; fileRef = CEC132E129FA0C7300C8D88C /* ResourceLoadingView.swift */; };
		CEC132E429FA0C8900C8D88C /* ResourceLoadingViewModel.swift in Sources */ = {isa = PBXBuildFile; fileRef = CEC132E329FA0C8900C8D88C /* ResourceLoadingViewModel.swift */; };
		CEC132E729FA0CE800C8D88C /* Shared.strings in Resources */ = {isa = PBXBuildFile; fileRef = CEC132E929FA0CE800C8D88C /* Shared.strings */; };
		CEC132F129FA0E0500C8D88C /* URLProtocolStub.swift in Sources */ = {isa = PBXBuildFile; fileRef = CEC132F029FA0E0500C8D88C /* URLProtocolStub.swift */; };
		CEC132F329FA0E3700C8D88C /* LoadResourcePresenterTests.swift in Sources */ = {isa = PBXBuildFile; fileRef = CEC132F229FA0E3700C8D88C /* LoadResourcePresenterTests.swift */; };
		CEC132F529FA0E4F00C8D88C /* SharedLocalizationTests.swift in Sources */ = {isa = PBXBuildFile; fileRef = CEC132F429FA0E4F00C8D88C /* SharedLocalizationTests.swift */; };
		CEC132F729FA0FA800C8D88C /* SharedLocalizationTestHelpers.swift in Sources */ = {isa = PBXBuildFile; fileRef = CEC132F629FA0FA800C8D88C /* SharedLocalizationTestHelpers.swift */; };
		CEC132FD29FA107700C8D88C /* FeedEndpointTests.swift in Sources */ = {isa = PBXBuildFile; fileRef = CEC132FC29FA107700C8D88C /* FeedEndpointTests.swift */; };
		CEC132FF29FA108F00C8D88C /* FeedImageDataMapperTests.swift in Sources */ = {isa = PBXBuildFile; fileRef = CEC132FE29FA108F00C8D88C /* FeedImageDataMapperTests.swift */; };
		CEC1330129FA10A600C8D88C /* FeedItemsMapperTests.swift in Sources */ = {isa = PBXBuildFile; fileRef = CEC1330029FA10A600C8D88C /* FeedItemsMapperTests.swift */; };
		CEC1330429FA10E100C8D88C /* HTTPURLResponse+StatusCode.swift in Sources */ = {isa = PBXBuildFile; fileRef = CEC1330329FA10E100C8D88C /* HTTPURLResponse+StatusCode.swift */; };
		CEC1330629FA10F400C8D88C /* FeedEndpoint.swift in Sources */ = {isa = PBXBuildFile; fileRef = CEC1330529FA10F400C8D88C /* FeedEndpoint.swift */; };
		CEC1330829FA110400C8D88C /* FeedImageDataMapper.swift in Sources */ = {isa = PBXBuildFile; fileRef = CEC1330729FA110400C8D88C /* FeedImageDataMapper.swift */; };
		CEC1330A29FA112200C8D88C /* FeedItemsMapper.swift in Sources */ = {isa = PBXBuildFile; fileRef = CEC1330929FA112200C8D88C /* FeedItemsMapper.swift */; };
		CEC1330C29FA116600C8D88C /* FeedImageDataStore.swift in Sources */ = {isa = PBXBuildFile; fileRef = CEC1330B29FA116600C8D88C /* FeedImageDataStore.swift */; };
		CEC1330E29FA122100C8D88C /* FeedCache.swift in Sources */ = {isa = PBXBuildFile; fileRef = CEC1330D29FA122100C8D88C /* FeedCache.swift */; };
		CEC1331029FA122C00C8D88C /* FeedImage.swift in Sources */ = {isa = PBXBuildFile; fileRef = CEC1330F29FA122C00C8D88C /* FeedImage.swift */; };
		CEC1331229FA124100C8D88C /* FeedImageDataCache.swift in Sources */ = {isa = PBXBuildFile; fileRef = CEC1331129FA124100C8D88C /* FeedImageDataCache.swift */; };
		CEC1331429FA125A00C8D88C /* FeedImageDataLoader.swift in Sources */ = {isa = PBXBuildFile; fileRef = CEC1331329FA125A00C8D88C /* FeedImageDataLoader.swift */; };
		CEC1331629FA129500C8D88C /* FeedImagePresenter.swift in Sources */ = {isa = PBXBuildFile; fileRef = CEC1331529FA129500C8D88C /* FeedImagePresenter.swift */; };
		CEC1331829FA12A500C8D88C /* FeedImageViewModel.swift in Sources */ = {isa = PBXBuildFile; fileRef = CEC1331729FA12A500C8D88C /* FeedImageViewModel.swift */; };
		CEC1331A29FA12B500C8D88C /* FeedPresenter.swift in Sources */ = {isa = PBXBuildFile; fileRef = CEC1331929FA12B500C8D88C /* FeedPresenter.swift */; };
		CEC1331C29FA12C500C8D88C /* FeedViewModel.swift in Sources */ = {isa = PBXBuildFile; fileRef = CEC1331B29FA12C500C8D88C /* FeedViewModel.swift */; };
		CEC1331E29FA131600C8D88C /* LocalFeedImageDataLoader.swift in Sources */ = {isa = PBXBuildFile; fileRef = CEC1331D29FA131600C8D88C /* LocalFeedImageDataLoader.swift */; };
		CEC1332029FA136200C8D88C /* CoreDataFeedStore+FeedImageDataLoader.swift in Sources */ = {isa = PBXBuildFile; fileRef = CEC1331F29FA136200C8D88C /* CoreDataFeedStore+FeedImageDataLoader.swift */; };
		CEC1332229FA140700C8D88C /* CoreDataFeedStore+FeedStore.swift in Sources */ = {isa = PBXBuildFile; fileRef = CEC1332129FA140700C8D88C /* CoreDataFeedStore+FeedStore.swift */; };
		CEC1333729FA1F4C00C8D88C /* LoadFeedFromCacheUseCaseTests.swift in Sources */ = {isa = PBXBuildFile; fileRef = CEC1332629FA1F4B00C8D88C /* LoadFeedFromCacheUseCaseTests.swift */; };
		CEC1333829FA1F4C00C8D88C /* LoadFeedImageDataFromCacheUseCaseTests.swift in Sources */ = {isa = PBXBuildFile; fileRef = CEC1332729FA1F4B00C8D88C /* LoadFeedImageDataFromCacheUseCaseTests.swift */; };
		CEC1333929FA1F4C00C8D88C /* ValidateFeedCacheUseCaseTests.swift in Sources */ = {isa = PBXBuildFile; fileRef = CEC1332829FA1F4C00C8D88C /* ValidateFeedCacheUseCaseTests.swift */; };
		CEC1333A29FA1F4C00C8D88C /* CacheFeedUseCaseTests.swift in Sources */ = {isa = PBXBuildFile; fileRef = CEC1332929FA1F4C00C8D88C /* CacheFeedUseCaseTests.swift */; };
		CEC1333B29FA1F4C00C8D88C /* CoreDataFeedStoreTests.swift in Sources */ = {isa = PBXBuildFile; fileRef = CEC1332A29FA1F4C00C8D88C /* CoreDataFeedStoreTests.swift */; };
		CEC1333C29FA1F4C00C8D88C /* XCTestCase+FeedStoreSpecs.swift in Sources */ = {isa = PBXBuildFile; fileRef = CEC1332C29FA1F4C00C8D88C /* XCTestCase+FeedStoreSpecs.swift */; };
		CEC1333D29FA1F4C00C8D88C /* FeedStoreSpecs.swift in Sources */ = {isa = PBXBuildFile; fileRef = CEC1332D29FA1F4C00C8D88C /* FeedStoreSpecs.swift */; };
		CEC1333E29FA1F4C00C8D88C /* XCTestCase+FailableRetrieveFeedStoreSpecs.swift in Sources */ = {isa = PBXBuildFile; fileRef = CEC1332E29FA1F4C00C8D88C /* XCTestCase+FailableRetrieveFeedStoreSpecs.swift */; };
		CEC1333F29FA1F4C00C8D88C /* XCTestCase+FailableDeleteFeedStoreSpecs.swift in Sources */ = {isa = PBXBuildFile; fileRef = CEC1332F29FA1F4C00C8D88C /* XCTestCase+FailableDeleteFeedStoreSpecs.swift */; };
		CEC1334029FA1F4C00C8D88C /* XCTestCase+FailableInsertFeedStoreSpecs.swift in Sources */ = {isa = PBXBuildFile; fileRef = CEC1333029FA1F4C00C8D88C /* XCTestCase+FailableInsertFeedStoreSpecs.swift */; };
		CEC1334129FA1F4C00C8D88C /* FeedStoreSpy.swift in Sources */ = {isa = PBXBuildFile; fileRef = CEC1333229FA1F4C00C8D88C /* FeedStoreSpy.swift */; };
		CEC1334229FA1F4C00C8D88C /* FeedImageDataStoreSpy.swift in Sources */ = {isa = PBXBuildFile; fileRef = CEC1333329FA1F4C00C8D88C /* FeedImageDataStoreSpy.swift */; };
		CEC1334329FA1F4C00C8D88C /* FeedCacheTestHelpers.swift in Sources */ = {isa = PBXBuildFile; fileRef = CEC1333429FA1F4C00C8D88C /* FeedCacheTestHelpers.swift */; };
		CEC1334429FA1F4C00C8D88C /* CacheFeedImageDataUseCaseTests.swift in Sources */ = {isa = PBXBuildFile; fileRef = CEC1333529FA1F4C00C8D88C /* CacheFeedImageDataUseCaseTests.swift */; };
		CEC1334529FA1F4C00C8D88C /* CoreDataFeedImageDataStoreTests.swift in Sources */ = {isa = PBXBuildFile; fileRef = CEC1333629FA1F4C00C8D88C /* CoreDataFeedImageDataStoreTests.swift */; };
		CEC3A2EA29F9DCBD00DCC041 /* FeedCachePolicy.swift in Sources */ = {isa = PBXBuildFile; fileRef = CEC3A2E929F9DCBD00DCC041 /* FeedCachePolicy.swift */; };
		CECA16A029FA208E00D3BBB9 /* FeedStore.xcdatamodeld in Sources */ = {isa = PBXBuildFile; fileRef = CECA169E29FA208E00D3BBB9 /* FeedStore.xcdatamodeld */; };
		CECA16A429FA212000D3BBB9 /* FeedPresenterTests.swift in Sources */ = {isa = PBXBuildFile; fileRef = CECA16A129FA212000D3BBB9 /* FeedPresenterTests.swift */; };
		CECA16A529FA212000D3BBB9 /* FeedLocalizationTests.swift in Sources */ = {isa = PBXBuildFile; fileRef = CECA16A229FA212000D3BBB9 /* FeedLocalizationTests.swift */; };
		CECA16A629FA212000D3BBB9 /* FeedImagePresenterTests.swift in Sources */ = {isa = PBXBuildFile; fileRef = CECA16A329FA212000D3BBB9 /* FeedImagePresenterTests.swift */; };
		CECA16B529FA215D00D3BBB9 /* Feed.strings in Resources */ = {isa = PBXBuildFile; fileRef = CECA16B729FA215D00D3BBB9 /* Feed.strings */; };
		CECA16C129FA21BE00D3BBB9 /* ImageCommentsMapperTests.swift in Sources */ = {isa = PBXBuildFile; fileRef = CECA16BC29FA21BE00D3BBB9 /* ImageCommentsMapperTests.swift */; };
		CECA16C229FA21BE00D3BBB9 /* ImageCommentsEndpointTests.swift in Sources */ = {isa = PBXBuildFile; fileRef = CECA16BD29FA21BE00D3BBB9 /* ImageCommentsEndpointTests.swift */; };
		CECA16C329FA21BE00D3BBB9 /* ImageCommentsLocalizationTests.swift in Sources */ = {isa = PBXBuildFile; fileRef = CECA16BF29FA21BE00D3BBB9 /* ImageCommentsLocalizationTests.swift */; };
		CECA16C429FA21BE00D3BBB9 /* ImageCommentsPresenterTests.swift in Sources */ = {isa = PBXBuildFile; fileRef = CECA16C029FA21BE00D3BBB9 /* ImageCommentsPresenterTests.swift */; };
		CECA16D229FA21F000D3BBB9 /* ImageCommentsMapper.swift in Sources */ = {isa = PBXBuildFile; fileRef = CECA16C729FA21F000D3BBB9 /* ImageCommentsMapper.swift */; };
		CECA16D329FA21F000D3BBB9 /* ImageCommentsEndpoint.swift in Sources */ = {isa = PBXBuildFile; fileRef = CECA16C829FA21F000D3BBB9 /* ImageCommentsEndpoint.swift */; };
		CECA16D429FA21F000D3BBB9 /* ImageComments.swift in Sources */ = {isa = PBXBuildFile; fileRef = CECA16CA29FA21F000D3BBB9 /* ImageComments.swift */; };
		CECA16D529FA21F000D3BBB9 /* ImageComments.strings in Resources */ = {isa = PBXBuildFile; fileRef = CECA16CC29FA21F000D3BBB9 /* ImageComments.strings */; };
		CECA16D629FA21F000D3BBB9 /* ImageCommentsViewModel.swift in Sources */ = {isa = PBXBuildFile; fileRef = CECA16CF29FA21F000D3BBB9 /* ImageCommentsViewModel.swift */; };
		CECA16D729FA21F000D3BBB9 /* ImageCommentsPresenter.swift in Sources */ = {isa = PBXBuildFile; fileRef = CECA16D029FA21F000D3BBB9 /* ImageCommentsPresenter.swift */; };
		CED148D928E69F7600D37FB3 /* EssentialFeed.framework in Frameworks */ = {isa = PBXBuildFile; fileRef = CED148D028E69F7500D37FB3 /* EssentialFeed.framework */; };
		CEFFA58829F9C5A300A1EC64 /* FeedStore.swift in Sources */ = {isa = PBXBuildFile; fileRef = CEFFA58729F9C5A300A1EC64 /* FeedStore.swift */; };
		CEFFA58A29F9C5C500A1EC64 /* LocalFeedLoader.swift in Sources */ = {isa = PBXBuildFile; fileRef = CEFFA58929F9C5C500A1EC64 /* LocalFeedLoader.swift */; };
		CEFFA58E29F9C8DF00A1EC64 /* LocalFeedImage.swift in Sources */ = {isa = PBXBuildFile; fileRef = CEFFA58D29F9C8DF00A1EC64 /* LocalFeedImage.swift */; };
/* End PBXBuildFile section */

/* Begin PBXContainerItemProxy section */
		CEA4160A28F7B5E0001705BC /* PBXContainerItemProxy */ = {
			isa = PBXContainerItemProxy;
			containerPortal = CED148C728E69F7500D37FB3 /* Project object */;
			proxyType = 1;
			remoteGlobalIDString = CED148CF28E69F7500D37FB3;
			remoteInfo = EssentialFeed;
		};
		CEC1327629F9EFF100C8D88C /* PBXContainerItemProxy */ = {
			isa = PBXContainerItemProxy;
			containerPortal = CED148C728E69F7500D37FB3 /* Project object */;
			proxyType = 1;
			remoteGlobalIDString = CED148CF28E69F7500D37FB3;
			remoteInfo = EssentialFeed;
		};
		CED148DA28E69F7600D37FB3 /* PBXContainerItemProxy */ = {
			isa = PBXContainerItemProxy;
			containerPortal = CED148C728E69F7500D37FB3 /* Project object */;
			proxyType = 1;
			remoteGlobalIDString = CED148CF28E69F7500D37FB3;
			remoteInfo = EssentialFeed;
		};
/* End PBXContainerItemProxy section */

/* Begin PBXFileReference section */
		CE37D33428EFE636002F68FB /* HTTPClient.swift */ = {isa = PBXFileReference; lastKnownFileType = sourcecode.swift; path = HTTPClient.swift; sourceTree = "<group>"; };
		CE37D33928F0B85C002F68FB /* URLSessionHTTPClientTests.swift */ = {isa = PBXFileReference; lastKnownFileType = sourcecode.swift; path = URLSessionHTTPClientTests.swift; sourceTree = "<group>"; };
		CE68BA8C29F9ED9400E148EC /* CoreDataFeedStore.swift */ = {isa = PBXFileReference; lastKnownFileType = sourcecode.swift; path = CoreDataFeedStore.swift; sourceTree = "<group>"; };
		CE68BA8E29F9EDAE00E148EC /* CoreDataHelpers.swift */ = {isa = PBXFileReference; lastKnownFileType = sourcecode.swift; path = CoreDataHelpers.swift; sourceTree = "<group>"; };
		CE68BA9329F9EE1800E148EC /* ManagedCache.swift */ = {isa = PBXFileReference; lastKnownFileType = sourcecode.swift; path = ManagedCache.swift; sourceTree = "<group>"; };
		CE68BA9529F9EE4200E148EC /* ManagedFeedImage.swift */ = {isa = PBXFileReference; lastKnownFileType = sourcecode.swift; path = ManagedFeedImage.swift; sourceTree = "<group>"; };
		CE6F563929F9D3D7001040C2 /* SharedTestHelpers.swift */ = {isa = PBXFileReference; lastKnownFileType = sourcecode.swift; path = SharedTestHelpers.swift; sourceTree = "<group>"; };
		CEA415FD28F79348001705BC /* XCTestCase+MemoryLeakTracking.swift */ = {isa = PBXFileReference; lastKnownFileType = sourcecode.swift; path = "XCTestCase+MemoryLeakTracking.swift"; sourceTree = "<group>"; };
		CEA415FF28F7B156001705BC /* URLSessionHTTPClient.swift */ = {isa = PBXFileReference; lastKnownFileType = sourcecode.swift; path = URLSessionHTTPClient.swift; sourceTree = "<group>"; };
		CEA4160528F7B5E0001705BC /* EssentialFeedAPIEndToEndTests.xctest */ = {isa = PBXFileReference; explicitFileType = wrapper.cfbundle; includeInIndex = 0; path = EssentialFeedAPIEndToEndTests.xctest; sourceTree = BUILT_PRODUCTS_DIR; };
		CEA4160728F7B5E0001705BC /* EssentialFeedAPIEndToEndTests.swift */ = {isa = PBXFileReference; lastKnownFileType = sourcecode.swift; path = EssentialFeedAPIEndToEndTests.swift; sourceTree = "<group>"; };
		CEC1327129F9EFF100C8D88C /* EssentialFeedCacheIntegrationTests.xctest */ = {isa = PBXFileReference; explicitFileType = wrapper.cfbundle; includeInIndex = 0; path = EssentialFeedCacheIntegrationTests.xctest; sourceTree = BUILT_PRODUCTS_DIR; };
		CEC1327329F9EFF100C8D88C /* EssentialFeedCacheIntegrationTests.swift */ = {isa = PBXFileReference; lastKnownFileType = sourcecode.swift; path = EssentialFeedCacheIntegrationTests.swift; sourceTree = "<group>"; };
		CEC132DB29FA0C3300C8D88C /* LoadResourcePresenter.swift */ = {isa = PBXFileReference; lastKnownFileType = sourcecode.swift; path = LoadResourcePresenter.swift; sourceTree = "<group>"; };
		CEC132DD29FA0C4F00C8D88C /* ResourceErrorView.swift */ = {isa = PBXFileReference; lastKnownFileType = sourcecode.swift; path = ResourceErrorView.swift; sourceTree = "<group>"; };
		CEC132DF29FA0C5C00C8D88C /* ResourceErrorViewModel.swift */ = {isa = PBXFileReference; lastKnownFileType = sourcecode.swift; path = ResourceErrorViewModel.swift; sourceTree = "<group>"; };
		CEC132E129FA0C7300C8D88C /* ResourceLoadingView.swift */ = {isa = PBXFileReference; lastKnownFileType = sourcecode.swift; path = ResourceLoadingView.swift; sourceTree = "<group>"; };
		CEC132E329FA0C8900C8D88C /* ResourceLoadingViewModel.swift */ = {isa = PBXFileReference; lastKnownFileType = sourcecode.swift; path = ResourceLoadingViewModel.swift; sourceTree = "<group>"; };
		CEC132E829FA0CE800C8D88C /* en */ = {isa = PBXFileReference; lastKnownFileType = text.plist.strings; name = en; path = en.lproj/Shared.strings; sourceTree = "<group>"; };
		CEC132EA29FA0D6C00C8D88C /* pt-BR */ = {isa = PBXFileReference; lastKnownFileType = text.plist.strings; name = "pt-BR"; path = "pt-BR.lproj/Shared.strings"; sourceTree = "<group>"; };
		CEC132EB29FA0D7300C8D88C /* el */ = {isa = PBXFileReference; lastKnownFileType = text.plist.strings; name = el; path = el.lproj/Shared.strings; sourceTree = "<group>"; };
		CEC132F029FA0E0500C8D88C /* URLProtocolStub.swift */ = {isa = PBXFileReference; lastKnownFileType = sourcecode.swift; path = URLProtocolStub.swift; sourceTree = "<group>"; };
		CEC132F229FA0E3700C8D88C /* LoadResourcePresenterTests.swift */ = {isa = PBXFileReference; lastKnownFileType = sourcecode.swift; path = LoadResourcePresenterTests.swift; sourceTree = "<group>"; };
		CEC132F429FA0E4F00C8D88C /* SharedLocalizationTests.swift */ = {isa = PBXFileReference; lastKnownFileType = sourcecode.swift; path = SharedLocalizationTests.swift; sourceTree = "<group>"; };
		CEC132F629FA0FA800C8D88C /* SharedLocalizationTestHelpers.swift */ = {isa = PBXFileReference; lastKnownFileType = sourcecode.swift; path = SharedLocalizationTestHelpers.swift; sourceTree = "<group>"; };
		CEC132FC29FA107700C8D88C /* FeedEndpointTests.swift */ = {isa = PBXFileReference; lastKnownFileType = sourcecode.swift; path = FeedEndpointTests.swift; sourceTree = "<group>"; };
		CEC132FE29FA108F00C8D88C /* FeedImageDataMapperTests.swift */ = {isa = PBXFileReference; lastKnownFileType = sourcecode.swift; path = FeedImageDataMapperTests.swift; sourceTree = "<group>"; };
		CEC1330029FA10A600C8D88C /* FeedItemsMapperTests.swift */ = {isa = PBXFileReference; lastKnownFileType = sourcecode.swift; path = FeedItemsMapperTests.swift; sourceTree = "<group>"; };
		CEC1330329FA10E100C8D88C /* HTTPURLResponse+StatusCode.swift */ = {isa = PBXFileReference; lastKnownFileType = sourcecode.swift; path = "HTTPURLResponse+StatusCode.swift"; sourceTree = "<group>"; };
		CEC1330529FA10F400C8D88C /* FeedEndpoint.swift */ = {isa = PBXFileReference; lastKnownFileType = sourcecode.swift; path = FeedEndpoint.swift; sourceTree = "<group>"; };
		CEC1330729FA110400C8D88C /* FeedImageDataMapper.swift */ = {isa = PBXFileReference; lastKnownFileType = sourcecode.swift; path = FeedImageDataMapper.swift; sourceTree = "<group>"; };
		CEC1330929FA112200C8D88C /* FeedItemsMapper.swift */ = {isa = PBXFileReference; lastKnownFileType = sourcecode.swift; path = FeedItemsMapper.swift; sourceTree = "<group>"; };
		CEC1330B29FA116600C8D88C /* FeedImageDataStore.swift */ = {isa = PBXFileReference; lastKnownFileType = sourcecode.swift; path = FeedImageDataStore.swift; sourceTree = "<group>"; };
		CEC1330D29FA122100C8D88C /* FeedCache.swift */ = {isa = PBXFileReference; lastKnownFileType = sourcecode.swift; path = FeedCache.swift; sourceTree = "<group>"; };
		CEC1330F29FA122C00C8D88C /* FeedImage.swift */ = {isa = PBXFileReference; lastKnownFileType = sourcecode.swift; path = FeedImage.swift; sourceTree = "<group>"; };
		CEC1331129FA124100C8D88C /* FeedImageDataCache.swift */ = {isa = PBXFileReference; lastKnownFileType = sourcecode.swift; path = FeedImageDataCache.swift; sourceTree = "<group>"; };
		CEC1331329FA125A00C8D88C /* FeedImageDataLoader.swift */ = {isa = PBXFileReference; lastKnownFileType = sourcecode.swift; path = FeedImageDataLoader.swift; sourceTree = "<group>"; };
		CEC1331529FA129500C8D88C /* FeedImagePresenter.swift */ = {isa = PBXFileReference; lastKnownFileType = sourcecode.swift; path = FeedImagePresenter.swift; sourceTree = "<group>"; };
		CEC1331729FA12A500C8D88C /* FeedImageViewModel.swift */ = {isa = PBXFileReference; lastKnownFileType = sourcecode.swift; path = FeedImageViewModel.swift; sourceTree = "<group>"; };
		CEC1331929FA12B500C8D88C /* FeedPresenter.swift */ = {isa = PBXFileReference; lastKnownFileType = sourcecode.swift; path = FeedPresenter.swift; sourceTree = "<group>"; };
		CEC1331B29FA12C500C8D88C /* FeedViewModel.swift */ = {isa = PBXFileReference; lastKnownFileType = sourcecode.swift; path = FeedViewModel.swift; sourceTree = "<group>"; };
		CEC1331D29FA131600C8D88C /* LocalFeedImageDataLoader.swift */ = {isa = PBXFileReference; lastKnownFileType = sourcecode.swift; path = LocalFeedImageDataLoader.swift; sourceTree = "<group>"; };
		CEC1331F29FA136200C8D88C /* CoreDataFeedStore+FeedImageDataLoader.swift */ = {isa = PBXFileReference; lastKnownFileType = sourcecode.swift; path = "CoreDataFeedStore+FeedImageDataLoader.swift"; sourceTree = "<group>"; };
		CEC1332129FA140700C8D88C /* CoreDataFeedStore+FeedStore.swift */ = {isa = PBXFileReference; lastKnownFileType = sourcecode.swift; path = "CoreDataFeedStore+FeedStore.swift"; sourceTree = "<group>"; };
		CEC1332629FA1F4B00C8D88C /* LoadFeedFromCacheUseCaseTests.swift */ = {isa = PBXFileReference; fileEncoding = 4; lastKnownFileType = sourcecode.swift; path = LoadFeedFromCacheUseCaseTests.swift; sourceTree = "<group>"; };
		CEC1332729FA1F4B00C8D88C /* LoadFeedImageDataFromCacheUseCaseTests.swift */ = {isa = PBXFileReference; fileEncoding = 4; lastKnownFileType = sourcecode.swift; path = LoadFeedImageDataFromCacheUseCaseTests.swift; sourceTree = "<group>"; };
		CEC1332829FA1F4C00C8D88C /* ValidateFeedCacheUseCaseTests.swift */ = {isa = PBXFileReference; fileEncoding = 4; lastKnownFileType = sourcecode.swift; path = ValidateFeedCacheUseCaseTests.swift; sourceTree = "<group>"; };
		CEC1332929FA1F4C00C8D88C /* CacheFeedUseCaseTests.swift */ = {isa = PBXFileReference; fileEncoding = 4; lastKnownFileType = sourcecode.swift; path = CacheFeedUseCaseTests.swift; sourceTree = "<group>"; };
		CEC1332A29FA1F4C00C8D88C /* CoreDataFeedStoreTests.swift */ = {isa = PBXFileReference; fileEncoding = 4; lastKnownFileType = sourcecode.swift; path = CoreDataFeedStoreTests.swift; sourceTree = "<group>"; };
		CEC1332C29FA1F4C00C8D88C /* XCTestCase+FeedStoreSpecs.swift */ = {isa = PBXFileReference; fileEncoding = 4; lastKnownFileType = sourcecode.swift; path = "XCTestCase+FeedStoreSpecs.swift"; sourceTree = "<group>"; };
		CEC1332D29FA1F4C00C8D88C /* FeedStoreSpecs.swift */ = {isa = PBXFileReference; fileEncoding = 4; lastKnownFileType = sourcecode.swift; path = FeedStoreSpecs.swift; sourceTree = "<group>"; };
		CEC1332E29FA1F4C00C8D88C /* XCTestCase+FailableRetrieveFeedStoreSpecs.swift */ = {isa = PBXFileReference; fileEncoding = 4; lastKnownFileType = sourcecode.swift; path = "XCTestCase+FailableRetrieveFeedStoreSpecs.swift"; sourceTree = "<group>"; };
		CEC1332F29FA1F4C00C8D88C /* XCTestCase+FailableDeleteFeedStoreSpecs.swift */ = {isa = PBXFileReference; fileEncoding = 4; lastKnownFileType = sourcecode.swift; path = "XCTestCase+FailableDeleteFeedStoreSpecs.swift"; sourceTree = "<group>"; };
		CEC1333029FA1F4C00C8D88C /* XCTestCase+FailableInsertFeedStoreSpecs.swift */ = {isa = PBXFileReference; fileEncoding = 4; lastKnownFileType = sourcecode.swift; path = "XCTestCase+FailableInsertFeedStoreSpecs.swift"; sourceTree = "<group>"; };
		CEC1333229FA1F4C00C8D88C /* FeedStoreSpy.swift */ = {isa = PBXFileReference; fileEncoding = 4; lastKnownFileType = sourcecode.swift; path = FeedStoreSpy.swift; sourceTree = "<group>"; };
		CEC1333329FA1F4C00C8D88C /* FeedImageDataStoreSpy.swift */ = {isa = PBXFileReference; fileEncoding = 4; lastKnownFileType = sourcecode.swift; path = FeedImageDataStoreSpy.swift; sourceTree = "<group>"; };
		CEC1333429FA1F4C00C8D88C /* FeedCacheTestHelpers.swift */ = {isa = PBXFileReference; fileEncoding = 4; lastKnownFileType = sourcecode.swift; path = FeedCacheTestHelpers.swift; sourceTree = "<group>"; };
		CEC1333529FA1F4C00C8D88C /* CacheFeedImageDataUseCaseTests.swift */ = {isa = PBXFileReference; fileEncoding = 4; lastKnownFileType = sourcecode.swift; path = CacheFeedImageDataUseCaseTests.swift; sourceTree = "<group>"; };
		CEC1333629FA1F4C00C8D88C /* CoreDataFeedImageDataStoreTests.swift */ = {isa = PBXFileReference; fileEncoding = 4; lastKnownFileType = sourcecode.swift; path = CoreDataFeedImageDataStoreTests.swift; sourceTree = "<group>"; };
		CEC3A2E929F9DCBD00DCC041 /* FeedCachePolicy.swift */ = {isa = PBXFileReference; lastKnownFileType = sourcecode.swift; path = FeedCachePolicy.swift; sourceTree = "<group>"; };
		CECA169F29FA208E00D3BBB9 /* FeedStore.xcdatamodel */ = {isa = PBXFileReference; lastKnownFileType = wrapper.xcdatamodel; path = FeedStore.xcdatamodel; sourceTree = "<group>"; };
		CECA16A129FA212000D3BBB9 /* FeedPresenterTests.swift */ = {isa = PBXFileReference; fileEncoding = 4; lastKnownFileType = sourcecode.swift; path = FeedPresenterTests.swift; sourceTree = "<group>"; };
		CECA16A229FA212000D3BBB9 /* FeedLocalizationTests.swift */ = {isa = PBXFileReference; fileEncoding = 4; lastKnownFileType = sourcecode.swift; path = FeedLocalizationTests.swift; sourceTree = "<group>"; };
		CECA16A329FA212000D3BBB9 /* FeedImagePresenterTests.swift */ = {isa = PBXFileReference; fileEncoding = 4; lastKnownFileType = sourcecode.swift; path = FeedImagePresenterTests.swift; sourceTree = "<group>"; };
		CECA16B629FA215D00D3BBB9 /* en */ = {isa = PBXFileReference; lastKnownFileType = text.plist.strings; name = en; path = en.lproj/Feed.strings; sourceTree = "<group>"; };
		CECA16B829FA216100D3BBB9 /* el */ = {isa = PBXFileReference; lastKnownFileType = text.plist.strings; name = el; path = el.lproj/Feed.strings; sourceTree = "<group>"; };
		CECA16B929FA216200D3BBB9 /* pt-BR */ = {isa = PBXFileReference; lastKnownFileType = text.plist.strings; name = "pt-BR"; path = "pt-BR.lproj/Feed.strings"; sourceTree = "<group>"; };
		CECA16BC29FA21BE00D3BBB9 /* ImageCommentsMapperTests.swift */ = {isa = PBXFileReference; fileEncoding = 4; lastKnownFileType = sourcecode.swift; path = ImageCommentsMapperTests.swift; sourceTree = "<group>"; };
		CECA16BD29FA21BE00D3BBB9 /* ImageCommentsEndpointTests.swift */ = {isa = PBXFileReference; fileEncoding = 4; lastKnownFileType = sourcecode.swift; path = ImageCommentsEndpointTests.swift; sourceTree = "<group>"; };
		CECA16BF29FA21BE00D3BBB9 /* ImageCommentsLocalizationTests.swift */ = {isa = PBXFileReference; fileEncoding = 4; lastKnownFileType = sourcecode.swift; path = ImageCommentsLocalizationTests.swift; sourceTree = "<group>"; };
		CECA16C029FA21BE00D3BBB9 /* ImageCommentsPresenterTests.swift */ = {isa = PBXFileReference; fileEncoding = 4; lastKnownFileType = sourcecode.swift; path = ImageCommentsPresenterTests.swift; sourceTree = "<group>"; };
		CECA16C729FA21F000D3BBB9 /* ImageCommentsMapper.swift */ = {isa = PBXFileReference; fileEncoding = 4; lastKnownFileType = sourcecode.swift; path = ImageCommentsMapper.swift; sourceTree = "<group>"; };
		CECA16C829FA21F000D3BBB9 /* ImageCommentsEndpoint.swift */ = {isa = PBXFileReference; fileEncoding = 4; lastKnownFileType = sourcecode.swift; path = ImageCommentsEndpoint.swift; sourceTree = "<group>"; };
		CECA16CA29FA21F000D3BBB9 /* ImageComments.swift */ = {isa = PBXFileReference; fileEncoding = 4; lastKnownFileType = sourcecode.swift; path = ImageComments.swift; sourceTree = "<group>"; };
		CECA16CD29FA21F000D3BBB9 /* el */ = {isa = PBXFileReference; lastKnownFileType = text.plist.strings; name = el; path = el.lproj/ImageComments.strings; sourceTree = "<group>"; };
		CECA16CE29FA21F000D3BBB9 /* en */ = {isa = PBXFileReference; lastKnownFileType = text.plist.strings; name = en; path = en.lproj/ImageComments.strings; sourceTree = "<group>"; };
		CECA16CF29FA21F000D3BBB9 /* ImageCommentsViewModel.swift */ = {isa = PBXFileReference; fileEncoding = 4; lastKnownFileType = sourcecode.swift; path = ImageCommentsViewModel.swift; sourceTree = "<group>"; };
		CECA16D029FA21F000D3BBB9 /* ImageCommentsPresenter.swift */ = {isa = PBXFileReference; fileEncoding = 4; lastKnownFileType = sourcecode.swift; path = ImageCommentsPresenter.swift; sourceTree = "<group>"; };
		CECA16D129FA21F000D3BBB9 /* pt-BR */ = {isa = PBXFileReference; lastKnownFileType = text.plist.strings; name = "pt-BR"; path = "pt-BR.lproj/ImageComments.strings"; sourceTree = "<group>"; };
		CED148D028E69F7500D37FB3 /* EssentialFeed.framework */ = {isa = PBXFileReference; explicitFileType = wrapper.framework; includeInIndex = 0; path = EssentialFeed.framework; sourceTree = BUILT_PRODUCTS_DIR; };
		CED148D828E69F7600D37FB3 /* EssentialFeedTests.xctest */ = {isa = PBXFileReference; explicitFileType = wrapper.cfbundle; includeInIndex = 0; path = EssentialFeedTests.xctest; sourceTree = BUILT_PRODUCTS_DIR; };
		CEFFA58729F9C5A300A1EC64 /* FeedStore.swift */ = {isa = PBXFileReference; lastKnownFileType = sourcecode.swift; path = FeedStore.swift; sourceTree = "<group>"; };
		CEFFA58929F9C5C500A1EC64 /* LocalFeedLoader.swift */ = {isa = PBXFileReference; lastKnownFileType = sourcecode.swift; path = LocalFeedLoader.swift; sourceTree = "<group>"; };
		CEFFA58D29F9C8DF00A1EC64 /* LocalFeedImage.swift */ = {isa = PBXFileReference; lastKnownFileType = sourcecode.swift; path = LocalFeedImage.swift; sourceTree = "<group>"; };
/* End PBXFileReference section */

/* Begin PBXFrameworksBuildPhase section */
		CEA4160228F7B5E0001705BC /* Frameworks */ = {
			isa = PBXFrameworksBuildPhase;
			buildActionMask = 2147483647;
			files = (
				CEA4160928F7B5E0001705BC /* EssentialFeed.framework in Frameworks */,
			);
			runOnlyForDeploymentPostprocessing = 0;
		};
		CEC1326E29F9EFF100C8D88C /* Frameworks */ = {
			isa = PBXFrameworksBuildPhase;
			buildActionMask = 2147483647;
			files = (
				CEC1327529F9EFF100C8D88C /* EssentialFeed.framework in Frameworks */,
			);
			runOnlyForDeploymentPostprocessing = 0;
		};
		CED148CD28E69F7500D37FB3 /* Frameworks */ = {
			isa = PBXFrameworksBuildPhase;
			buildActionMask = 2147483647;
			files = (
			);
			runOnlyForDeploymentPostprocessing = 0;
		};
		CED148D528E69F7600D37FB3 /* Frameworks */ = {
			isa = PBXFrameworksBuildPhase;
			buildActionMask = 2147483647;
			files = (
				CED148D928E69F7600D37FB3 /* EssentialFeed.framework in Frameworks */,
			);
			runOnlyForDeploymentPostprocessing = 0;
		};
/* End PBXFrameworksBuildPhase section */

/* Begin PBXGroup section */
		CE68BA8929F9ED4400E148EC /* Infrastructure */ = {
			isa = PBXGroup;
			children = (
				CE68BA8B29F9ED5900E148EC /* CoreData */,
			);
			path = Infrastructure;
			sourceTree = "<group>";
		};
		CE68BA8B29F9ED5900E148EC /* CoreData */ = {
			isa = PBXGroup;
			children = (
				CE68BA8C29F9ED9400E148EC /* CoreDataFeedStore.swift */,
				CEC1331F29FA136200C8D88C /* CoreDataFeedStore+FeedImageDataLoader.swift */,
				CEC1332129FA140700C8D88C /* CoreDataFeedStore+FeedStore.swift */,
				CE68BA8E29F9EDAE00E148EC /* CoreDataHelpers.swift */,
				CE68BA9329F9EE1800E148EC /* ManagedCache.swift */,
				CE68BA9529F9EE4200E148EC /* ManagedFeedImage.swift */,
				CECA169E29FA208E00D3BBB9 /* FeedStore.xcdatamodeld */,
			);
			path = CoreData;
			sourceTree = "<group>";
		};
		CEA415FC28F79317001705BC /* Helpers */ = {
			isa = PBXGroup;
			children = (
				CEA415FD28F79348001705BC /* XCTestCase+MemoryLeakTracking.swift */,
				CE6F563929F9D3D7001040C2 /* SharedTestHelpers.swift */,
				CEC132F629FA0FA800C8D88C /* SharedLocalizationTestHelpers.swift */,
			);
			path = Helpers;
			sourceTree = "<group>";
		};
		CEA4160628F7B5E0001705BC /* EssentialFeedAPIEndToEndTests */ = {
			isa = PBXGroup;
			children = (
				CEA4160728F7B5E0001705BC /* EssentialFeedAPIEndToEndTests.swift */,
			);
			path = EssentialFeedAPIEndToEndTests;
			sourceTree = "<group>";
		};
		CEC1327229F9EFF100C8D88C /* EssentialFeedCacheIntegrationTests */ = {
			isa = PBXGroup;
			children = (
				CEC1327329F9EFF100C8D88C /* EssentialFeedCacheIntegrationTests.swift */,
			);
			path = EssentialFeedCacheIntegrationTests;
			sourceTree = "<group>";
		};
		CEC132D229FA0B5B00C8D88C /* Feed */ = {
			isa = PBXGroup;
			children = (
				CEC132D629FA0B8700C8D88C /* Presentation */,
				CEC132D529FA0B7500C8D88C /* Domain */,
				CEC132D429FA0B6C00C8D88C /* Cache */,
				CEC132D329FA0B6500C8D88C /* API */,
			);
			path = Feed;
			sourceTree = "<group>";
		};
		CEC132D329FA0B6500C8D88C /* API */ = {
			isa = PBXGroup;
			children = (
				CEC1330229FA10CD00C8D88C /* Helpers */,
				CEC1330529FA10F400C8D88C /* FeedEndpoint.swift */,
				CEC1330729FA110400C8D88C /* FeedImageDataMapper.swift */,
				CEC1330929FA112200C8D88C /* FeedItemsMapper.swift */,
			);
			path = API;
			sourceTree = "<group>";
		};
		CEC132D429FA0B6C00C8D88C /* Cache */ = {
			isa = PBXGroup;
			children = (
				CE68BA8929F9ED4400E148EC /* Infrastructure */,
				CEC3A2E929F9DCBD00DCC041 /* FeedCachePolicy.swift */,
				CEC1330B29FA116600C8D88C /* FeedImageDataStore.swift */,
				CEFFA58729F9C5A300A1EC64 /* FeedStore.swift */,
				CEC1331D29FA131600C8D88C /* LocalFeedImageDataLoader.swift */,
				CEFFA58D29F9C8DF00A1EC64 /* LocalFeedImage.swift */,
				CEFFA58929F9C5C500A1EC64 /* LocalFeedLoader.swift */,
			);
			path = Cache;
			sourceTree = "<group>";
		};
		CEC132D529FA0B7500C8D88C /* Domain */ = {
			isa = PBXGroup;
			children = (
				CEC1330D29FA122100C8D88C /* FeedCache.swift */,
				CEC1330F29FA122C00C8D88C /* FeedImage.swift */,
				CEC1331129FA124100C8D88C /* FeedImageDataCache.swift */,
				CEC1331329FA125A00C8D88C /* FeedImageDataLoader.swift */,
			);
			path = Domain;
			sourceTree = "<group>";
		};
		CEC132D629FA0B8700C8D88C /* Presentation */ = {
			isa = PBXGroup;
			children = (
				CEC1331529FA129500C8D88C /* FeedImagePresenter.swift */,
				CEC1331729FA12A500C8D88C /* FeedImageViewModel.swift */,
				CEC1331929FA12B500C8D88C /* FeedPresenter.swift */,
				CEC1331B29FA12C500C8D88C /* FeedViewModel.swift */,
				CECA16B729FA215D00D3BBB9 /* Feed.strings */,
			);
			path = Presentation;
			sourceTree = "<group>";
		};
		CEC132D729FA0BB700C8D88C /* Shared */ = {
			isa = PBXGroup;
			children = (
				CEC132DA29FA0BE100C8D88C /* Presentation */,
				CEC132D929FA0BCC00C8D88C /* API Infra */,
				CEC132D829FA0BC300C8D88C /* API */,
			);
			path = Shared;
			sourceTree = "<group>";
		};
		CEC132D829FA0BC300C8D88C /* API */ = {
			isa = PBXGroup;
			children = (
				CE37D33428EFE636002F68FB /* HTTPClient.swift */,
			);
			path = API;
			sourceTree = "<group>";
		};
		CEC132D929FA0BCC00C8D88C /* API Infra */ = {
			isa = PBXGroup;
			children = (
				CEA415FF28F7B156001705BC /* URLSessionHTTPClient.swift */,
			);
			path = "API Infra";
			sourceTree = "<group>";
		};
		CEC132DA29FA0BE100C8D88C /* Presentation */ = {
			isa = PBXGroup;
			children = (
				CEC132DB29FA0C3300C8D88C /* LoadResourcePresenter.swift */,
				CEC132DD29FA0C4F00C8D88C /* ResourceErrorView.swift */,
				CEC132DF29FA0C5C00C8D88C /* ResourceErrorViewModel.swift */,
				CEC132E129FA0C7300C8D88C /* ResourceLoadingView.swift */,
				CEC132E329FA0C8900C8D88C /* ResourceLoadingViewModel.swift */,
				CEC132E929FA0CE800C8D88C /* Shared.strings */,
			);
			path = Presentation;
			sourceTree = "<group>";
		};
		CEC132EC29FA0DBF00C8D88C /* Shared */ = {
			isa = PBXGroup;
			children = (
				CEC132EE29FA0DD100C8D88C /* Presentation */,
				CEC132ED29FA0DCA00C8D88C /* API Infra */,
			);
			path = Shared;
			sourceTree = "<group>";
		};
		CEC132ED29FA0DCA00C8D88C /* API Infra */ = {
			isa = PBXGroup;
			children = (
				CEC132EF29FA0DF100C8D88C /* Helpers */,
				CE37D33928F0B85C002F68FB /* URLSessionHTTPClientTests.swift */,
			);
			path = "API Infra";
			sourceTree = "<group>";
		};
		CEC132EE29FA0DD100C8D88C /* Presentation */ = {
			isa = PBXGroup;
			children = (
				CEC132F229FA0E3700C8D88C /* LoadResourcePresenterTests.swift */,
				CEC132F429FA0E4F00C8D88C /* SharedLocalizationTests.swift */,
			);
			path = Presentation;
			sourceTree = "<group>";
		};
		CEC132EF29FA0DF100C8D88C /* Helpers */ = {
			isa = PBXGroup;
			children = (
				CEC132F029FA0E0500C8D88C /* URLProtocolStub.swift */,
			);
			path = Helpers;
			sourceTree = "<group>";
		};
		CEC132F829FA103D00C8D88C /* Feed */ = {
			isa = PBXGroup;
			children = (
				CEC132F929FA104500C8D88C /* API */,
				CEC132FA29FA104D00C8D88C /* Cache */,
				CEC132FB29FA105300C8D88C /* Presentation */,
			);
			path = Feed;
			sourceTree = "<group>";
		};
		CEC132F929FA104500C8D88C /* API */ = {
			isa = PBXGroup;
			children = (
				CEC132FC29FA107700C8D88C /* FeedEndpointTests.swift */,
				CEC132FE29FA108F00C8D88C /* FeedImageDataMapperTests.swift */,
				CEC1330029FA10A600C8D88C /* FeedItemsMapperTests.swift */,
			);
			path = API;
			sourceTree = "<group>";
		};
		CEC132FA29FA104D00C8D88C /* Cache */ = {
			isa = PBXGroup;
			children = (
				CEC1333529FA1F4C00C8D88C /* CacheFeedImageDataUseCaseTests.swift */,
				CEC1332929FA1F4C00C8D88C /* CacheFeedUseCaseTests.swift */,
				CEC1333629FA1F4C00C8D88C /* CoreDataFeedImageDataStoreTests.swift */,
				CEC1332A29FA1F4C00C8D88C /* CoreDataFeedStoreTests.swift */,
				CEC1332B29FA1F4C00C8D88C /* FeedStoreSpecs */,
				CEC1333129FA1F4C00C8D88C /* Helpers */,
				CEC1332629FA1F4B00C8D88C /* LoadFeedFromCacheUseCaseTests.swift */,
				CEC1332729FA1F4B00C8D88C /* LoadFeedImageDataFromCacheUseCaseTests.swift */,
				CEC1332829FA1F4C00C8D88C /* ValidateFeedCacheUseCaseTests.swift */,
			);
			path = Cache;
			sourceTree = "<group>";
		};
		CEC132FB29FA105300C8D88C /* Presentation */ = {
			isa = PBXGroup;
			children = (
				CECA16A329FA212000D3BBB9 /* FeedImagePresenterTests.swift */,
				CECA16A229FA212000D3BBB9 /* FeedLocalizationTests.swift */,
				CECA16A129FA212000D3BBB9 /* FeedPresenterTests.swift */,
			);
			path = Presentation;
			sourceTree = "<group>";
		};
		CEC1330229FA10CD00C8D88C /* Helpers */ = {
			isa = PBXGroup;
			children = (
				CEC1330329FA10E100C8D88C /* HTTPURLResponse+StatusCode.swift */,
			);
			path = Helpers;
			sourceTree = "<group>";
		};
		CEC1332B29FA1F4C00C8D88C /* FeedStoreSpecs */ = {
			isa = PBXGroup;
			children = (
				CEC1332C29FA1F4C00C8D88C /* XCTestCase+FeedStoreSpecs.swift */,
				CEC1332D29FA1F4C00C8D88C /* FeedStoreSpecs.swift */,
				CEC1332E29FA1F4C00C8D88C /* XCTestCase+FailableRetrieveFeedStoreSpecs.swift */,
				CEC1332F29FA1F4C00C8D88C /* XCTestCase+FailableDeleteFeedStoreSpecs.swift */,
				CEC1333029FA1F4C00C8D88C /* XCTestCase+FailableInsertFeedStoreSpecs.swift */,
			);
			path = FeedStoreSpecs;
			sourceTree = "<group>";
		};
		CEC1333129FA1F4C00C8D88C /* Helpers */ = {
			isa = PBXGroup;
			children = (
				CEC1333229FA1F4C00C8D88C /* FeedStoreSpy.swift */,
				CEC1333329FA1F4C00C8D88C /* FeedImageDataStoreSpy.swift */,
				CEC1333429FA1F4C00C8D88C /* FeedCacheTestHelpers.swift */,
			);
			path = Helpers;
			sourceTree = "<group>";
		};
		CECA16BA29FA21BE00D3BBB9 /* ImageComments */ = {
			isa = PBXGroup;
			children = (
				CECA16BB29FA21BE00D3BBB9 /* API */,
				CECA16BE29FA21BE00D3BBB9 /* Presentation */,
			);
			path = ImageComments;
			sourceTree = "<group>";
		};
		CECA16BB29FA21BE00D3BBB9 /* API */ = {
			isa = PBXGroup;
			children = (
				CECA16BC29FA21BE00D3BBB9 /* ImageCommentsMapperTests.swift */,
				CECA16BD29FA21BE00D3BBB9 /* ImageCommentsEndpointTests.swift */,
			);
			path = API;
			sourceTree = "<group>";
		};
		CECA16BE29FA21BE00D3BBB9 /* Presentation */ = {
			isa = PBXGroup;
			children = (
				CECA16BF29FA21BE00D3BBB9 /* ImageCommentsLocalizationTests.swift */,
				CECA16C029FA21BE00D3BBB9 /* ImageCommentsPresenterTests.swift */,
			);
			path = Presentation;
			sourceTree = "<group>";
		};
		CECA16C529FA21F000D3BBB9 /* ImageComments */ = {
			isa = PBXGroup;
			children = (
				CECA16C629FA21F000D3BBB9 /* API */,
				CECA16C929FA21F000D3BBB9 /* Domain */,
				CECA16CB29FA21F000D3BBB9 /* Presentation */,
			);
			path = ImageComments;
			sourceTree = "<group>";
		};
		CECA16C629FA21F000D3BBB9 /* API */ = {
			isa = PBXGroup;
			children = (
				CECA16C729FA21F000D3BBB9 /* ImageCommentsMapper.swift */,
				CECA16C829FA21F000D3BBB9 /* ImageCommentsEndpoint.swift */,
			);
			path = API;
			sourceTree = "<group>";
		};
		CECA16C929FA21F000D3BBB9 /* Domain */ = {
			isa = PBXGroup;
			children = (
				CECA16CA29FA21F000D3BBB9 /* ImageComments.swift */,
			);
			path = Domain;
			sourceTree = "<group>";
		};
		CECA16CB29FA21F000D3BBB9 /* Presentation */ = {
			isa = PBXGroup;
			children = (
				CECA16CC29FA21F000D3BBB9 /* ImageComments.strings */,
				CECA16CF29FA21F000D3BBB9 /* ImageCommentsViewModel.swift */,
				CECA16D029FA21F000D3BBB9 /* ImageCommentsPresenter.swift */,
			);
			path = Presentation;
			sourceTree = "<group>";
		};
		CECA170329FA22AB00D3BBB9 /* Frameworks */ = {
			isa = PBXGroup;
			children = (
			);
			name = Frameworks;
			sourceTree = "<group>";
		};
		CED148C628E69F7500D37FB3 = {
			isa = PBXGroup;
			children = (
				CED148D228E69F7500D37FB3 /* EssentialFeed */,
				CED148DC28E69F7600D37FB3 /* EssentialFeedTests */,
				CEA4160628F7B5E0001705BC /* EssentialFeedAPIEndToEndTests */,
				CEC1327229F9EFF100C8D88C /* EssentialFeedCacheIntegrationTests */,
				CED148D128E69F7500D37FB3 /* Products */,
				CECA170329FA22AB00D3BBB9 /* Frameworks */,
			);
			sourceTree = "<group>";
		};
		CED148D128E69F7500D37FB3 /* Products */ = {
			isa = PBXGroup;
			children = (
				CED148D028E69F7500D37FB3 /* EssentialFeed.framework */,
				CED148D828E69F7600D37FB3 /* EssentialFeedTests.xctest */,
				CEA4160528F7B5E0001705BC /* EssentialFeedAPIEndToEndTests.xctest */,
				CEC1327129F9EFF100C8D88C /* EssentialFeedCacheIntegrationTests.xctest */,
			);
			name = Products;
			sourceTree = "<group>";
		};
		CED148D228E69F7500D37FB3 /* EssentialFeed */ = {
			isa = PBXGroup;
			children = (
				CECA16C529FA21F000D3BBB9 /* ImageComments */,
				CEC132D729FA0BB700C8D88C /* Shared */,
				CEC132D229FA0B5B00C8D88C /* Feed */,
			);
			path = EssentialFeed;
			sourceTree = "<group>";
		};
		CED148DC28E69F7600D37FB3 /* EssentialFeedTests */ = {
			isa = PBXGroup;
			children = (
				CECA16BA29FA21BE00D3BBB9 /* ImageComments */,
				CEC132F829FA103D00C8D88C /* Feed */,
				CEA415FC28F79317001705BC /* Helpers */,
				CEC132EC29FA0DBF00C8D88C /* Shared */,
			);
			path = EssentialFeedTests;
			sourceTree = "<group>";
		};
/* End PBXGroup section */

/* Begin PBXHeadersBuildPhase section */
		CED148CB28E69F7500D37FB3 /* Headers */ = {
			isa = PBXHeadersBuildPhase;
			buildActionMask = 2147483647;
			files = (
			);
			runOnlyForDeploymentPostprocessing = 0;
		};
/* End PBXHeadersBuildPhase section */

/* Begin PBXNativeTarget section */
		CEA4160428F7B5E0001705BC /* EssentialFeedAPIEndToEndTests */ = {
			isa = PBXNativeTarget;
			buildConfigurationList = CEA4160C28F7B5E0001705BC /* Build configuration list for PBXNativeTarget "EssentialFeedAPIEndToEndTests" */;
			buildPhases = (
				CEA4160128F7B5E0001705BC /* Sources */,
				CEA4160228F7B5E0001705BC /* Frameworks */,
				CEA4160328F7B5E0001705BC /* Resources */,
			);
			buildRules = (
			);
			dependencies = (
				CEA4160B28F7B5E0001705BC /* PBXTargetDependency */,
			);
			name = EssentialFeedAPIEndToEndTests;
			productName = EssentialFeedAPIEndToEndTests;
			productReference = CEA4160528F7B5E0001705BC /* EssentialFeedAPIEndToEndTests.xctest */;
			productType = "com.apple.product-type.bundle.unit-test";
		};
		CEC1327029F9EFF100C8D88C /* EssentialFeedCacheIntegrationTests */ = {
			isa = PBXNativeTarget;
			buildConfigurationList = CEC1327A29F9EFF100C8D88C /* Build configuration list for PBXNativeTarget "EssentialFeedCacheIntegrationTests" */;
			buildPhases = (
				CEC1326D29F9EFF100C8D88C /* Sources */,
				CEC1326E29F9EFF100C8D88C /* Frameworks */,
				CEC1326F29F9EFF100C8D88C /* Resources */,
			);
			buildRules = (
			);
			dependencies = (
				CEC1327729F9EFF100C8D88C /* PBXTargetDependency */,
			);
			name = EssentialFeedCacheIntegrationTests;
			productName = EssentialFeedCacheIntegrationTests;
			productReference = CEC1327129F9EFF100C8D88C /* EssentialFeedCacheIntegrationTests.xctest */;
			productType = "com.apple.product-type.bundle.unit-test";
		};
		CED148CF28E69F7500D37FB3 /* EssentialFeed */ = {
			isa = PBXNativeTarget;
			buildConfigurationList = CED148E228E69F7600D37FB3 /* Build configuration list for PBXNativeTarget "EssentialFeed" */;
			buildPhases = (
				CED148CB28E69F7500D37FB3 /* Headers */,
				CED148CC28E69F7500D37FB3 /* Sources */,
				CED148CD28E69F7500D37FB3 /* Frameworks */,
				CED148CE28E69F7500D37FB3 /* Resources */,
			);
			buildRules = (
			);
			dependencies = (
			);
			name = EssentialFeed;
			productName = EssentialFeed;
			productReference = CED148D028E69F7500D37FB3 /* EssentialFeed.framework */;
			productType = "com.apple.product-type.framework";
		};
		CED148D728E69F7600D37FB3 /* EssentialFeedTests */ = {
			isa = PBXNativeTarget;
			buildConfigurationList = CED148E528E69F7600D37FB3 /* Build configuration list for PBXNativeTarget "EssentialFeedTests" */;
			buildPhases = (
				CED148D428E69F7600D37FB3 /* Sources */,
				CED148D528E69F7600D37FB3 /* Frameworks */,
				CED148D628E69F7600D37FB3 /* Resources */,
			);
			buildRules = (
			);
			dependencies = (
				CED148DB28E69F7600D37FB3 /* PBXTargetDependency */,
			);
			name = EssentialFeedTests;
			productName = EssentialFeedTests;
			productReference = CED148D828E69F7600D37FB3 /* EssentialFeedTests.xctest */;
			productType = "com.apple.product-type.bundle.unit-test";
		};
/* End PBXNativeTarget section */

/* Begin PBXProject section */
		CED148C728E69F7500D37FB3 /* Project object */ = {
			isa = PBXProject;
			attributes = {
				BuildIndependentTargetsInParallel = 1;
				LastSwiftUpdateCheck = 1430;
				LastUpgradeCheck = 1400;
				TargetAttributes = {
					CEA4160428F7B5E0001705BC = {
						CreatedOnToolsVersion = 14.0.1;
					};
					CEC1327029F9EFF100C8D88C = {
						CreatedOnToolsVersion = 14.3;
					};
					CED148CF28E69F7500D37FB3 = {
						CreatedOnToolsVersion = 14.0.1;
						LastSwiftMigration = 1400;
					};
					CED148D728E69F7600D37FB3 = {
						CreatedOnToolsVersion = 14.0.1;
					};
				};
			};
			buildConfigurationList = CED148CA28E69F7500D37FB3 /* Build configuration list for PBXProject "EssentialFeed" */;
			compatibilityVersion = "Xcode 14.0";
			developmentRegion = en;
			hasScannedForEncodings = 0;
			knownRegions = (
				en,
				Base,
				"pt-BR",
				el,
			);
			mainGroup = CED148C628E69F7500D37FB3;
			productRefGroup = CED148D128E69F7500D37FB3 /* Products */;
			projectDirPath = "";
			projectRoot = "";
			targets = (
				CED148CF28E69F7500D37FB3 /* EssentialFeed */,
				CED148D728E69F7600D37FB3 /* EssentialFeedTests */,
				CEA4160428F7B5E0001705BC /* EssentialFeedAPIEndToEndTests */,
				CEC1327029F9EFF100C8D88C /* EssentialFeedCacheIntegrationTests */,
			);
		};
/* End PBXProject section */

/* Begin PBXResourcesBuildPhase section */
		CEA4160328F7B5E0001705BC /* Resources */ = {
			isa = PBXResourcesBuildPhase;
			buildActionMask = 2147483647;
			files = (
			);
			runOnlyForDeploymentPostprocessing = 0;
		};
		CEC1326F29F9EFF100C8D88C /* Resources */ = {
			isa = PBXResourcesBuildPhase;
			buildActionMask = 2147483647;
			files = (
			);
			runOnlyForDeploymentPostprocessing = 0;
		};
		CED148CE28E69F7500D37FB3 /* Resources */ = {
			isa = PBXResourcesBuildPhase;
			buildActionMask = 2147483647;
			files = (
				CECA16B529FA215D00D3BBB9 /* Feed.strings in Resources */,
				CEC132E729FA0CE800C8D88C /* Shared.strings in Resources */,
				CECA16D529FA21F000D3BBB9 /* ImageComments.strings in Resources */,
			);
			runOnlyForDeploymentPostprocessing = 0;
		};
		CED148D628E69F7600D37FB3 /* Resources */ = {
			isa = PBXResourcesBuildPhase;
			buildActionMask = 2147483647;
			files = (
			);
			runOnlyForDeploymentPostprocessing = 0;
		};
/* End PBXResourcesBuildPhase section */

/* Begin PBXSourcesBuildPhase section */
		CEA4160128F7B5E0001705BC /* Sources */ = {
			isa = PBXSourcesBuildPhase;
			buildActionMask = 2147483647;
			files = (
				CEA4160828F7B5E0001705BC /* EssentialFeedAPIEndToEndTests.swift in Sources */,
				CEA4160F28F7BBF2001705BC /* XCTestCase+MemoryLeakTracking.swift in Sources */,
				CEC1327E29F9F0D000C8D88C /* SharedTestHelpers.swift in Sources */,
			);
			runOnlyForDeploymentPostprocessing = 0;
		};
		CEC1326D29F9EFF100C8D88C /* Sources */ = {
			isa = PBXSourcesBuildPhase;
			buildActionMask = 2147483647;
			files = (
				CEC1327429F9EFF100C8D88C /* EssentialFeedCacheIntegrationTests.swift in Sources */,
				CEC1327D29F9F0CC00C8D88C /* XCTestCase+MemoryLeakTracking.swift in Sources */,
				CEC1327C29F9F0C800C8D88C /* SharedTestHelpers.swift in Sources */,
			);
			runOnlyForDeploymentPostprocessing = 0;
		};
		CED148CC28E69F7500D37FB3 /* Sources */ = {
			isa = PBXSourcesBuildPhase;
			buildActionMask = 2147483647;
			files = (
				CECA16D629FA21F000D3BBB9 /* ImageCommentsViewModel.swift in Sources */,
				CEC1330A29FA112200C8D88C /* FeedItemsMapper.swift in Sources */,
				CEC1330429FA10E100C8D88C /* HTTPURLResponse+StatusCode.swift in Sources */,
				CECA16D729FA21F000D3BBB9 /* ImageCommentsPresenter.swift in Sources */,
				CEC132DC29FA0C3300C8D88C /* LoadResourcePresenter.swift in Sources */,
				CEC132E029FA0C5C00C8D88C /* ResourceErrorViewModel.swift in Sources */,
				CEC1332229FA140700C8D88C /* CoreDataFeedStore+FeedStore.swift in Sources */,
				CEC1330629FA10F400C8D88C /* FeedEndpoint.swift in Sources */,
				CEC132E429FA0C8900C8D88C /* ResourceLoadingViewModel.swift in Sources */,
				CEC1330C29FA116600C8D88C /* FeedImageDataStore.swift in Sources */,
				CEC3A2EA29F9DCBD00DCC041 /* FeedCachePolicy.swift in Sources */,
				CE68BA8F29F9EDAE00E148EC /* CoreDataHelpers.swift in Sources */,
				CEC1331629FA129500C8D88C /* FeedImagePresenter.swift in Sources */,
				CEC1331229FA124100C8D88C /* FeedImageDataCache.swift in Sources */,
				CEFFA58E29F9C8DF00A1EC64 /* LocalFeedImage.swift in Sources */,
				CE37D33528EFE636002F68FB /* HTTPClient.swift in Sources */,
				CEFFA58829F9C5A300A1EC64 /* FeedStore.swift in Sources */,
				CECA16A029FA208E00D3BBB9 /* FeedStore.xcdatamodeld in Sources */,
				CECA16D429FA21F000D3BBB9 /* ImageComments.swift in Sources */,
				CECA16D229FA21F000D3BBB9 /* ImageCommentsMapper.swift in Sources */,
				CEFFA58A29F9C5C500A1EC64 /* LocalFeedLoader.swift in Sources */,
				CEC1331C29FA12C500C8D88C /* FeedViewModel.swift in Sources */,
				CEC1331429FA125A00C8D88C /* FeedImageDataLoader.swift in Sources */,
				CEC1330E29FA122100C8D88C /* FeedCache.swift in Sources */,
				CEC132DE29FA0C4F00C8D88C /* ResourceErrorView.swift in Sources */,
				CECA16D329FA21F000D3BBB9 /* ImageCommentsEndpoint.swift in Sources */,
				CEC1330829FA110400C8D88C /* FeedImageDataMapper.swift in Sources */,
				CEA4160028F7B156001705BC /* URLSessionHTTPClient.swift in Sources */,
				CEC1332029FA136200C8D88C /* CoreDataFeedStore+FeedImageDataLoader.swift in Sources */,
				CE68BA9429F9EE1800E148EC /* ManagedCache.swift in Sources */,
				CEC132E229FA0C7300C8D88C /* ResourceLoadingView.swift in Sources */,
				CEC1331E29FA131600C8D88C /* LocalFeedImageDataLoader.swift in Sources */,
				CEC1331829FA12A500C8D88C /* FeedImageViewModel.swift in Sources */,
				CEC1331029FA122C00C8D88C /* FeedImage.swift in Sources */,
				CE68BA8D29F9ED9400E148EC /* CoreDataFeedStore.swift in Sources */,
				CEC1331A29FA12B500C8D88C /* FeedPresenter.swift in Sources */,
				CE68BA9629F9EE4200E148EC /* ManagedFeedImage.swift in Sources */,
			);
			runOnlyForDeploymentPostprocessing = 0;
		};
		CED148D428E69F7600D37FB3 /* Sources */ = {
			isa = PBXSourcesBuildPhase;
			buildActionMask = 2147483647;
			files = (
				CECA16A429FA212000D3BBB9 /* FeedPresenterTests.swift in Sources */,
				CEC132F129FA0E0500C8D88C /* URLProtocolStub.swift in Sources */,
				CECA16A529FA212000D3BBB9 /* FeedLocalizationTests.swift in Sources */,
				CEC1333D29FA1F4C00C8D88C /* FeedStoreSpecs.swift in Sources */,
				CECA16C229FA21BE00D3BBB9 /* ImageCommentsEndpointTests.swift in Sources */,
				CEC1330129FA10A600C8D88C /* FeedItemsMapperTests.swift in Sources */,
				CEC1333B29FA1F4C00C8D88C /* CoreDataFeedStoreTests.swift in Sources */,
				CE37D33A28F0B85C002F68FB /* URLSessionHTTPClientTests.swift in Sources */,
				CEC132FD29FA107700C8D88C /* FeedEndpointTests.swift in Sources */,
				CEC132F529FA0E4F00C8D88C /* SharedLocalizationTests.swift in Sources */,
				CEC1333F29FA1F4C00C8D88C /* XCTestCase+FailableDeleteFeedStoreSpecs.swift in Sources */,
				CEC1334429FA1F4C00C8D88C /* CacheFeedImageDataUseCaseTests.swift in Sources */,
				CEC1334329FA1F4C00C8D88C /* FeedCacheTestHelpers.swift in Sources */,
				CEC1334229FA1F4C00C8D88C /* FeedImageDataStoreSpy.swift in Sources */,
				CECA16C129FA21BE00D3BBB9 /* ImageCommentsMapperTests.swift in Sources */,
				CEC1333E29FA1F4C00C8D88C /* XCTestCase+FailableRetrieveFeedStoreSpecs.swift in Sources */,
				CECA16C429FA21BE00D3BBB9 /* ImageCommentsPresenterTests.swift in Sources */,
				CEC1333729FA1F4C00C8D88C /* LoadFeedFromCacheUseCaseTests.swift in Sources */,
				CEC1333A29FA1F4C00C8D88C /* CacheFeedUseCaseTests.swift in Sources */,
				CEC1334129FA1F4C00C8D88C /* FeedStoreSpy.swift in Sources */,
				CEC132FF29FA108F00C8D88C /* FeedImageDataMapperTests.swift in Sources */,
				CE6F563A29F9D3D7001040C2 /* SharedTestHelpers.swift in Sources */,
				CEC1334529FA1F4C00C8D88C /* CoreDataFeedImageDataStoreTests.swift in Sources */,
				CEC1333829FA1F4C00C8D88C /* LoadFeedImageDataFromCacheUseCaseTests.swift in Sources */,
				CEC1334029FA1F4C00C8D88C /* XCTestCase+FailableInsertFeedStoreSpecs.swift in Sources */,
				CECA16A629FA212000D3BBB9 /* FeedImagePresenterTests.swift in Sources */,
				CEC1333C29FA1F4C00C8D88C /* XCTestCase+FeedStoreSpecs.swift in Sources */,
				CEC1333929FA1F4C00C8D88C /* ValidateFeedCacheUseCaseTests.swift in Sources */,
				CECA16C329FA21BE00D3BBB9 /* ImageCommentsLocalizationTests.swift in Sources */,
				CEC132F329FA0E3700C8D88C /* LoadResourcePresenterTests.swift in Sources */,
				CEC132F729FA0FA800C8D88C /* SharedLocalizationTestHelpers.swift in Sources */,
				CEA415FE28F79348001705BC /* XCTestCase+MemoryLeakTracking.swift in Sources */,
			);
			runOnlyForDeploymentPostprocessing = 0;
		};
/* End PBXSourcesBuildPhase section */

/* Begin PBXTargetDependency section */
		CEA4160B28F7B5E0001705BC /* PBXTargetDependency */ = {
			isa = PBXTargetDependency;
			target = CED148CF28E69F7500D37FB3 /* EssentialFeed */;
			targetProxy = CEA4160A28F7B5E0001705BC /* PBXContainerItemProxy */;
		};
		CEC1327729F9EFF100C8D88C /* PBXTargetDependency */ = {
			isa = PBXTargetDependency;
			target = CED148CF28E69F7500D37FB3 /* EssentialFeed */;
			targetProxy = CEC1327629F9EFF100C8D88C /* PBXContainerItemProxy */;
		};
		CED148DB28E69F7600D37FB3 /* PBXTargetDependency */ = {
			isa = PBXTargetDependency;
			target = CED148CF28E69F7500D37FB3 /* EssentialFeed */;
			targetProxy = CED148DA28E69F7600D37FB3 /* PBXContainerItemProxy */;
		};
/* End PBXTargetDependency section */

/* Begin PBXVariantGroup section */
		CEC132E929FA0CE800C8D88C /* Shared.strings */ = {
			isa = PBXVariantGroup;
			children = (
				CEC132E829FA0CE800C8D88C /* en */,
				CEC132EA29FA0D6C00C8D88C /* pt-BR */,
				CEC132EB29FA0D7300C8D88C /* el */,
			);
			name = Shared.strings;
			sourceTree = "<group>";
		};
		CECA16B729FA215D00D3BBB9 /* Feed.strings */ = {
			isa = PBXVariantGroup;
			children = (
				CECA16B629FA215D00D3BBB9 /* en */,
				CECA16B829FA216100D3BBB9 /* el */,
				CECA16B929FA216200D3BBB9 /* pt-BR */,
			);
			name = Feed.strings;
			sourceTree = "<group>";
		};
		CECA16CC29FA21F000D3BBB9 /* ImageComments.strings */ = {
			isa = PBXVariantGroup;
			children = (
				CECA16CD29FA21F000D3BBB9 /* el */,
				CECA16CE29FA21F000D3BBB9 /* en */,
				CECA16D129FA21F000D3BBB9 /* pt-BR */,
			);
			name = ImageComments.strings;
			sourceTree = "<group>";
		};
/* End PBXVariantGroup section */

/* Begin XCBuildConfiguration section */
		CEA4160D28F7B5E0001705BC /* Debug */ = {
			isa = XCBuildConfiguration;
			buildSettings = {
				CODE_SIGN_STYLE = Automatic;
				CURRENT_PROJECT_VERSION = 1;
				GENERATE_INFOPLIST_FILE = YES;
				MACOSX_DEPLOYMENT_TARGET = 13.0;
				MARKETING_VERSION = 1.0;
				PRODUCT_BUNDLE_IDENTIFIER = sales.mentor.nnt.com.EssentialFeedAPIEndToEndTests;
				PRODUCT_NAME = "$(TARGET_NAME)";
				SUPPORTED_PLATFORMS = "macosx iphonesimulator iphoneos";
				SWIFT_EMIT_LOC_STRINGS = NO;
				SWIFT_VERSION = 5.0;
			};
			name = Debug;
		};
		CEA4160E28F7B5E0001705BC /* Release */ = {
			isa = XCBuildConfiguration;
			buildSettings = {
				CODE_SIGN_STYLE = Automatic;
				CURRENT_PROJECT_VERSION = 1;
				GENERATE_INFOPLIST_FILE = YES;
				MACOSX_DEPLOYMENT_TARGET = 13.0;
				MARKETING_VERSION = 1.0;
				PRODUCT_BUNDLE_IDENTIFIER = sales.mentor.nnt.com.EssentialFeedAPIEndToEndTests;
				PRODUCT_NAME = "$(TARGET_NAME)";
				SUPPORTED_PLATFORMS = "macosx iphonesimulator iphoneos";
				SWIFT_EMIT_LOC_STRINGS = NO;
				SWIFT_VERSION = 5.0;
			};
			name = Release;
		};
		CEC1327829F9EFF100C8D88C /* Debug */ = {
			isa = XCBuildConfiguration;
			buildSettings = {
				CODE_SIGN_STYLE = Automatic;
				CURRENT_PROJECT_VERSION = 1;
				DEVELOPMENT_TEAM = VJCR2LL3QM;
				GENERATE_INFOPLIST_FILE = YES;
				MACOSX_DEPLOYMENT_TARGET = 13.0;
				MARKETING_VERSION = 1.0;
				PRODUCT_BUNDLE_IDENTIFIER = nnt.com.EssentialFeedCacheIntegrationTests;
				PRODUCT_NAME = "$(TARGET_NAME)";
				SUPPORTED_PLATFORMS = "macosx iphonesimulator iphoneos";
				SWIFT_EMIT_LOC_STRINGS = NO;
				SWIFT_VERSION = 5.0;
			};
			name = Debug;
		};
		CEC1327929F9EFF100C8D88C /* Release */ = {
			isa = XCBuildConfiguration;
			buildSettings = {
				CODE_SIGN_STYLE = Automatic;
				CURRENT_PROJECT_VERSION = 1;
				DEVELOPMENT_TEAM = VJCR2LL3QM;
				GENERATE_INFOPLIST_FILE = YES;
				MACOSX_DEPLOYMENT_TARGET = 13.0;
				MARKETING_VERSION = 1.0;
				PRODUCT_BUNDLE_IDENTIFIER = nnt.com.EssentialFeedCacheIntegrationTests;
				PRODUCT_NAME = "$(TARGET_NAME)";
				SUPPORTED_PLATFORMS = "macosx iphonesimulator iphoneos";
				SWIFT_EMIT_LOC_STRINGS = NO;
				SWIFT_VERSION = 5.0;
			};
			name = Release;
		};
		CED148E028E69F7600D37FB3 /* Debug */ = {
			isa = XCBuildConfiguration;
			buildSettings = {
				ALWAYS_SEARCH_USER_PATHS = NO;
				CLANG_ANALYZER_LOCALIZABILITY_NONLOCALIZED = YES;
				CLANG_ANALYZER_NONNULL = YES;
				CLANG_ANALYZER_NUMBER_OBJECT_CONVERSION = YES_AGGRESSIVE;
				CLANG_CXX_LANGUAGE_STANDARD = "gnu++20";
				CLANG_ENABLE_MODULES = YES;
				CLANG_ENABLE_OBJC_ARC = YES;
				CLANG_ENABLE_OBJC_WEAK = YES;
				CLANG_WARN_BLOCK_CAPTURE_AUTORELEASING = YES;
				CLANG_WARN_BOOL_CONVERSION = YES;
				CLANG_WARN_COMMA = YES;
				CLANG_WARN_CONSTANT_CONVERSION = YES;
				CLANG_WARN_DEPRECATED_OBJC_IMPLEMENTATIONS = YES;
				CLANG_WARN_DIRECT_OBJC_ISA_USAGE = YES_ERROR;
				CLANG_WARN_DOCUMENTATION_COMMENTS = YES;
				CLANG_WARN_EMPTY_BODY = YES;
				CLANG_WARN_ENUM_CONVERSION = YES;
				CLANG_WARN_INFINITE_RECURSION = YES;
				CLANG_WARN_INT_CONVERSION = YES;
				CLANG_WARN_NON_LITERAL_NULL_CONVERSION = YES;
				CLANG_WARN_OBJC_IMPLICIT_RETAIN_SELF = YES;
				CLANG_WARN_OBJC_LITERAL_CONVERSION = YES;
				CLANG_WARN_OBJC_ROOT_CLASS = YES_ERROR;
				CLANG_WARN_QUOTED_INCLUDE_IN_FRAMEWORK_HEADER = YES;
				CLANG_WARN_RANGE_LOOP_ANALYSIS = YES;
				CLANG_WARN_STRICT_PROTOTYPES = YES;
				CLANG_WARN_SUSPICIOUS_MOVE = YES;
				CLANG_WARN_UNGUARDED_AVAILABILITY = YES_AGGRESSIVE;
				CLANG_WARN_UNREACHABLE_CODE = YES;
				CLANG_WARN__DUPLICATE_METHOD_MATCH = YES;
				COPY_PHASE_STRIP = NO;
				CURRENT_PROJECT_VERSION = 1;
				DEBUG_INFORMATION_FORMAT = dwarf;
				ENABLE_STRICT_OBJC_MSGSEND = YES;
				ENABLE_TESTABILITY = YES;
				GCC_C_LANGUAGE_STANDARD = gnu11;
				GCC_DYNAMIC_NO_PIC = NO;
				GCC_NO_COMMON_BLOCKS = YES;
				GCC_OPTIMIZATION_LEVEL = 0;
				GCC_PREPROCESSOR_DEFINITIONS = (
					"DEBUG=1",
					"$(inherited)",
				);
				GCC_WARN_64_TO_32_BIT_CONVERSION = YES;
				GCC_WARN_ABOUT_RETURN_TYPE = YES_ERROR;
				GCC_WARN_UNDECLARED_SELECTOR = YES;
				GCC_WARN_UNINITIALIZED_AUTOS = YES_AGGRESSIVE;
				GCC_WARN_UNUSED_FUNCTION = YES;
				GCC_WARN_UNUSED_VARIABLE = YES;
				MACOSX_DEPLOYMENT_TARGET = 11.0;
				MTL_ENABLE_DEBUG_INFO = INCLUDE_SOURCE;
				MTL_FAST_MATH = YES;
				ONLY_ACTIVE_ARCH = YES;
				SDKROOT = macosx;
				SWIFT_ACTIVE_COMPILATION_CONDITIONS = DEBUG;
				SWIFT_OPTIMIZATION_LEVEL = "-Onone";
				VERSIONING_SYSTEM = "apple-generic";
				VERSION_INFO_PREFIX = "";
			};
			name = Debug;
		};
		CED148E128E69F7600D37FB3 /* Release */ = {
			isa = XCBuildConfiguration;
			buildSettings = {
				ALWAYS_SEARCH_USER_PATHS = NO;
				CLANG_ANALYZER_LOCALIZABILITY_NONLOCALIZED = YES;
				CLANG_ANALYZER_NONNULL = YES;
				CLANG_ANALYZER_NUMBER_OBJECT_CONVERSION = YES_AGGRESSIVE;
				CLANG_CXX_LANGUAGE_STANDARD = "gnu++20";
				CLANG_ENABLE_MODULES = YES;
				CLANG_ENABLE_OBJC_ARC = YES;
				CLANG_ENABLE_OBJC_WEAK = YES;
				CLANG_WARN_BLOCK_CAPTURE_AUTORELEASING = YES;
				CLANG_WARN_BOOL_CONVERSION = YES;
				CLANG_WARN_COMMA = YES;
				CLANG_WARN_CONSTANT_CONVERSION = YES;
				CLANG_WARN_DEPRECATED_OBJC_IMPLEMENTATIONS = YES;
				CLANG_WARN_DIRECT_OBJC_ISA_USAGE = YES_ERROR;
				CLANG_WARN_DOCUMENTATION_COMMENTS = YES;
				CLANG_WARN_EMPTY_BODY = YES;
				CLANG_WARN_ENUM_CONVERSION = YES;
				CLANG_WARN_INFINITE_RECURSION = YES;
				CLANG_WARN_INT_CONVERSION = YES;
				CLANG_WARN_NON_LITERAL_NULL_CONVERSION = YES;
				CLANG_WARN_OBJC_IMPLICIT_RETAIN_SELF = YES;
				CLANG_WARN_OBJC_LITERAL_CONVERSION = YES;
				CLANG_WARN_OBJC_ROOT_CLASS = YES_ERROR;
				CLANG_WARN_QUOTED_INCLUDE_IN_FRAMEWORK_HEADER = YES;
				CLANG_WARN_RANGE_LOOP_ANALYSIS = YES;
				CLANG_WARN_STRICT_PROTOTYPES = YES;
				CLANG_WARN_SUSPICIOUS_MOVE = YES;
				CLANG_WARN_UNGUARDED_AVAILABILITY = YES_AGGRESSIVE;
				CLANG_WARN_UNREACHABLE_CODE = YES;
				CLANG_WARN__DUPLICATE_METHOD_MATCH = YES;
				COPY_PHASE_STRIP = NO;
				CURRENT_PROJECT_VERSION = 1;
				DEBUG_INFORMATION_FORMAT = "dwarf-with-dsym";
				ENABLE_NS_ASSERTIONS = NO;
				ENABLE_STRICT_OBJC_MSGSEND = YES;
				GCC_C_LANGUAGE_STANDARD = gnu11;
				GCC_NO_COMMON_BLOCKS = YES;
				GCC_WARN_64_TO_32_BIT_CONVERSION = YES;
				GCC_WARN_ABOUT_RETURN_TYPE = YES_ERROR;
				GCC_WARN_UNDECLARED_SELECTOR = YES;
				GCC_WARN_UNINITIALIZED_AUTOS = YES_AGGRESSIVE;
				GCC_WARN_UNUSED_FUNCTION = YES;
				GCC_WARN_UNUSED_VARIABLE = YES;
				MACOSX_DEPLOYMENT_TARGET = 11.0;
				MTL_ENABLE_DEBUG_INFO = NO;
				MTL_FAST_MATH = YES;
				SDKROOT = macosx;
				SWIFT_COMPILATION_MODE = wholemodule;
				SWIFT_OPTIMIZATION_LEVEL = "-O";
				VERSIONING_SYSTEM = "apple-generic";
				VERSION_INFO_PREFIX = "";
			};
			name = Release;
		};
		CED148E328E69F7600D37FB3 /* Debug */ = {
			isa = XCBuildConfiguration;
			buildSettings = {
				CLANG_ENABLE_MODULES = YES;
				CODE_SIGN_STYLE = Automatic;
				COMBINE_HIDPI_IMAGES = YES;
				CURRENT_PROJECT_VERSION = 1;
				DEFINES_MODULE = YES;
				DYLIB_COMPATIBILITY_VERSION = 1;
				DYLIB_CURRENT_VERSION = 1;
				DYLIB_INSTALL_NAME_BASE = "@rpath";
				GENERATE_INFOPLIST_FILE = YES;
				INFOPLIST_KEY_NSHumanReadableCopyright = "";
				INSTALL_PATH = "$(LOCAL_LIBRARY_DIR)/Frameworks";
				LD_RUNPATH_SEARCH_PATHS = (
					"$(inherited)",
					"@executable_path/../Frameworks",
					"@loader_path/Frameworks",
				);
				MACOSX_DEPLOYMENT_TARGET = 13.0;
				MARKETING_VERSION = 1.0;
				PRODUCT_BUNDLE_IDENTIFIER = sales.mentor.nnt.com.EssentialFeed;
				PRODUCT_NAME = "$(TARGET_NAME:c99extidentifier)";
				SKIP_INSTALL = YES;
				SUPPORTED_PLATFORMS = "macosx iphonesimulator iphoneos";
				SWIFT_EMIT_LOC_STRINGS = YES;
				SWIFT_OPTIMIZATION_LEVEL = "-Onone";
				SWIFT_VERSION = 5.0;
			};
			name = Debug;
		};
		CED148E428E69F7600D37FB3 /* Release */ = {
			isa = XCBuildConfiguration;
			buildSettings = {
				CLANG_ENABLE_MODULES = YES;
				CODE_SIGN_STYLE = Automatic;
				COMBINE_HIDPI_IMAGES = YES;
				CURRENT_PROJECT_VERSION = 1;
				DEFINES_MODULE = YES;
				DYLIB_COMPATIBILITY_VERSION = 1;
				DYLIB_CURRENT_VERSION = 1;
				DYLIB_INSTALL_NAME_BASE = "@rpath";
				GENERATE_INFOPLIST_FILE = YES;
				INFOPLIST_KEY_NSHumanReadableCopyright = "";
				INSTALL_PATH = "$(LOCAL_LIBRARY_DIR)/Frameworks";
				LD_RUNPATH_SEARCH_PATHS = (
					"$(inherited)",
					"@executable_path/../Frameworks",
					"@loader_path/Frameworks",
				);
				MACOSX_DEPLOYMENT_TARGET = 13.0;
				MARKETING_VERSION = 1.0;
				PRODUCT_BUNDLE_IDENTIFIER = sales.mentor.nnt.com.EssentialFeed;
				PRODUCT_NAME = "$(TARGET_NAME:c99extidentifier)";
				SKIP_INSTALL = YES;
				SUPPORTED_PLATFORMS = "macosx iphonesimulator iphoneos";
				SWIFT_EMIT_LOC_STRINGS = YES;
				SWIFT_VERSION = 5.0;
			};
			name = Release;
		};
		CED148E628E69F7600D37FB3 /* Debug */ = {
			isa = XCBuildConfiguration;
			buildSettings = {
				ALWAYS_EMBED_SWIFT_STANDARD_LIBRARIES = YES;
				CODE_SIGN_STYLE = Automatic;
				CURRENT_PROJECT_VERSION = 1;
				GENERATE_INFOPLIST_FILE = YES;
				MACOSX_DEPLOYMENT_TARGET = 13.0;
				MARKETING_VERSION = 1.0;
				PRODUCT_BUNDLE_IDENTIFIER = sales.mentor.nnt.com.EssentialFeedTests;
				PRODUCT_NAME = "$(TARGET_NAME)";
				SUPPORTED_PLATFORMS = "macosx iphonesimulator iphoneos";
				SWIFT_EMIT_LOC_STRINGS = NO;
				SWIFT_VERSION = 5.0;
			};
			name = Debug;
		};
		CED148E728E69F7600D37FB3 /* Release */ = {
			isa = XCBuildConfiguration;
			buildSettings = {
				ALWAYS_EMBED_SWIFT_STANDARD_LIBRARIES = YES;
				CODE_SIGN_STYLE = Automatic;
				CURRENT_PROJECT_VERSION = 1;
				GENERATE_INFOPLIST_FILE = YES;
				MACOSX_DEPLOYMENT_TARGET = 13.0;
				MARKETING_VERSION = 1.0;
				PRODUCT_BUNDLE_IDENTIFIER = sales.mentor.nnt.com.EssentialFeedTests;
				PRODUCT_NAME = "$(TARGET_NAME)";
				SUPPORTED_PLATFORMS = "macosx iphonesimulator iphoneos";
				SWIFT_EMIT_LOC_STRINGS = NO;
				SWIFT_VERSION = 5.0;
			};
			name = Release;
		};
/* End XCBuildConfiguration section */

/* Begin XCConfigurationList section */
		CEA4160C28F7B5E0001705BC /* Build configuration list for PBXNativeTarget "EssentialFeedAPIEndToEndTests" */ = {
			isa = XCConfigurationList;
			buildConfigurations = (
				CEA4160D28F7B5E0001705BC /* Debug */,
				CEA4160E28F7B5E0001705BC /* Release */,
			);
			defaultConfigurationIsVisible = 0;
			defaultConfigurationName = Release;
		};
		CEC1327A29F9EFF100C8D88C /* Build configuration list for PBXNativeTarget "EssentialFeedCacheIntegrationTests" */ = {
			isa = XCConfigurationList;
			buildConfigurations = (
				CEC1327829F9EFF100C8D88C /* Debug */,
				CEC1327929F9EFF100C8D88C /* Release */,
			);
			defaultConfigurationIsVisible = 0;
			defaultConfigurationName = Release;
		};
		CED148CA28E69F7500D37FB3 /* Build configuration list for PBXProject "EssentialFeed" */ = {
			isa = XCConfigurationList;
			buildConfigurations = (
				CED148E028E69F7600D37FB3 /* Debug */,
				CED148E128E69F7600D37FB3 /* Release */,
			);
			defaultConfigurationIsVisible = 0;
			defaultConfigurationName = Release;
		};
		CED148E228E69F7600D37FB3 /* Build configuration list for PBXNativeTarget "EssentialFeed" */ = {
			isa = XCConfigurationList;
			buildConfigurations = (
				CED148E328E69F7600D37FB3 /* Debug */,
				CED148E428E69F7600D37FB3 /* Release */,
			);
			defaultConfigurationIsVisible = 0;
			defaultConfigurationName = Release;
		};
		CED148E528E69F7600D37FB3 /* Build configuration list for PBXNativeTarget "EssentialFeedTests" */ = {
			isa = XCConfigurationList;
			buildConfigurations = (
				CED148E628E69F7600D37FB3 /* Debug */,
				CED148E728E69F7600D37FB3 /* Release */,
			);
			defaultConfigurationIsVisible = 0;
			defaultConfigurationName = Release;
		};
/* End XCConfigurationList section */

/* Begin XCVersionGroup section */
		CECA169E29FA208E00D3BBB9 /* FeedStore.xcdatamodeld */ = {
			isa = XCVersionGroup;
			children = (
				CECA169F29FA208E00D3BBB9 /* FeedStore.xcdatamodel */,
			);
			currentVersion = CECA169F29FA208E00D3BBB9 /* FeedStore.xcdatamodel */;
			path = FeedStore.xcdatamodeld;
			sourceTree = "<group>";
			versionGroupType = wrapper.xcdatamodel;
		};
/* End XCVersionGroup section */
	};
	rootObject = CED148C728E69F7500D37FB3 /* Project object */;
}
