// !$*UTF8*$!
{
	archiveVersion = 1;
	classes = {
	};
	objectVersion = 56;
	objects = {

/* Begin PBXBuildFile section */
		CEA4160828F7B5E0001705BC /* EssentialFeedAPIEndToEndTests.swift in Sources */ = {isa = PBXBuildFile; fileRef = CEA4160728F7B5E0001705BC /* EssentialFeedAPIEndToEndTests.swift */; };
		CEA4160928F7B5E0001705BC /* EssentialFeed.framework in Frameworks */ = {isa = PBXBuildFile; fileRef = CED148D028E69F7500D37FB3 /* EssentialFeed.framework */; };
		CEC1327429F9EFF100C8D88C /* EssentialFeedCacheIntegrationTests.swift in Sources */ = {isa = PBXBuildFile; fileRef = CEC1327329F9EFF100C8D88C /* EssentialFeedCacheIntegrationTests.swift */; };
		CEC1327529F9EFF100C8D88C /* EssentialFeed.framework in Frameworks */ = {isa = PBXBuildFile; fileRef = CED148D028E69F7500D37FB3 /* EssentialFeed.framework */; };
		CECA175629FAB32100D3BBB9 /* LocalFeedLoader.swift in Sources */ = {isa = PBXBuildFile; fileRef = CECA171829FAB32100D3BBB9 /* LocalFeedLoader.swift */; };
		CECA175729FAB32100D3BBB9 /* FeedStore.swift in Sources */ = {isa = PBXBuildFile; fileRef = CECA171929FAB32100D3BBB9 /* FeedStore.swift */; };
		CECA175829FAB32100D3BBB9 /* LocalFeedImage.swift in Sources */ = {isa = PBXBuildFile; fileRef = CECA171A29FAB32100D3BBB9 /* LocalFeedImage.swift */; };
		CECA175929FAB32100D3BBB9 /* FeedImageDataStore.swift in Sources */ = {isa = PBXBuildFile; fileRef = CECA171B29FAB32100D3BBB9 /* FeedImageDataStore.swift */; };
		CECA175A29FAB32100D3BBB9 /* LocalFeedImageDataLoader.swift in Sources */ = {isa = PBXBuildFile; fileRef = CECA171C29FAB32100D3BBB9 /* LocalFeedImageDataLoader.swift */; };
		CECA175B29FAB32100D3BBB9 /* FeedCachePolicy.swift in Sources */ = {isa = PBXBuildFile; fileRef = CECA171D29FAB32100D3BBB9 /* FeedCachePolicy.swift */; };
		CECA175C29FAB32100D3BBB9 /* CoreDataHelpers.swift in Sources */ = {isa = PBXBuildFile; fileRef = CECA172029FAB32100D3BBB9 /* CoreDataHelpers.swift */; };
		CECA175D29FAB32100D3BBB9 /* ManagedFeedImage.swift in Sources */ = {isa = PBXBuildFile; fileRef = CECA172129FAB32100D3BBB9 /* ManagedFeedImage.swift */; };
		CECA175E29FAB32100D3BBB9 /* CoreDataFeedStore+FeedImageDataStore.swift in Sources */ = {isa = PBXBuildFile; fileRef = CECA172229FAB32100D3BBB9 /* CoreDataFeedStore+FeedImageDataStore.swift */; };
		CECA175F29FAB32100D3BBB9 /* CoreDataFeedStore+FeedStore.swift in Sources */ = {isa = PBXBuildFile; fileRef = CECA172329FAB32100D3BBB9 /* CoreDataFeedStore+FeedStore.swift */; };
		CECA176029FAB32100D3BBB9 /* FeedStore.xcdatamodeld in Sources */ = {isa = PBXBuildFile; fileRef = CECA172429FAB32100D3BBB9 /* FeedStore.xcdatamodeld */; };
		CECA176129FAB32100D3BBB9 /* ManagedCache.swift in Sources */ = {isa = PBXBuildFile; fileRef = CECA172729FAB32100D3BBB9 /* ManagedCache.swift */; };
		CECA176229FAB32100D3BBB9 /* CoreDataFeedStore.swift in Sources */ = {isa = PBXBuildFile; fileRef = CECA172829FAB32100D3BBB9 /* CoreDataFeedStore.swift */; };
		CECA176329FAB32100D3BBB9 /* URLSessionHTTPClient.swift in Sources */ = {isa = PBXBuildFile; fileRef = CECA172A29FAB32100D3BBB9 /* URLSessionHTTPClient.swift */; };
		CECA176429FAB32100D3BBB9 /* ImageCommentsMapper.swift in Sources */ = {isa = PBXBuildFile; fileRef = CECA172C29FAB32100D3BBB9 /* ImageCommentsMapper.swift */; };
		CECA176529FAB32100D3BBB9 /* ImageCommentsEndpoint.swift in Sources */ = {isa = PBXBuildFile; fileRef = CECA172D29FAB32100D3BBB9 /* ImageCommentsEndpoint.swift */; };
		CECA176629FAB32100D3BBB9 /* Feed.strings in Resources */ = {isa = PBXBuildFile; fileRef = CECA172F29FAB32100D3BBB9 /* Feed.strings */; };
		CECA176729FAB32100D3BBB9 /* FeedPresenter.swift in Sources */ = {isa = PBXBuildFile; fileRef = CECA173229FAB32100D3BBB9 /* FeedPresenter.swift */; };
		CECA176829FAB32100D3BBB9 /* FeedImageViewModel.swift in Sources */ = {isa = PBXBuildFile; fileRef = CECA173329FAB32100D3BBB9 /* FeedImageViewModel.swift */; };
		CECA176929FAB32100D3BBB9 /* FeedImagePresenter.swift in Sources */ = {isa = PBXBuildFile; fileRef = CECA173529FAB32100D3BBB9 /* FeedImagePresenter.swift */; };
		CECA176A29FAB32100D3BBB9 /* ImageComment.swift in Sources */ = {isa = PBXBuildFile; fileRef = CECA173729FAB32100D3BBB9 /* ImageComment.swift */; };
		CECA176B29FAB32100D3BBB9 /* FeedCache.swift in Sources */ = {isa = PBXBuildFile; fileRef = CECA173929FAB32100D3BBB9 /* FeedCache.swift */; };
		CECA176C29FAB32100D3BBB9 /* FeedImage.swift in Sources */ = {isa = PBXBuildFile; fileRef = CECA173A29FAB32100D3BBB9 /* FeedImage.swift */; };
		CECA176D29FAB32100D3BBB9 /* FeedImageDataCache.swift in Sources */ = {isa = PBXBuildFile; fileRef = CECA173B29FAB32100D3BBB9 /* FeedImageDataCache.swift */; };
		CECA176E29FAB32100D3BBB9 /* FeedImageDataLoader.swift in Sources */ = {isa = PBXBuildFile; fileRef = CECA173C29FAB32100D3BBB9 /* FeedImageDataLoader.swift */; };
		CECA176F29FAB32100D3BBB9 /* FeedItemsMapper.swift in Sources */ = {isa = PBXBuildFile; fileRef = CECA173E29FAB32100D3BBB9 /* FeedItemsMapper.swift */; };
		CECA177029FAB32100D3BBB9 /* FeedImageDataMapper.swift in Sources */ = {isa = PBXBuildFile; fileRef = CECA173F29FAB32100D3BBB9 /* FeedImageDataMapper.swift */; };
		CECA177129FAB32100D3BBB9 /* FeedEndpoint.swift in Sources */ = {isa = PBXBuildFile; fileRef = CECA174029FAB32100D3BBB9 /* FeedEndpoint.swift */; };
		CECA177229FAB32100D3BBB9 /* HTTPURLResponse+StatusCode.swift in Sources */ = {isa = PBXBuildFile; fileRef = CECA174229FAB32100D3BBB9 /* HTTPURLResponse+StatusCode.swift */; };
		CECA177329FAB32100D3BBB9 /* ImageComments.strings in Resources */ = {isa = PBXBuildFile; fileRef = CECA174429FAB32100D3BBB9 /* ImageComments.strings */; };
		CECA177429FAB32100D3BBB9 /* ImageCommentsPresenter.swift in Sources */ = {isa = PBXBuildFile; fileRef = CECA174729FAB32100D3BBB9 /* ImageCommentsPresenter.swift */; };
		CECA177529FAB32100D3BBB9 /* HTTPClient.swift in Sources */ = {isa = PBXBuildFile; fileRef = CECA174A29FAB32100D3BBB9 /* HTTPClient.swift */; };
		CECA177629FAB32100D3BBB9 /* Paginated.swift in Sources */ = {isa = PBXBuildFile; fileRef = CECA174B29FAB32100D3BBB9 /* Paginated.swift */; };
		CECA177729FAB32100D3BBB9 /* ResourceErrorView.swift in Sources */ = {isa = PBXBuildFile; fileRef = CECA174D29FAB32100D3BBB9 /* ResourceErrorView.swift */; };
		CECA177829FAB32100D3BBB9 /* Shared.strings in Resources */ = {isa = PBXBuildFile; fileRef = CECA174E29FAB32100D3BBB9 /* Shared.strings */; };
		CECA177929FAB32100D3BBB9 /* ResourceLoadingViewModel.swift in Sources */ = {isa = PBXBuildFile; fileRef = CECA175029FAB32100D3BBB9 /* ResourceLoadingViewModel.swift */; };
		CECA177A29FAB32100D3BBB9 /* LoadResourcePresenter.swift in Sources */ = {isa = PBXBuildFile; fileRef = CECA175329FAB32100D3BBB9 /* LoadResourcePresenter.swift */; };
		CECA177B29FAB32100D3BBB9 /* ResourceLoadingView.swift in Sources */ = {isa = PBXBuildFile; fileRef = CECA175429FAB32100D3BBB9 /* ResourceLoadingView.swift */; };
		CECA177C29FAB32100D3BBB9 /* ResourceErrorViewModel.swift in Sources */ = {isa = PBXBuildFile; fileRef = CECA175529FAB32100D3BBB9 /* ResourceErrorViewModel.swift */; };
		CECA17A829FAB37F00D3BBB9 /* LoadFeedImageDataFromCacheUseCaseTests.swift in Sources */ = {isa = PBXBuildFile; fileRef = CECA177E29FAB37F00D3BBB9 /* LoadFeedImageDataFromCacheUseCaseTests.swift */; };
		CECA17A929FAB37F00D3BBB9 /* CacheFeedImageDataUseCaseTests.swift in Sources */ = {isa = PBXBuildFile; fileRef = CECA177F29FAB37F00D3BBB9 /* CacheFeedImageDataUseCaseTests.swift */; };
		CECA17AA29FAB37F00D3BBB9 /* XCTestCase+FeedStoreSpecs.swift in Sources */ = {isa = PBXBuildFile; fileRef = CECA178129FAB37F00D3BBB9 /* XCTestCase+FeedStoreSpecs.swift */; };
		CECA17AB29FAB37F00D3BBB9 /* FeedStoreSpecs.swift in Sources */ = {isa = PBXBuildFile; fileRef = CECA178229FAB37F00D3BBB9 /* FeedStoreSpecs.swift */; };
		CECA17AC29FAB37F00D3BBB9 /* XCTestCase+FailableRetrieveFeedStoreSpecs.swift in Sources */ = {isa = PBXBuildFile; fileRef = CECA178329FAB37F00D3BBB9 /* XCTestCase+FailableRetrieveFeedStoreSpecs.swift */; };
		CECA17AD29FAB37F00D3BBB9 /* XCTestCase+FailableDeleteFeedStoreSpecs.swift in Sources */ = {isa = PBXBuildFile; fileRef = CECA178429FAB37F00D3BBB9 /* XCTestCase+FailableDeleteFeedStoreSpecs.swift */; };
		CECA17AE29FAB37F00D3BBB9 /* XCTestCase+FailableInsertFeedStoreSpecs.swift in Sources */ = {isa = PBXBuildFile; fileRef = CECA178529FAB37F00D3BBB9 /* XCTestCase+FailableInsertFeedStoreSpecs.swift */; };
		CECA17AF29FAB37F00D3BBB9 /* CoreDataFeedImageDataStoreTests.swift in Sources */ = {isa = PBXBuildFile; fileRef = CECA178629FAB37F00D3BBB9 /* CoreDataFeedImageDataStoreTests.swift */; };
		CECA17B029FAB37F00D3BBB9 /* ValidateFeedCacheUseCaseTests.swift in Sources */ = {isa = PBXBuildFile; fileRef = CECA178729FAB37F00D3BBB9 /* ValidateFeedCacheUseCaseTests.swift */; };
		CECA17B129FAB37F00D3BBB9 /* CacheFeedUseCaseTests.swift in Sources */ = {isa = PBXBuildFile; fileRef = CECA178829FAB37F00D3BBB9 /* CacheFeedUseCaseTests.swift */; };
		CECA17B229FAB37F00D3BBB9 /* CoreDataFeedStoreTests.swift in Sources */ = {isa = PBXBuildFile; fileRef = CECA178929FAB37F00D3BBB9 /* CoreDataFeedStoreTests.swift */; };
		CECA17B329FAB37F00D3BBB9 /* LoadFeedFromCacheUseCaseTests.swift in Sources */ = {isa = PBXBuildFile; fileRef = CECA178A29FAB37F00D3BBB9 /* LoadFeedFromCacheUseCaseTests.swift */; };
		CECA17B429FAB37F00D3BBB9 /* FeedStoreSpy.swift in Sources */ = {isa = PBXBuildFile; fileRef = CECA178C29FAB37F00D3BBB9 /* FeedStoreSpy.swift */; };
		CECA17B529FAB37F00D3BBB9 /* FeedImageDataStoreSpy.swift in Sources */ = {isa = PBXBuildFile; fileRef = CECA178D29FAB37F00D3BBB9 /* FeedImageDataStoreSpy.swift */; };
		CECA17B629FAB37F00D3BBB9 /* FeedCacheTestHelpers.swift in Sources */ = {isa = PBXBuildFile; fileRef = CECA178E29FAB37F00D3BBB9 /* FeedCacheTestHelpers.swift */; };
		CECA17B729FAB37F00D3BBB9 /* FeedPresenterTests.swift in Sources */ = {isa = PBXBuildFile; fileRef = CECA179029FAB37F00D3BBB9 /* FeedPresenterTests.swift */; };
		CECA17B829FAB37F00D3BBB9 /* FeedLocalizationTests.swift in Sources */ = {isa = PBXBuildFile; fileRef = CECA179129FAB37F00D3BBB9 /* FeedLocalizationTests.swift */; };
		CECA17B929FAB37F00D3BBB9 /* FeedImagePresenterTests.swift in Sources */ = {isa = PBXBuildFile; fileRef = CECA179229FAB37F00D3BBB9 /* FeedImagePresenterTests.swift */; };
		CECA17BA29FAB37F00D3BBB9 /* ImageCommentsMapperTests.swift in Sources */ = {isa = PBXBuildFile; fileRef = CECA179429FAB37F00D3BBB9 /* ImageCommentsMapperTests.swift */; };
		CECA17BB29FAB37F00D3BBB9 /* ImageCommentsEndpointTests.swift in Sources */ = {isa = PBXBuildFile; fileRef = CECA179529FAB37F00D3BBB9 /* ImageCommentsEndpointTests.swift */; };
		CECA17BC29FAB37F00D3BBB9 /* URLProtocolStub.swift in Sources */ = {isa = PBXBuildFile; fileRef = CECA179829FAB37F00D3BBB9 /* URLProtocolStub.swift */; };
		CECA17BD29FAB37F00D3BBB9 /* URLSessionHTTPClientTests.swift in Sources */ = {isa = PBXBuildFile; fileRef = CECA179929FAB37F00D3BBB9 /* URLSessionHTTPClientTests.swift */; };
		CECA17BE29FAB37F00D3BBB9 /* ImageCommentsLocalizationTests.swift in Sources */ = {isa = PBXBuildFile; fileRef = CECA179B29FAB37F00D3BBB9 /* ImageCommentsLocalizationTests.swift */; };
		CECA17BF29FAB37F00D3BBB9 /* ImageCommentsPresenterTests.swift in Sources */ = {isa = PBXBuildFile; fileRef = CECA179C29FAB37F00D3BBB9 /* ImageCommentsPresenterTests.swift */; };
		CECA17C029FAB37F00D3BBB9 /* FeedImageDataMapperTests.swift in Sources */ = {isa = PBXBuildFile; fileRef = CECA179E29FAB37F00D3BBB9 /* FeedImageDataMapperTests.swift */; };
		CECA17C129FAB37F00D3BBB9 /* FeedItemsMapperTests.swift in Sources */ = {isa = PBXBuildFile; fileRef = CECA179F29FAB37F00D3BBB9 /* FeedItemsMapperTests.swift */; };
		CECA17C229FAB37F00D3BBB9 /* FeedEndpointTests.swift in Sources */ = {isa = PBXBuildFile; fileRef = CECA17A029FAB37F00D3BBB9 /* FeedEndpointTests.swift */; };
		CECA17C329FAB37F00D3BBB9 /* LoadResourcePresenterTests.swift in Sources */ = {isa = PBXBuildFile; fileRef = CECA17A229FAB37F00D3BBB9 /* LoadResourcePresenterTests.swift */; };
		CECA17C429FAB37F00D3BBB9 /* SharedLocalizationTests.swift in Sources */ = {isa = PBXBuildFile; fileRef = CECA17A329FAB37F00D3BBB9 /* SharedLocalizationTests.swift */; };
		CECA17C529FAB37F00D3BBB9 /* SharedTestHelpers.swift in Sources */ = {isa = PBXBuildFile; fileRef = CECA17A529FAB37F00D3BBB9 /* SharedTestHelpers.swift */; };
		CECA17C629FAB37F00D3BBB9 /* SharedLocalizationTestHelpers.swift in Sources */ = {isa = PBXBuildFile; fileRef = CECA17A629FAB37F00D3BBB9 /* SharedLocalizationTestHelpers.swift */; };
		CECA17C729FAB37F00D3BBB9 /* XCTestCase+MemoryLeakTracking.swift in Sources */ = {isa = PBXBuildFile; fileRef = CECA17A729FAB37F00D3BBB9 /* XCTestCase+MemoryLeakTracking.swift */; };
		CECA17C829FAB49E00D3BBB9 /* EssentialFeedCacheIntegrationTests.swift in Sources */ = {isa = PBXBuildFile; fileRef = CEC1327329F9EFF100C8D88C /* EssentialFeedCacheIntegrationTests.swift */; };
		CECA17C929FAB4B000D3BBB9 /* EssentialFeedAPIEndToEndTests.swift in Sources */ = {isa = PBXBuildFile; fileRef = CEA4160728F7B5E0001705BC /* EssentialFeedAPIEndToEndTests.swift */; };
		CED148D928E69F7600D37FB3 /* EssentialFeed.framework in Frameworks */ = {isa = PBXBuildFile; fileRef = CED148D028E69F7500D37FB3 /* EssentialFeed.framework */; };
/* End PBXBuildFile section */

/* Begin PBXContainerItemProxy section */
		CEA4160A28F7B5E0001705BC /* PBXContainerItemProxy */ = {
			isa = PBXContainerItemProxy;
			containerPortal = CED148C728E69F7500D37FB3 /* Project object */;
			proxyType = 1;
			remoteGlobalIDString = CED148CF28E69F7500D37FB3;
			remoteInfo = EssentialFeed;
		};
		CEC1327629F9EFF100C8D88C /* PBXContainerItemProxy */ = {
			isa = PBXContainerItemProxy;
			containerPortal = CED148C728E69F7500D37FB3 /* Project object */;
			proxyType = 1;
			remoteGlobalIDString = CED148CF28E69F7500D37FB3;
			remoteInfo = EssentialFeed;
		};
		CED148DA28E69F7600D37FB3 /* PBXContainerItemProxy */ = {
			isa = PBXContainerItemProxy;
			containerPortal = CED148C728E69F7500D37FB3 /* Project object */;
			proxyType = 1;
			remoteGlobalIDString = CED148CF28E69F7500D37FB3;
			remoteInfo = EssentialFeed;
		};
/* End PBXContainerItemProxy section */

/* Begin PBXFileReference section */
		CEA4160528F7B5E0001705BC /* EssentialFeedAPIEndToEndTests.xctest */ = {isa = PBXFileReference; explicitFileType = wrapper.cfbundle; includeInIndex = 0; path = EssentialFeedAPIEndToEndTests.xctest; sourceTree = BUILT_PRODUCTS_DIR; };
		CEA4160728F7B5E0001705BC /* EssentialFeedAPIEndToEndTests.swift */ = {isa = PBXFileReference; lastKnownFileType = sourcecode.swift; path = EssentialFeedAPIEndToEndTests.swift; sourceTree = "<group>"; };
		CEC1327129F9EFF100C8D88C /* EssentialFeedCacheIntegrationTests.xctest */ = {isa = PBXFileReference; explicitFileType = wrapper.cfbundle; includeInIndex = 0; path = EssentialFeedCacheIntegrationTests.xctest; sourceTree = BUILT_PRODUCTS_DIR; };
		CEC1327329F9EFF100C8D88C /* EssentialFeedCacheIntegrationTests.swift */ = {isa = PBXFileReference; lastKnownFileType = sourcecode.swift; path = EssentialFeedCacheIntegrationTests.swift; sourceTree = "<group>"; };
		CECA171829FAB32100D3BBB9 /* LocalFeedLoader.swift */ = {isa = PBXFileReference; fileEncoding = 4; lastKnownFileType = sourcecode.swift; path = LocalFeedLoader.swift; sourceTree = "<group>"; };
		CECA171929FAB32100D3BBB9 /* FeedStore.swift */ = {isa = PBXFileReference; fileEncoding = 4; lastKnownFileType = sourcecode.swift; path = FeedStore.swift; sourceTree = "<group>"; };
		CECA171A29FAB32100D3BBB9 /* LocalFeedImage.swift */ = {isa = PBXFileReference; fileEncoding = 4; lastKnownFileType = sourcecode.swift; path = LocalFeedImage.swift; sourceTree = "<group>"; };
		CECA171B29FAB32100D3BBB9 /* FeedImageDataStore.swift */ = {isa = PBXFileReference; fileEncoding = 4; lastKnownFileType = sourcecode.swift; path = FeedImageDataStore.swift; sourceTree = "<group>"; };
		CECA171C29FAB32100D3BBB9 /* LocalFeedImageDataLoader.swift */ = {isa = PBXFileReference; fileEncoding = 4; lastKnownFileType = sourcecode.swift; path = LocalFeedImageDataLoader.swift; sourceTree = "<group>"; };
		CECA171D29FAB32100D3BBB9 /* FeedCachePolicy.swift */ = {isa = PBXFileReference; fileEncoding = 4; lastKnownFileType = sourcecode.swift; path = FeedCachePolicy.swift; sourceTree = "<group>"; };
		CECA172029FAB32100D3BBB9 /* CoreDataHelpers.swift */ = {isa = PBXFileReference; fileEncoding = 4; lastKnownFileType = sourcecode.swift; path = CoreDataHelpers.swift; sourceTree = "<group>"; };
		CECA172129FAB32100D3BBB9 /* ManagedFeedImage.swift */ = {isa = PBXFileReference; fileEncoding = 4; lastKnownFileType = sourcecode.swift; path = ManagedFeedImage.swift; sourceTree = "<group>"; };
		CECA172229FAB32100D3BBB9 /* CoreDataFeedStore+FeedImageDataStore.swift */ = {isa = PBXFileReference; fileEncoding = 4; lastKnownFileType = sourcecode.swift; path = "CoreDataFeedStore+FeedImageDataStore.swift"; sourceTree = "<group>"; };
		CECA172329FAB32100D3BBB9 /* CoreDataFeedStore+FeedStore.swift */ = {isa = PBXFileReference; fileEncoding = 4; lastKnownFileType = sourcecode.swift; path = "CoreDataFeedStore+FeedStore.swift"; sourceTree = "<group>"; };
		CECA172529FAB32100D3BBB9 /* FeedStore2.xcdatamodel */ = {isa = PBXFileReference; lastKnownFileType = wrapper.xcdatamodel; path = FeedStore2.xcdatamodel; sourceTree = "<group>"; };
		CECA172629FAB32100D3BBB9 /* FeedStore.xcdatamodel */ = {isa = PBXFileReference; lastKnownFileType = wrapper.xcdatamodel; path = FeedStore.xcdatamodel; sourceTree = "<group>"; };
		CECA172729FAB32100D3BBB9 /* ManagedCache.swift */ = {isa = PBXFileReference; fileEncoding = 4; lastKnownFileType = sourcecode.swift; path = ManagedCache.swift; sourceTree = "<group>"; };
		CECA172829FAB32100D3BBB9 /* CoreDataFeedStore.swift */ = {isa = PBXFileReference; fileEncoding = 4; lastKnownFileType = sourcecode.swift; path = CoreDataFeedStore.swift; sourceTree = "<group>"; };
		CECA172A29FAB32100D3BBB9 /* URLSessionHTTPClient.swift */ = {isa = PBXFileReference; fileEncoding = 4; lastKnownFileType = sourcecode.swift; path = URLSessionHTTPClient.swift; sourceTree = "<group>"; };
		CECA172C29FAB32100D3BBB9 /* ImageCommentsMapper.swift */ = {isa = PBXFileReference; fileEncoding = 4; lastKnownFileType = sourcecode.swift; path = ImageCommentsMapper.swift; sourceTree = "<group>"; };
		CECA172D29FAB32100D3BBB9 /* ImageCommentsEndpoint.swift */ = {isa = PBXFileReference; fileEncoding = 4; lastKnownFileType = sourcecode.swift; path = ImageCommentsEndpoint.swift; sourceTree = "<group>"; };
		CECA173029FAB32100D3BBB9 /* el */ = {isa = PBXFileReference; lastKnownFileType = text.plist.strings; name = el; path = el.lproj/Feed.strings; sourceTree = "<group>"; };
		CECA173129FAB32100D3BBB9 /* en */ = {isa = PBXFileReference; lastKnownFileType = text.plist.strings; name = en; path = en.lproj/Feed.strings; sourceTree = "<group>"; };
		CECA173229FAB32100D3BBB9 /* FeedPresenter.swift */ = {isa = PBXFileReference; fileEncoding = 4; lastKnownFileType = sourcecode.swift; path = FeedPresenter.swift; sourceTree = "<group>"; };
		CECA173329FAB32100D3BBB9 /* FeedImageViewModel.swift */ = {isa = PBXFileReference; fileEncoding = 4; lastKnownFileType = sourcecode.swift; path = FeedImageViewModel.swift; sourceTree = "<group>"; };
		CECA173429FAB32100D3BBB9 /* pt-BR */ = {isa = PBXFileReference; lastKnownFileType = text.plist.strings; name = "pt-BR"; path = "pt-BR.lproj/Feed.strings"; sourceTree = "<group>"; };
		CECA173529FAB32100D3BBB9 /* FeedImagePresenter.swift */ = {isa = PBXFileReference; fileEncoding = 4; lastKnownFileType = sourcecode.swift; path = FeedImagePresenter.swift; sourceTree = "<group>"; };
		CECA173729FAB32100D3BBB9 /* ImageComment.swift */ = {isa = PBXFileReference; fileEncoding = 4; lastKnownFileType = sourcecode.swift; path = ImageComment.swift; sourceTree = "<group>"; };
		CECA173929FAB32100D3BBB9 /* FeedCache.swift */ = {isa = PBXFileReference; fileEncoding = 4; lastKnownFileType = sourcecode.swift; path = FeedCache.swift; sourceTree = "<group>"; };
		CECA173A29FAB32100D3BBB9 /* FeedImage.swift */ = {isa = PBXFileReference; fileEncoding = 4; lastKnownFileType = sourcecode.swift; path = FeedImage.swift; sourceTree = "<group>"; };
		CECA173B29FAB32100D3BBB9 /* FeedImageDataCache.swift */ = {isa = PBXFileReference; fileEncoding = 4; lastKnownFileType = sourcecode.swift; path = FeedImageDataCache.swift; sourceTree = "<group>"; };
		CECA173C29FAB32100D3BBB9 /* FeedImageDataLoader.swift */ = {isa = PBXFileReference; fileEncoding = 4; lastKnownFileType = sourcecode.swift; path = FeedImageDataLoader.swift; sourceTree = "<group>"; };
		CECA173E29FAB32100D3BBB9 /* FeedItemsMapper.swift */ = {isa = PBXFileReference; fileEncoding = 4; lastKnownFileType = sourcecode.swift; path = FeedItemsMapper.swift; sourceTree = "<group>"; };
		CECA173F29FAB32100D3BBB9 /* FeedImageDataMapper.swift */ = {isa = PBXFileReference; fileEncoding = 4; lastKnownFileType = sourcecode.swift; path = FeedImageDataMapper.swift; sourceTree = "<group>"; };
		CECA174029FAB32100D3BBB9 /* FeedEndpoint.swift */ = {isa = PBXFileReference; fileEncoding = 4; lastKnownFileType = sourcecode.swift; path = FeedEndpoint.swift; sourceTree = "<group>"; };
		CECA174229FAB32100D3BBB9 /* HTTPURLResponse+StatusCode.swift */ = {isa = PBXFileReference; fileEncoding = 4; lastKnownFileType = sourcecode.swift; path = "HTTPURLResponse+StatusCode.swift"; sourceTree = "<group>"; };
		CECA174529FAB32100D3BBB9 /* el */ = {isa = PBXFileReference; lastKnownFileType = text.plist.strings; name = el; path = el.lproj/ImageComments.strings; sourceTree = "<group>"; };
		CECA174629FAB32100D3BBB9 /* en */ = {isa = PBXFileReference; lastKnownFileType = text.plist.strings; name = en; path = en.lproj/ImageComments.strings; sourceTree = "<group>"; };
		CECA174729FAB32100D3BBB9 /* ImageCommentsPresenter.swift */ = {isa = PBXFileReference; fileEncoding = 4; lastKnownFileType = sourcecode.swift; path = ImageCommentsPresenter.swift; sourceTree = "<group>"; };
		CECA174829FAB32100D3BBB9 /* pt-BR */ = {isa = PBXFileReference; lastKnownFileType = text.plist.strings; name = "pt-BR"; path = "pt-BR.lproj/ImageComments.strings"; sourceTree = "<group>"; };
		CECA174A29FAB32100D3BBB9 /* HTTPClient.swift */ = {isa = PBXFileReference; fileEncoding = 4; lastKnownFileType = sourcecode.swift; path = HTTPClient.swift; sourceTree = "<group>"; };
		CECA174B29FAB32100D3BBB9 /* Paginated.swift */ = {isa = PBXFileReference; fileEncoding = 4; lastKnownFileType = sourcecode.swift; path = Paginated.swift; sourceTree = "<group>"; };
		CECA174D29FAB32100D3BBB9 /* ResourceErrorView.swift */ = {isa = PBXFileReference; fileEncoding = 4; lastKnownFileType = sourcecode.swift; path = ResourceErrorView.swift; sourceTree = "<group>"; };
		CECA174F29FAB32100D3BBB9 /* el */ = {isa = PBXFileReference; lastKnownFileType = text.plist.strings; name = el; path = el.lproj/Shared.strings; sourceTree = "<group>"; };
		CECA175029FAB32100D3BBB9 /* ResourceLoadingViewModel.swift */ = {isa = PBXFileReference; fileEncoding = 4; lastKnownFileType = sourcecode.swift; path = ResourceLoadingViewModel.swift; sourceTree = "<group>"; };
		CECA175129FAB32100D3BBB9 /* en */ = {isa = PBXFileReference; lastKnownFileType = text.plist.strings; name = en; path = en.lproj/Shared.strings; sourceTree = "<group>"; };
		CECA175229FAB32100D3BBB9 /* pt-BR */ = {isa = PBXFileReference; lastKnownFileType = text.plist.strings; name = "pt-BR"; path = "pt-BR.lproj/Shared.strings"; sourceTree = "<group>"; };
		CECA175329FAB32100D3BBB9 /* LoadResourcePresenter.swift */ = {isa = PBXFileReference; fileEncoding = 4; lastKnownFileType = sourcecode.swift; path = LoadResourcePresenter.swift; sourceTree = "<group>"; };
		CECA175429FAB32100D3BBB9 /* ResourceLoadingView.swift */ = {isa = PBXFileReference; fileEncoding = 4; lastKnownFileType = sourcecode.swift; path = ResourceLoadingView.swift; sourceTree = "<group>"; };
		CECA175529FAB32100D3BBB9 /* ResourceErrorViewModel.swift */ = {isa = PBXFileReference; fileEncoding = 4; lastKnownFileType = sourcecode.swift; path = ResourceErrorViewModel.swift; sourceTree = "<group>"; };
		CECA177E29FAB37F00D3BBB9 /* LoadFeedImageDataFromCacheUseCaseTests.swift */ = {isa = PBXFileReference; fileEncoding = 4; lastKnownFileType = sourcecode.swift; path = LoadFeedImageDataFromCacheUseCaseTests.swift; sourceTree = "<group>"; };
		CECA177F29FAB37F00D3BBB9 /* CacheFeedImageDataUseCaseTests.swift */ = {isa = PBXFileReference; fileEncoding = 4; lastKnownFileType = sourcecode.swift; path = CacheFeedImageDataUseCaseTests.swift; sourceTree = "<group>"; };
		CECA178129FAB37F00D3BBB9 /* XCTestCase+FeedStoreSpecs.swift */ = {isa = PBXFileReference; fileEncoding = 4; lastKnownFileType = sourcecode.swift; path = "XCTestCase+FeedStoreSpecs.swift"; sourceTree = "<group>"; };
		CECA178229FAB37F00D3BBB9 /* FeedStoreSpecs.swift */ = {isa = PBXFileReference; fileEncoding = 4; lastKnownFileType = sourcecode.swift; path = FeedStoreSpecs.swift; sourceTree = "<group>"; };
		CECA178329FAB37F00D3BBB9 /* XCTestCase+FailableRetrieveFeedStoreSpecs.swift */ = {isa = PBXFileReference; fileEncoding = 4; lastKnownFileType = sourcecode.swift; path = "XCTestCase+FailableRetrieveFeedStoreSpecs.swift"; sourceTree = "<group>"; };
		CECA178429FAB37F00D3BBB9 /* XCTestCase+FailableDeleteFeedStoreSpecs.swift */ = {isa = PBXFileReference; fileEncoding = 4; lastKnownFileType = sourcecode.swift; path = "XCTestCase+FailableDeleteFeedStoreSpecs.swift"; sourceTree = "<group>"; };
		CECA178529FAB37F00D3BBB9 /* XCTestCase+FailableInsertFeedStoreSpecs.swift */ = {isa = PBXFileReference; fileEncoding = 4; lastKnownFileType = sourcecode.swift; path = "XCTestCase+FailableInsertFeedStoreSpecs.swift"; sourceTree = "<group>"; };
		CECA178629FAB37F00D3BBB9 /* CoreDataFeedImageDataStoreTests.swift */ = {isa = PBXFileReference; fileEncoding = 4; lastKnownFileType = sourcecode.swift; path = CoreDataFeedImageDataStoreTests.swift; sourceTree = "<group>"; };
		CECA178729FAB37F00D3BBB9 /* ValidateFeedCacheUseCaseTests.swift */ = {isa = PBXFileReference; fileEncoding = 4; lastKnownFileType = sourcecode.swift; path = ValidateFeedCacheUseCaseTests.swift; sourceTree = "<group>"; };
		CECA178829FAB37F00D3BBB9 /* CacheFeedUseCaseTests.swift */ = {isa = PBXFileReference; fileEncoding = 4; lastKnownFileType = sourcecode.swift; path = CacheFeedUseCaseTests.swift; sourceTree = "<group>"; };
		CECA178929FAB37F00D3BBB9 /* CoreDataFeedStoreTests.swift */ = {isa = PBXFileReference; fileEncoding = 4; lastKnownFileType = sourcecode.swift; path = CoreDataFeedStoreTests.swift; sourceTree = "<group>"; };
		CECA178A29FAB37F00D3BBB9 /* LoadFeedFromCacheUseCaseTests.swift */ = {isa = PBXFileReference; fileEncoding = 4; lastKnownFileType = sourcecode.swift; path = LoadFeedFromCacheUseCaseTests.swift; sourceTree = "<group>"; };
		CECA178C29FAB37F00D3BBB9 /* FeedStoreSpy.swift */ = {isa = PBXFileReference; fileEncoding = 4; lastKnownFileType = sourcecode.swift; path = FeedStoreSpy.swift; sourceTree = "<group>"; };
		CECA178D29FAB37F00D3BBB9 /* FeedImageDataStoreSpy.swift */ = {isa = PBXFileReference; fileEncoding = 4; lastKnownFileType = sourcecode.swift; path = FeedImageDataStoreSpy.swift; sourceTree = "<group>"; };
		CECA178E29FAB37F00D3BBB9 /* FeedCacheTestHelpers.swift */ = {isa = PBXFileReference; fileEncoding = 4; lastKnownFileType = sourcecode.swift; path = FeedCacheTestHelpers.swift; sourceTree = "<group>"; };
		CECA179029FAB37F00D3BBB9 /* FeedPresenterTests.swift */ = {isa = PBXFileReference; fileEncoding = 4; lastKnownFileType = sourcecode.swift; path = FeedPresenterTests.swift; sourceTree = "<group>"; };
		CECA179129FAB37F00D3BBB9 /* FeedLocalizationTests.swift */ = {isa = PBXFileReference; fileEncoding = 4; lastKnownFileType = sourcecode.swift; path = FeedLocalizationTests.swift; sourceTree = "<group>"; };
		CECA179229FAB37F00D3BBB9 /* FeedImagePresenterTests.swift */ = {isa = PBXFileReference; fileEncoding = 4; lastKnownFileType = sourcecode.swift; path = FeedImagePresenterTests.swift; sourceTree = "<group>"; };
		CECA179429FAB37F00D3BBB9 /* ImageCommentsMapperTests.swift */ = {isa = PBXFileReference; fileEncoding = 4; lastKnownFileType = sourcecode.swift; path = ImageCommentsMapperTests.swift; sourceTree = "<group>"; };
		CECA179529FAB37F00D3BBB9 /* ImageCommentsEndpointTests.swift */ = {isa = PBXFileReference; fileEncoding = 4; lastKnownFileType = sourcecode.swift; path = ImageCommentsEndpointTests.swift; sourceTree = "<group>"; };
		CECA179829FAB37F00D3BBB9 /* URLProtocolStub.swift */ = {isa = PBXFileReference; fileEncoding = 4; lastKnownFileType = sourcecode.swift; path = URLProtocolStub.swift; sourceTree = "<group>"; };
		CECA179929FAB37F00D3BBB9 /* URLSessionHTTPClientTests.swift */ = {isa = PBXFileReference; fileEncoding = 4; lastKnownFileType = sourcecode.swift; path = URLSessionHTTPClientTests.swift; sourceTree = "<group>"; };
		CECA179B29FAB37F00D3BBB9 /* ImageCommentsLocalizationTests.swift */ = {isa = PBXFileReference; fileEncoding = 4; lastKnownFileType = sourcecode.swift; path = ImageCommentsLocalizationTests.swift; sourceTree = "<group>"; };
		CECA179C29FAB37F00D3BBB9 /* ImageCommentsPresenterTests.swift */ = {isa = PBXFileReference; fileEncoding = 4; lastKnownFileType = sourcecode.swift; path = ImageCommentsPresenterTests.swift; sourceTree = "<group>"; };
		CECA179E29FAB37F00D3BBB9 /* FeedImageDataMapperTests.swift */ = {isa = PBXFileReference; fileEncoding = 4; lastKnownFileType = sourcecode.swift; path = FeedImageDataMapperTests.swift; sourceTree = "<group>"; };
		CECA179F29FAB37F00D3BBB9 /* FeedItemsMapperTests.swift */ = {isa = PBXFileReference; fileEncoding = 4; lastKnownFileType = sourcecode.swift; path = FeedItemsMapperTests.swift; sourceTree = "<group>"; };
		CECA17A029FAB37F00D3BBB9 /* FeedEndpointTests.swift */ = {isa = PBXFileReference; fileEncoding = 4; lastKnownFileType = sourcecode.swift; path = FeedEndpointTests.swift; sourceTree = "<group>"; };
		CECA17A229FAB37F00D3BBB9 /* LoadResourcePresenterTests.swift */ = {isa = PBXFileReference; fileEncoding = 4; lastKnownFileType = sourcecode.swift; path = LoadResourcePresenterTests.swift; sourceTree = "<group>"; };
		CECA17A329FAB37F00D3BBB9 /* SharedLocalizationTests.swift */ = {isa = PBXFileReference; fileEncoding = 4; lastKnownFileType = sourcecode.swift; path = SharedLocalizationTests.swift; sourceTree = "<group>"; };
		CECA17A529FAB37F00D3BBB9 /* SharedTestHelpers.swift */ = {isa = PBXFileReference; fileEncoding = 4; lastKnownFileType = sourcecode.swift; path = SharedTestHelpers.swift; sourceTree = "<group>"; };
		CECA17A629FAB37F00D3BBB9 /* SharedLocalizationTestHelpers.swift */ = {isa = PBXFileReference; fileEncoding = 4; lastKnownFileType = sourcecode.swift; path = SharedLocalizationTestHelpers.swift; sourceTree = "<group>"; };
		CECA17A729FAB37F00D3BBB9 /* XCTestCase+MemoryLeakTracking.swift */ = {isa = PBXFileReference; fileEncoding = 4; lastKnownFileType = sourcecode.swift; path = "XCTestCase+MemoryLeakTracking.swift"; sourceTree = "<group>"; };
		CED148D028E69F7500D37FB3 /* EssentialFeed.framework */ = {isa = PBXFileReference; explicitFileType = wrapper.framework; includeInIndex = 0; path = EssentialFeed.framework; sourceTree = BUILT_PRODUCTS_DIR; };
		CED148D828E69F7600D37FB3 /* EssentialFeedTests.xctest */ = {isa = PBXFileReference; explicitFileType = wrapper.cfbundle; includeInIndex = 0; path = EssentialFeedTests.xctest; sourceTree = BUILT_PRODUCTS_DIR; };
/* End PBXFileReference section */

/* Begin PBXFrameworksBuildPhase section */
		CEA4160228F7B5E0001705BC /* Frameworks */ = {
			isa = PBXFrameworksBuildPhase;
			buildActionMask = 2147483647;
			files = (
				CEA4160928F7B5E0001705BC /* EssentialFeed.framework in Frameworks */,
			);
			runOnlyForDeploymentPostprocessing = 0;
		};
		CEC1326E29F9EFF100C8D88C /* Frameworks */ = {
			isa = PBXFrameworksBuildPhase;
			buildActionMask = 2147483647;
			files = (
				CEC1327529F9EFF100C8D88C /* EssentialFeed.framework in Frameworks */,
			);
			runOnlyForDeploymentPostprocessing = 0;
		};
		CED148CD28E69F7500D37FB3 /* Frameworks */ = {
			isa = PBXFrameworksBuildPhase;
			buildActionMask = 2147483647;
			files = (
			);
			runOnlyForDeploymentPostprocessing = 0;
		};
		CED148D528E69F7600D37FB3 /* Frameworks */ = {
			isa = PBXFrameworksBuildPhase;
			buildActionMask = 2147483647;
			files = (
				CED148D928E69F7600D37FB3 /* EssentialFeed.framework in Frameworks */,
			);
			runOnlyForDeploymentPostprocessing = 0;
		};
/* End PBXFrameworksBuildPhase section */

/* Begin PBXGroup section */
		CEA4160628F7B5E0001705BC /* EssentialFeedAPIEndToEndTests */ = {
			isa = PBXGroup;
			children = (
				CEA4160728F7B5E0001705BC /* EssentialFeedAPIEndToEndTests.swift */,
			);
			path = EssentialFeedAPIEndToEndTests;
			sourceTree = "<group>";
		};
		CEC1327229F9EFF100C8D88C /* EssentialFeedCacheIntegrationTests */ = {
			isa = PBXGroup;
			children = (
				CEC1327329F9EFF100C8D88C /* EssentialFeedCacheIntegrationTests.swift */,
			);
			path = EssentialFeedCacheIntegrationTests;
			sourceTree = "<group>";
		};
		CECA170329FA22AB00D3BBB9 /* Frameworks */ = {
			isa = PBXGroup;
			children = (
			);
			name = Frameworks;
			sourceTree = "<group>";
		};
		CECA171729FAB32100D3BBB9 /* Feed Cache */ = {
			isa = PBXGroup;
			children = (
				CECA171829FAB32100D3BBB9 /* LocalFeedLoader.swift */,
				CECA171929FAB32100D3BBB9 /* FeedStore.swift */,
				CECA171A29FAB32100D3BBB9 /* LocalFeedImage.swift */,
				CECA171B29FAB32100D3BBB9 /* FeedImageDataStore.swift */,
				CECA171C29FAB32100D3BBB9 /* LocalFeedImageDataLoader.swift */,
				CECA171D29FAB32100D3BBB9 /* FeedCachePolicy.swift */,
				CECA171E29FAB32100D3BBB9 /* Infrastructure */,
			);
			path = "Feed Cache";
			sourceTree = "<group>";
		};
		CECA171E29FAB32100D3BBB9 /* Infrastructure */ = {
			isa = PBXGroup;
			children = (
				CECA171F29FAB32100D3BBB9 /* CoreData */,
			);
			path = Infrastructure;
			sourceTree = "<group>";
		};
		CECA171F29FAB32100D3BBB9 /* CoreData */ = {
			isa = PBXGroup;
			children = (
				CECA172029FAB32100D3BBB9 /* CoreDataHelpers.swift */,
				CECA172129FAB32100D3BBB9 /* ManagedFeedImage.swift */,
				CECA172229FAB32100D3BBB9 /* CoreDataFeedStore+FeedImageDataStore.swift */,
				CECA172329FAB32100D3BBB9 /* CoreDataFeedStore+FeedStore.swift */,
				CECA172429FAB32100D3BBB9 /* FeedStore.xcdatamodeld */,
				CECA172729FAB32100D3BBB9 /* ManagedCache.swift */,
				CECA172829FAB32100D3BBB9 /* CoreDataFeedStore.swift */,
			);
			path = CoreData;
			sourceTree = "<group>";
		};
		CECA172929FAB32100D3BBB9 /* Shared API Infra */ = {
			isa = PBXGroup;
			children = (
				CECA172A29FAB32100D3BBB9 /* URLSessionHTTPClient.swift */,
			);
			path = "Shared API Infra";
			sourceTree = "<group>";
		};
		CECA172B29FAB32100D3BBB9 /* Image Comments API */ = {
			isa = PBXGroup;
			children = (
				CECA172C29FAB32100D3BBB9 /* ImageCommentsMapper.swift */,
				CECA172D29FAB32100D3BBB9 /* ImageCommentsEndpoint.swift */,
			);
			path = "Image Comments API";
			sourceTree = "<group>";
		};
		CECA172E29FAB32100D3BBB9 /* Feed Presentation */ = {
			isa = PBXGroup;
			children = (
				CECA172F29FAB32100D3BBB9 /* Feed.strings */,
				CECA173229FAB32100D3BBB9 /* FeedPresenter.swift */,
				CECA173329FAB32100D3BBB9 /* FeedImageViewModel.swift */,
				CECA173529FAB32100D3BBB9 /* FeedImagePresenter.swift */,
			);
			path = "Feed Presentation";
			sourceTree = "<group>";
		};
		CECA173629FAB32100D3BBB9 /* Image Comments Feature */ = {
			isa = PBXGroup;
			children = (
				CECA173729FAB32100D3BBB9 /* ImageComment.swift */,
			);
			path = "Image Comments Feature";
			sourceTree = "<group>";
		};
		CECA173829FAB32100D3BBB9 /* Feed Feature */ = {
			isa = PBXGroup;
			children = (
				CECA173929FAB32100D3BBB9 /* FeedCache.swift */,
				CECA173A29FAB32100D3BBB9 /* FeedImage.swift */,
				CECA173B29FAB32100D3BBB9 /* FeedImageDataCache.swift */,
				CECA173C29FAB32100D3BBB9 /* FeedImageDataLoader.swift */,
			);
			path = "Feed Feature";
			sourceTree = "<group>";
		};
		CECA173D29FAB32100D3BBB9 /* Feed API */ = {
			isa = PBXGroup;
			children = (
				CECA173E29FAB32100D3BBB9 /* FeedItemsMapper.swift */,
				CECA173F29FAB32100D3BBB9 /* FeedImageDataMapper.swift */,
				CECA174029FAB32100D3BBB9 /* FeedEndpoint.swift */,
				CECA174129FAB32100D3BBB9 /* Helpers */,
			);
			path = "Feed API";
			sourceTree = "<group>";
		};
		CECA174129FAB32100D3BBB9 /* Helpers */ = {
			isa = PBXGroup;
			children = (
				CECA174229FAB32100D3BBB9 /* HTTPURLResponse+StatusCode.swift */,
			);
			path = Helpers;
			sourceTree = "<group>";
		};
		CECA174329FAB32100D3BBB9 /* Image Comments Presentation */ = {
			isa = PBXGroup;
			children = (
				CECA174429FAB32100D3BBB9 /* ImageComments.strings */,
				CECA174729FAB32100D3BBB9 /* ImageCommentsPresenter.swift */,
			);
			path = "Image Comments Presentation";
			sourceTree = "<group>";
		};
		CECA174929FAB32100D3BBB9 /* Shared API */ = {
			isa = PBXGroup;
			children = (
				CECA174A29FAB32100D3BBB9 /* HTTPClient.swift */,
				CECA174B29FAB32100D3BBB9 /* Paginated.swift */,
			);
			path = "Shared API";
			sourceTree = "<group>";
		};
		CECA174C29FAB32100D3BBB9 /* Shared Presentation */ = {
			isa = PBXGroup;
			children = (
				CECA174D29FAB32100D3BBB9 /* ResourceErrorView.swift */,
				CECA174E29FAB32100D3BBB9 /* Shared.strings */,
				CECA175029FAB32100D3BBB9 /* ResourceLoadingViewModel.swift */,
				CECA175329FAB32100D3BBB9 /* LoadResourcePresenter.swift */,
				CECA175429FAB32100D3BBB9 /* ResourceLoadingView.swift */,
				CECA175529FAB32100D3BBB9 /* ResourceErrorViewModel.swift */,
			);
			path = "Shared Presentation";
			sourceTree = "<group>";
		};
		CECA177D29FAB37F00D3BBB9 /* Feed Cache */ = {
			isa = PBXGroup;
			children = (
				CECA177E29FAB37F00D3BBB9 /* LoadFeedImageDataFromCacheUseCaseTests.swift */,
				CECA177F29FAB37F00D3BBB9 /* CacheFeedImageDataUseCaseTests.swift */,
				CECA178029FAB37F00D3BBB9 /* FeedStoreSpecs */,
				CECA178629FAB37F00D3BBB9 /* CoreDataFeedImageDataStoreTests.swift */,
				CECA178729FAB37F00D3BBB9 /* ValidateFeedCacheUseCaseTests.swift */,
				CECA178829FAB37F00D3BBB9 /* CacheFeedUseCaseTests.swift */,
				CECA178929FAB37F00D3BBB9 /* CoreDataFeedStoreTests.swift */,
				CECA178A29FAB37F00D3BBB9 /* LoadFeedFromCacheUseCaseTests.swift */,
				CECA178B29FAB37F00D3BBB9 /* Helpers */,
			);
			path = "Feed Cache";
			sourceTree = "<group>";
		};
		CECA178029FAB37F00D3BBB9 /* FeedStoreSpecs */ = {
			isa = PBXGroup;
			children = (
				CECA178129FAB37F00D3BBB9 /* XCTestCase+FeedStoreSpecs.swift */,
				CECA178229FAB37F00D3BBB9 /* FeedStoreSpecs.swift */,
				CECA178329FAB37F00D3BBB9 /* XCTestCase+FailableRetrieveFeedStoreSpecs.swift */,
				CECA178429FAB37F00D3BBB9 /* XCTestCase+FailableDeleteFeedStoreSpecs.swift */,
				CECA178529FAB37F00D3BBB9 /* XCTestCase+FailableInsertFeedStoreSpecs.swift */,
			);
			path = FeedStoreSpecs;
			sourceTree = "<group>";
		};
		CECA178B29FAB37F00D3BBB9 /* Helpers */ = {
			isa = PBXGroup;
			children = (
				CECA178C29FAB37F00D3BBB9 /* FeedStoreSpy.swift */,
				CECA178D29FAB37F00D3BBB9 /* FeedImageDataStoreSpy.swift */,
				CECA178E29FAB37F00D3BBB9 /* FeedCacheTestHelpers.swift */,
			);
			path = Helpers;
			sourceTree = "<group>";
		};
		CECA178F29FAB37F00D3BBB9 /* Feed Presentation */ = {
			isa = PBXGroup;
			children = (
				CECA179029FAB37F00D3BBB9 /* FeedPresenterTests.swift */,
				CECA179129FAB37F00D3BBB9 /* FeedLocalizationTests.swift */,
				CECA179229FAB37F00D3BBB9 /* FeedImagePresenterTests.swift */,
			);
			path = "Feed Presentation";
			sourceTree = "<group>";
		};
		CECA179329FAB37F00D3BBB9 /* Image Comments API */ = {
			isa = PBXGroup;
			children = (
				CECA179429FAB37F00D3BBB9 /* ImageCommentsMapperTests.swift */,
				CECA179529FAB37F00D3BBB9 /* ImageCommentsEndpointTests.swift */,
			);
			path = "Image Comments API";
			sourceTree = "<group>";
		};
		CECA179629FAB37F00D3BBB9 /* Shared API Infra */ = {
			isa = PBXGroup;
			children = (
				CECA179729FAB37F00D3BBB9 /* Helpers */,
				CECA179929FAB37F00D3BBB9 /* URLSessionHTTPClientTests.swift */,
			);
			path = "Shared API Infra";
			sourceTree = "<group>";
		};
		CECA179729FAB37F00D3BBB9 /* Helpers */ = {
			isa = PBXGroup;
			children = (
				CECA179829FAB37F00D3BBB9 /* URLProtocolStub.swift */,
			);
			path = Helpers;
			sourceTree = "<group>";
		};
		CECA179A29FAB37F00D3BBB9 /* Image Comments Presentation */ = {
			isa = PBXGroup;
			children = (
				CECA179B29FAB37F00D3BBB9 /* ImageCommentsLocalizationTests.swift */,
				CECA179C29FAB37F00D3BBB9 /* ImageCommentsPresenterTests.swift */,
			);
			path = "Image Comments Presentation";
			sourceTree = "<group>";
		};
		CECA179D29FAB37F00D3BBB9 /* Feed API */ = {
			isa = PBXGroup;
			children = (
				CECA179E29FAB37F00D3BBB9 /* FeedImageDataMapperTests.swift */,
				CECA179F29FAB37F00D3BBB9 /* FeedItemsMapperTests.swift */,
				CECA17A029FAB37F00D3BBB9 /* FeedEndpointTests.swift */,
			);
			path = "Feed API";
			sourceTree = "<group>";
		};
		CECA17A129FAB37F00D3BBB9 /* Shared Presentation */ = {
			isa = PBXGroup;
			children = (
				CECA17A229FAB37F00D3BBB9 /* LoadResourcePresenterTests.swift */,
				CECA17A329FAB37F00D3BBB9 /* SharedLocalizationTests.swift */,
			);
			path = "Shared Presentation";
			sourceTree = "<group>";
		};
		CECA17A429FAB37F00D3BBB9 /* Helpers */ = {
			isa = PBXGroup;
			children = (
				CECA17A529FAB37F00D3BBB9 /* SharedTestHelpers.swift */,
				CECA17A629FAB37F00D3BBB9 /* SharedLocalizationTestHelpers.swift */,
				CECA17A729FAB37F00D3BBB9 /* XCTestCase+MemoryLeakTracking.swift */,
			);
			path = Helpers;
			sourceTree = "<group>";
		};
		CED148C628E69F7500D37FB3 = {
			isa = PBXGroup;
			children = (
				CED148D228E69F7500D37FB3 /* EssentialFeed */,
				CED148DC28E69F7600D37FB3 /* EssentialFeedTests */,
				CEA4160628F7B5E0001705BC /* EssentialFeedAPIEndToEndTests */,
				CEC1327229F9EFF100C8D88C /* EssentialFeedCacheIntegrationTests */,
				CED148D128E69F7500D37FB3 /* Products */,
				CECA170329FA22AB00D3BBB9 /* Frameworks */,
			);
			sourceTree = "<group>";
		};
		CED148D128E69F7500D37FB3 /* Products */ = {
			isa = PBXGroup;
			children = (
				CED148D028E69F7500D37FB3 /* EssentialFeed.framework */,
				CED148D828E69F7600D37FB3 /* EssentialFeedTests.xctest */,
				CEA4160528F7B5E0001705BC /* EssentialFeedAPIEndToEndTests.xctest */,
				CEC1327129F9EFF100C8D88C /* EssentialFeedCacheIntegrationTests.xctest */,
			);
			name = Products;
			sourceTree = "<group>";
		};
		CED148D228E69F7500D37FB3 /* EssentialFeed */ = {
			isa = PBXGroup;
			children = (
				CECA173D29FAB32100D3BBB9 /* Feed API */,
				CECA171729FAB32100D3BBB9 /* Feed Cache */,
				CECA173829FAB32100D3BBB9 /* Feed Feature */,
				CECA172E29FAB32100D3BBB9 /* Feed Presentation */,
				CECA172B29FAB32100D3BBB9 /* Image Comments API */,
				CECA173629FAB32100D3BBB9 /* Image Comments Feature */,
				CECA174329FAB32100D3BBB9 /* Image Comments Presentation */,
				CECA174929FAB32100D3BBB9 /* Shared API */,
				CECA172929FAB32100D3BBB9 /* Shared API Infra */,
				CECA174C29FAB32100D3BBB9 /* Shared Presentation */,
			);
			path = EssentialFeed;
			sourceTree = "<group>";
		};
		CED148DC28E69F7600D37FB3 /* EssentialFeedTests */ = {
			isa = PBXGroup;
			children = (
				CECA179D29FAB37F00D3BBB9 /* Feed API */,
				CECA177D29FAB37F00D3BBB9 /* Feed Cache */,
				CECA178F29FAB37F00D3BBB9 /* Feed Presentation */,
				CECA17A429FAB37F00D3BBB9 /* Helpers */,
				CECA179329FAB37F00D3BBB9 /* Image Comments API */,
				CECA179A29FAB37F00D3BBB9 /* Image Comments Presentation */,
				CECA179629FAB37F00D3BBB9 /* Shared API Infra */,
				CECA17A129FAB37F00D3BBB9 /* Shared Presentation */,
			);
			path = EssentialFeedTests;
			sourceTree = "<group>";
		};
/* End PBXGroup section */

/* Begin PBXHeadersBuildPhase section */
		CED148CB28E69F7500D37FB3 /* Headers */ = {
			isa = PBXHeadersBuildPhase;
			buildActionMask = 2147483647;
			files = (
			);
			runOnlyForDeploymentPostprocessing = 0;
		};
/* End PBXHeadersBuildPhase section */

/* Begin PBXNativeTarget section */
		CEA4160428F7B5E0001705BC /* EssentialFeedAPIEndToEndTests */ = {
			isa = PBXNativeTarget;
			buildConfigurationList = CEA4160C28F7B5E0001705BC /* Build configuration list for PBXNativeTarget "EssentialFeedAPIEndToEndTests" */;
			buildPhases = (
				CEA4160128F7B5E0001705BC /* Sources */,
				CEA4160228F7B5E0001705BC /* Frameworks */,
				CEA4160328F7B5E0001705BC /* Resources */,
			);
			buildRules = (
			);
			dependencies = (
				CEA4160B28F7B5E0001705BC /* PBXTargetDependency */,
			);
			name = EssentialFeedAPIEndToEndTests;
			productName = EssentialFeedAPIEndToEndTests;
			productReference = CEA4160528F7B5E0001705BC /* EssentialFeedAPIEndToEndTests.xctest */;
			productType = "com.apple.product-type.bundle.unit-test";
		};
		CEC1327029F9EFF100C8D88C /* EssentialFeedCacheIntegrationTests */ = {
			isa = PBXNativeTarget;
			buildConfigurationList = CEC1327A29F9EFF100C8D88C /* Build configuration list for PBXNativeTarget "EssentialFeedCacheIntegrationTests" */;
			buildPhases = (
				CEC1326D29F9EFF100C8D88C /* Sources */,
				CEC1326E29F9EFF100C8D88C /* Frameworks */,
				CEC1326F29F9EFF100C8D88C /* Resources */,
			);
			buildRules = (
			);
			dependencies = (
				CEC1327729F9EFF100C8D88C /* PBXTargetDependency */,
			);
			name = EssentialFeedCacheIntegrationTests;
			productName = EssentialFeedCacheIntegrationTests;
			productReference = CEC1327129F9EFF100C8D88C /* EssentialFeedCacheIntegrationTests.xctest */;
			productType = "com.apple.product-type.bundle.unit-test";
		};
		CED148CF28E69F7500D37FB3 /* EssentialFeed */ = {
			isa = PBXNativeTarget;
			buildConfigurationList = CED148E228E69F7600D37FB3 /* Build configuration list for PBXNativeTarget "EssentialFeed" */;
			buildPhases = (
				CED148CB28E69F7500D37FB3 /* Headers */,
				CED148CC28E69F7500D37FB3 /* Sources */,
				CED148CD28E69F7500D37FB3 /* Frameworks */,
				CED148CE28E69F7500D37FB3 /* Resources */,
			);
			buildRules = (
			);
			dependencies = (
			);
			name = EssentialFeed;
			productName = EssentialFeed;
			productReference = CED148D028E69F7500D37FB3 /* EssentialFeed.framework */;
			productType = "com.apple.product-type.framework";
		};
		CED148D728E69F7600D37FB3 /* EssentialFeedTests */ = {
			isa = PBXNativeTarget;
			buildConfigurationList = CED148E528E69F7600D37FB3 /* Build configuration list for PBXNativeTarget "EssentialFeedTests" */;
			buildPhases = (
				CED148D428E69F7600D37FB3 /* Sources */,
				CED148D528E69F7600D37FB3 /* Frameworks */,
				CED148D628E69F7600D37FB3 /* Resources */,
			);
			buildRules = (
			);
			dependencies = (
				CED148DB28E69F7600D37FB3 /* PBXTargetDependency */,
			);
			name = EssentialFeedTests;
			productName = EssentialFeedTests;
			productReference = CED148D828E69F7600D37FB3 /* EssentialFeedTests.xctest */;
			productType = "com.apple.product-type.bundle.unit-test";
		};
/* End PBXNativeTarget section */

/* Begin PBXProject section */
		CED148C728E69F7500D37FB3 /* Project object */ = {
			isa = PBXProject;
			attributes = {
				BuildIndependentTargetsInParallel = 1;
				LastSwiftUpdateCheck = 1430;
				LastUpgradeCheck = 1400;
				TargetAttributes = {
					CEA4160428F7B5E0001705BC = {
						CreatedOnToolsVersion = 14.0.1;
					};
					CEC1327029F9EFF100C8D88C = {
						CreatedOnToolsVersion = 14.3;
					};
					CED148CF28E69F7500D37FB3 = {
						CreatedOnToolsVersion = 14.0.1;
						LastSwiftMigration = 1400;
					};
					CED148D728E69F7600D37FB3 = {
						CreatedOnToolsVersion = 14.0.1;
					};
				};
			};
			buildConfigurationList = CED148CA28E69F7500D37FB3 /* Build configuration list for PBXProject "EssentialFeed" */;
			compatibilityVersion = "Xcode 14.0";
			developmentRegion = en;
			hasScannedForEncodings = 0;
			knownRegions = (
				en,
				Base,
				"pt-BR",
				el,
			);
			mainGroup = CED148C628E69F7500D37FB3;
			productRefGroup = CED148D128E69F7500D37FB3 /* Products */;
			projectDirPath = "";
			projectRoot = "";
			targets = (
				CED148CF28E69F7500D37FB3 /* EssentialFeed */,
				CED148D728E69F7600D37FB3 /* EssentialFeedTests */,
				CEA4160428F7B5E0001705BC /* EssentialFeedAPIEndToEndTests */,
				CEC1327029F9EFF100C8D88C /* EssentialFeedCacheIntegrationTests */,
			);
		};
/* End PBXProject section */

/* Begin PBXResourcesBuildPhase section */
		CEA4160328F7B5E0001705BC /* Resources */ = {
			isa = PBXResourcesBuildPhase;
			buildActionMask = 2147483647;
			files = (
			);
			runOnlyForDeploymentPostprocessing = 0;
		};
		CEC1326F29F9EFF100C8D88C /* Resources */ = {
			isa = PBXResourcesBuildPhase;
			buildActionMask = 2147483647;
			files = (
			);
			runOnlyForDeploymentPostprocessing = 0;
		};
		CED148CE28E69F7500D37FB3 /* Resources */ = {
			isa = PBXResourcesBuildPhase;
			buildActionMask = 2147483647;
			files = (
				CECA177329FAB32100D3BBB9 /* ImageComments.strings in Resources */,
				CECA176629FAB32100D3BBB9 /* Feed.strings in Resources */,
				CECA177829FAB32100D3BBB9 /* Shared.strings in Resources */,
			);
			runOnlyForDeploymentPostprocessing = 0;
		};
		CED148D628E69F7600D37FB3 /* Resources */ = {
			isa = PBXResourcesBuildPhase;
			buildActionMask = 2147483647;
			files = (
			);
			runOnlyForDeploymentPostprocessing = 0;
		};
/* End PBXResourcesBuildPhase section */

/* Begin PBXSourcesBuildPhase section */
		CEA4160128F7B5E0001705BC /* Sources */ = {
			isa = PBXSourcesBuildPhase;
			buildActionMask = 2147483647;
			files = (
				CEA4160828F7B5E0001705BC /* EssentialFeedAPIEndToEndTests.swift in Sources */,
			);
			runOnlyForDeploymentPostprocessing = 0;
		};
		CEC1326D29F9EFF100C8D88C /* Sources */ = {
			isa = PBXSourcesBuildPhase;
			buildActionMask = 2147483647;
			files = (
				CEC1327429F9EFF100C8D88C /* EssentialFeedCacheIntegrationTests.swift in Sources */,
			);
			runOnlyForDeploymentPostprocessing = 0;
		};
		CED148CC28E69F7500D37FB3 /* Sources */ = {
			isa = PBXSourcesBuildPhase;
			buildActionMask = 2147483647;
			files = (
				CECA177A29FAB32100D3BBB9 /* LoadResourcePresenter.swift in Sources */,
				CECA177129FAB32100D3BBB9 /* FeedEndpoint.swift in Sources */,
				CECA176F29FAB32100D3BBB9 /* FeedItemsMapper.swift in Sources */,
				CECA177229FAB32100D3BBB9 /* HTTPURLResponse+StatusCode.swift in Sources */,
				CECA176529FAB32100D3BBB9 /* ImageCommentsEndpoint.swift in Sources */,
				CECA175629FAB32100D3BBB9 /* LocalFeedLoader.swift in Sources */,
				CECA175929FAB32100D3BBB9 /* FeedImageDataStore.swift in Sources */,
				CECA175B29FAB32100D3BBB9 /* FeedCachePolicy.swift in Sources */,
				CECA176B29FAB32100D3BBB9 /* FeedCache.swift in Sources */,
				CECA175729FAB32100D3BBB9 /* FeedStore.swift in Sources */,
				CECA175F29FAB32100D3BBB9 /* CoreDataFeedStore+FeedStore.swift in Sources */,
				CECA175E29FAB32100D3BBB9 /* CoreDataFeedStore+FeedImageDataStore.swift in Sources */,
				CECA176129FAB32100D3BBB9 /* ManagedCache.swift in Sources */,
				CECA176329FAB32100D3BBB9 /* URLSessionHTTPClient.swift in Sources */,
				CECA175C29FAB32100D3BBB9 /* CoreDataHelpers.swift in Sources */,
				CECA176C29FAB32100D3BBB9 /* FeedImage.swift in Sources */,
				CECA177929FAB32100D3BBB9 /* ResourceLoadingViewModel.swift in Sources */,
				CECA176E29FAB32100D3BBB9 /* FeedImageDataLoader.swift in Sources */,
				CECA176029FAB32100D3BBB9 /* FeedStore.xcdatamodeld in Sources */,
				CECA175D29FAB32100D3BBB9 /* ManagedFeedImage.swift in Sources */,
				CECA176729FAB32100D3BBB9 /* FeedPresenter.swift in Sources */,
				CECA176D29FAB32100D3BBB9 /* FeedImageDataCache.swift in Sources */,
				CECA175829FAB32100D3BBB9 /* LocalFeedImage.swift in Sources */,
				CECA176829FAB32100D3BBB9 /* FeedImageViewModel.swift in Sources */,
				CECA177629FAB32100D3BBB9 /* Paginated.swift in Sources */,
				CECA177C29FAB32100D3BBB9 /* ResourceErrorViewModel.swift in Sources */,
				CECA176A29FAB32100D3BBB9 /* ImageComment.swift in Sources */,
				CECA175A29FAB32100D3BBB9 /* LocalFeedImageDataLoader.swift in Sources */,
				CECA177B29FAB32100D3BBB9 /* ResourceLoadingView.swift in Sources */,
				CECA177029FAB32100D3BBB9 /* FeedImageDataMapper.swift in Sources */,
				CECA176429FAB32100D3BBB9 /* ImageCommentsMapper.swift in Sources */,
				CECA177529FAB32100D3BBB9 /* HTTPClient.swift in Sources */,
				CECA177429FAB32100D3BBB9 /* ImageCommentsPresenter.swift in Sources */,
				CECA176929FAB32100D3BBB9 /* FeedImagePresenter.swift in Sources */,
				CECA176229FAB32100D3BBB9 /* CoreDataFeedStore.swift in Sources */,
				CECA177729FAB32100D3BBB9 /* ResourceErrorView.swift in Sources */,
			);
			runOnlyForDeploymentPostprocessing = 0;
		};
		CED148D428E69F7600D37FB3 /* Sources */ = {
			isa = PBXSourcesBuildPhase;
			buildActionMask = 2147483647;
			files = (
				CECA17C629FAB37F00D3BBB9 /* SharedLocalizationTestHelpers.swift in Sources */,
				CECA17AD29FAB37F00D3BBB9 /* XCTestCase+FailableDeleteFeedStoreSpecs.swift in Sources */,
				CECA17C929FAB4B000D3BBB9 /* EssentialFeedAPIEndToEndTests.swift in Sources */,
				CECA17BC29FAB37F00D3BBB9 /* URLProtocolStub.swift in Sources */,
				CECA17C529FAB37F00D3BBB9 /* SharedTestHelpers.swift in Sources */,
				CECA17C029FAB37F00D3BBB9 /* FeedImageDataMapperTests.swift in Sources */,
				CECA17BE29FAB37F00D3BBB9 /* ImageCommentsLocalizationTests.swift in Sources */,
				CECA17B429FAB37F00D3BBB9 /* FeedStoreSpy.swift in Sources */,
				CECA17B729FAB37F00D3BBB9 /* FeedPresenterTests.swift in Sources */,
				CECA17B229FAB37F00D3BBB9 /* CoreDataFeedStoreTests.swift in Sources */,
				CECA17BB29FAB37F00D3BBB9 /* ImageCommentsEndpointTests.swift in Sources */,
				CECA17B929FAB37F00D3BBB9 /* FeedImagePresenterTests.swift in Sources */,
				CECA17BF29FAB37F00D3BBB9 /* ImageCommentsPresenterTests.swift in Sources */,
				CECA17B029FAB37F00D3BBB9 /* ValidateFeedCacheUseCaseTests.swift in Sources */,
				CECA17B829FAB37F00D3BBB9 /* FeedLocalizationTests.swift in Sources */,
				CECA17C329FAB37F00D3BBB9 /* LoadResourcePresenterTests.swift in Sources */,
				CECA17C429FAB37F00D3BBB9 /* SharedLocalizationTests.swift in Sources */,
				CECA17A929FAB37F00D3BBB9 /* CacheFeedImageDataUseCaseTests.swift in Sources */,
				CECA17C729FAB37F00D3BBB9 /* XCTestCase+MemoryLeakTracking.swift in Sources */,
				CECA17C829FAB49E00D3BBB9 /* EssentialFeedCacheIntegrationTests.swift in Sources */,
				CECA17A829FAB37F00D3BBB9 /* LoadFeedImageDataFromCacheUseCaseTests.swift in Sources */,
				CECA17AC29FAB37F00D3BBB9 /* XCTestCase+FailableRetrieveFeedStoreSpecs.swift in Sources */,
				CECA17C229FAB37F00D3BBB9 /* FeedEndpointTests.swift in Sources */,
				CECA17BA29FAB37F00D3BBB9 /* ImageCommentsMapperTests.swift in Sources */,
				CECA17AF29FAB37F00D3BBB9 /* CoreDataFeedImageDataStoreTests.swift in Sources */,
				CECA17AE29FAB37F00D3BBB9 /* XCTestCase+FailableInsertFeedStoreSpecs.swift in Sources */,
				CECA17BD29FAB37F00D3BBB9 /* URLSessionHTTPClientTests.swift in Sources */,
				CECA17AB29FAB37F00D3BBB9 /* FeedStoreSpecs.swift in Sources */,
				CECA17B129FAB37F00D3BBB9 /* CacheFeedUseCaseTests.swift in Sources */,
				CECA17B329FAB37F00D3BBB9 /* LoadFeedFromCacheUseCaseTests.swift in Sources */,
				CECA17B529FAB37F00D3BBB9 /* FeedImageDataStoreSpy.swift in Sources */,
				CECA17C129FAB37F00D3BBB9 /* FeedItemsMapperTests.swift in Sources */,
				CECA17B629FAB37F00D3BBB9 /* FeedCacheTestHelpers.swift in Sources */,
				CECA17AA29FAB37F00D3BBB9 /* XCTestCase+FeedStoreSpecs.swift in Sources */,
			);
			runOnlyForDeploymentPostprocessing = 0;
		};
/* End PBXSourcesBuildPhase section */

/* Begin PBXTargetDependency section */
		CEA4160B28F7B5E0001705BC /* PBXTargetDependency */ = {
			isa = PBXTargetDependency;
			target = CED148CF28E69F7500D37FB3 /* EssentialFeed */;
			targetProxy = CEA4160A28F7B5E0001705BC /* PBXContainerItemProxy */;
		};
		CEC1327729F9EFF100C8D88C /* PBXTargetDependency */ = {
			isa = PBXTargetDependency;
			target = CED148CF28E69F7500D37FB3 /* EssentialFeed */;
			targetProxy = CEC1327629F9EFF100C8D88C /* PBXContainerItemProxy */;
		};
		CED148DB28E69F7600D37FB3 /* PBXTargetDependency */ = {
			isa = PBXTargetDependency;
			target = CED148CF28E69F7500D37FB3 /* EssentialFeed */;
			targetProxy = CED148DA28E69F7600D37FB3 /* PBXContainerItemProxy */;
		};
/* End PBXTargetDependency section */

/* Begin PBXVariantGroup section */
		CECA172F29FAB32100D3BBB9 /* Feed.strings */ = {
			isa = PBXVariantGroup;
			children = (
				CECA173029FAB32100D3BBB9 /* el */,
				CECA173129FAB32100D3BBB9 /* en */,
				CECA173429FAB32100D3BBB9 /* pt-BR */,
			);
			name = Feed.strings;
			sourceTree = "<group>";
		};
		CECA174429FAB32100D3BBB9 /* ImageComments.strings */ = {
			isa = PBXVariantGroup;
			children = (
				CECA174529FAB32100D3BBB9 /* el */,
				CECA174629FAB32100D3BBB9 /* en */,
				CECA174829FAB32100D3BBB9 /* pt-BR */,
			);
			name = ImageComments.strings;
			sourceTree = "<group>";
		};
		CECA174E29FAB32100D3BBB9 /* Shared.strings */ = {
			isa = PBXVariantGroup;
			children = (
				CECA174F29FAB32100D3BBB9 /* el */,
				CECA175129FAB32100D3BBB9 /* en */,
				CECA175229FAB32100D3BBB9 /* pt-BR */,
			);
			name = Shared.strings;
			sourceTree = "<group>";
		};
/* End PBXVariantGroup section */

/* Begin XCBuildConfiguration section */
		CEA4160D28F7B5E0001705BC /* Debug */ = {
			isa = XCBuildConfiguration;
			buildSettings = {
				ALWAYS_EMBED_SWIFT_STANDARD_LIBRARIES = YES;
				CODE_SIGN_STYLE = Automatic;
				CURRENT_PROJECT_VERSION = 1;
				GENERATE_INFOPLIST_FILE = YES;
				MACOSX_DEPLOYMENT_TARGET = 13.0;
				MARKETING_VERSION = 1.0;
				PRODUCT_BUNDLE_IDENTIFIER = sales.mentor.nnt.com.EssentialFeedAPIEndToEndTests;
				PRODUCT_NAME = "$(TARGET_NAME)";
				SUPPORTED_PLATFORMS = "macosx iphonesimulator iphoneos";
				SWIFT_EMIT_LOC_STRINGS = NO;
				SWIFT_VERSION = 5.0;
			};
			name = Debug;
		};
		CEA4160E28F7B5E0001705BC /* Release */ = {
			isa = XCBuildConfiguration;
			buildSettings = {
				ALWAYS_EMBED_SWIFT_STANDARD_LIBRARIES = YES;
				CODE_SIGN_STYLE = Automatic;
				CURRENT_PROJECT_VERSION = 1;
				GENERATE_INFOPLIST_FILE = YES;
				MACOSX_DEPLOYMENT_TARGET = 13.0;
				MARKETING_VERSION = 1.0;
				PRODUCT_BUNDLE_IDENTIFIER = sales.mentor.nnt.com.EssentialFeedAPIEndToEndTests;
				PRODUCT_NAME = "$(TARGET_NAME)";
				SUPPORTED_PLATFORMS = "macosx iphonesimulator iphoneos";
				SWIFT_EMIT_LOC_STRINGS = NO;
				SWIFT_VERSION = 5.0;
			};
			name = Release;
		};
		CEC1327829F9EFF100C8D88C /* Debug */ = {
			isa = XCBuildConfiguration;
			buildSettings = {
				ALWAYS_EMBED_SWIFT_STANDARD_LIBRARIES = YES;
				CODE_SIGN_STYLE = Automatic;
				CURRENT_PROJECT_VERSION = 1;
				DEVELOPMENT_TEAM = VJCR2LL3QM;
				GENERATE_INFOPLIST_FILE = YES;
				MACOSX_DEPLOYMENT_TARGET = 13.0;
				MARKETING_VERSION = 1.0;
				PRODUCT_BUNDLE_IDENTIFIER = nnt.com.EssentialFeedCacheIntegrationTests;
				PRODUCT_NAME = "$(TARGET_NAME)";
				SUPPORTED_PLATFORMS = "macosx iphonesimulator iphoneos";
				SWIFT_EMIT_LOC_STRINGS = NO;
				SWIFT_VERSION = 5.0;
			};
			name = Debug;
		};
		CEC1327929F9EFF100C8D88C /* Release */ = {
			isa = XCBuildConfiguration;
			buildSettings = {
				ALWAYS_EMBED_SWIFT_STANDARD_LIBRARIES = YES;
				CODE_SIGN_STYLE = Automatic;
				CURRENT_PROJECT_VERSION = 1;
				DEVELOPMENT_TEAM = VJCR2LL3QM;
				GENERATE_INFOPLIST_FILE = YES;
				MACOSX_DEPLOYMENT_TARGET = 13.0;
				MARKETING_VERSION = 1.0;
				PRODUCT_BUNDLE_IDENTIFIER = nnt.com.EssentialFeedCacheIntegrationTests;
				PRODUCT_NAME = "$(TARGET_NAME)";
				SUPPORTED_PLATFORMS = "macosx iphonesimulator iphoneos";
				SWIFT_EMIT_LOC_STRINGS = NO;
				SWIFT_VERSION = 5.0;
			};
			name = Release;
		};
		CED148E028E69F7600D37FB3 /* Debug */ = {
			isa = XCBuildConfiguration;
			buildSettings = {
				ALWAYS_SEARCH_USER_PATHS = NO;
				CLANG_ANALYZER_LOCALIZABILITY_NONLOCALIZED = YES;
				CLANG_ANALYZER_NONNULL = YES;
				CLANG_ANALYZER_NUMBER_OBJECT_CONVERSION = YES_AGGRESSIVE;
				CLANG_CXX_LANGUAGE_STANDARD = "gnu++20";
				CLANG_ENABLE_MODULES = YES;
				CLANG_ENABLE_OBJC_ARC = YES;
				CLANG_ENABLE_OBJC_WEAK = YES;
				CLANG_WARN_BLOCK_CAPTURE_AUTORELEASING = YES;
				CLANG_WARN_BOOL_CONVERSION = YES;
				CLANG_WARN_COMMA = YES;
				CLANG_WARN_CONSTANT_CONVERSION = YES;
				CLANG_WARN_DEPRECATED_OBJC_IMPLEMENTATIONS = YES;
				CLANG_WARN_DIRECT_OBJC_ISA_USAGE = YES_ERROR;
				CLANG_WARN_DOCUMENTATION_COMMENTS = YES;
				CLANG_WARN_EMPTY_BODY = YES;
				CLANG_WARN_ENUM_CONVERSION = YES;
				CLANG_WARN_INFINITE_RECURSION = YES;
				CLANG_WARN_INT_CONVERSION = YES;
				CLANG_WARN_NON_LITERAL_NULL_CONVERSION = YES;
				CLANG_WARN_OBJC_IMPLICIT_RETAIN_SELF = YES;
				CLANG_WARN_OBJC_LITERAL_CONVERSION = YES;
				CLANG_WARN_OBJC_ROOT_CLASS = YES_ERROR;
				CLANG_WARN_QUOTED_INCLUDE_IN_FRAMEWORK_HEADER = YES;
				CLANG_WARN_RANGE_LOOP_ANALYSIS = YES;
				CLANG_WARN_STRICT_PROTOTYPES = YES;
				CLANG_WARN_SUSPICIOUS_MOVE = YES;
				CLANG_WARN_UNGUARDED_AVAILABILITY = YES_AGGRESSIVE;
				CLANG_WARN_UNREACHABLE_CODE = YES;
				CLANG_WARN__DUPLICATE_METHOD_MATCH = YES;
				COPY_PHASE_STRIP = NO;
				CURRENT_PROJECT_VERSION = 1;
				DEBUG_INFORMATION_FORMAT = dwarf;
				ENABLE_STRICT_OBJC_MSGSEND = YES;
				ENABLE_TESTABILITY = YES;
				GCC_C_LANGUAGE_STANDARD = gnu11;
				GCC_DYNAMIC_NO_PIC = NO;
				GCC_NO_COMMON_BLOCKS = YES;
				GCC_OPTIMIZATION_LEVEL = 0;
				GCC_PREPROCESSOR_DEFINITIONS = (
					"DEBUG=1",
					"$(inherited)",
				);
				GCC_WARN_64_TO_32_BIT_CONVERSION = YES;
				GCC_WARN_ABOUT_RETURN_TYPE = YES_ERROR;
				GCC_WARN_UNDECLARED_SELECTOR = YES;
				GCC_WARN_UNINITIALIZED_AUTOS = YES_AGGRESSIVE;
				GCC_WARN_UNUSED_FUNCTION = YES;
				GCC_WARN_UNUSED_VARIABLE = YES;
				MACOSX_DEPLOYMENT_TARGET = 11.0;
				MTL_ENABLE_DEBUG_INFO = INCLUDE_SOURCE;
				MTL_FAST_MATH = YES;
				ONLY_ACTIVE_ARCH = YES;
				SDKROOT = macosx;
				SWIFT_ACTIVE_COMPILATION_CONDITIONS = DEBUG;
				SWIFT_OPTIMIZATION_LEVEL = "-Onone";
				VERSIONING_SYSTEM = "apple-generic";
				VERSION_INFO_PREFIX = "";
			};
			name = Debug;
		};
		CED148E128E69F7600D37FB3 /* Release */ = {
			isa = XCBuildConfiguration;
			buildSettings = {
				ALWAYS_SEARCH_USER_PATHS = NO;
				CLANG_ANALYZER_LOCALIZABILITY_NONLOCALIZED = YES;
				CLANG_ANALYZER_NONNULL = YES;
				CLANG_ANALYZER_NUMBER_OBJECT_CONVERSION = YES_AGGRESSIVE;
				CLANG_CXX_LANGUAGE_STANDARD = "gnu++20";
				CLANG_ENABLE_MODULES = YES;
				CLANG_ENABLE_OBJC_ARC = YES;
				CLANG_ENABLE_OBJC_WEAK = YES;
				CLANG_WARN_BLOCK_CAPTURE_AUTORELEASING = YES;
				CLANG_WARN_BOOL_CONVERSION = YES;
				CLANG_WARN_COMMA = YES;
				CLANG_WARN_CONSTANT_CONVERSION = YES;
				CLANG_WARN_DEPRECATED_OBJC_IMPLEMENTATIONS = YES;
				CLANG_WARN_DIRECT_OBJC_ISA_USAGE = YES_ERROR;
				CLANG_WARN_DOCUMENTATION_COMMENTS = YES;
				CLANG_WARN_EMPTY_BODY = YES;
				CLANG_WARN_ENUM_CONVERSION = YES;
				CLANG_WARN_INFINITE_RECURSION = YES;
				CLANG_WARN_INT_CONVERSION = YES;
				CLANG_WARN_NON_LITERAL_NULL_CONVERSION = YES;
				CLANG_WARN_OBJC_IMPLICIT_RETAIN_SELF = YES;
				CLANG_WARN_OBJC_LITERAL_CONVERSION = YES;
				CLANG_WARN_OBJC_ROOT_CLASS = YES_ERROR;
				CLANG_WARN_QUOTED_INCLUDE_IN_FRAMEWORK_HEADER = YES;
				CLANG_WARN_RANGE_LOOP_ANALYSIS = YES;
				CLANG_WARN_STRICT_PROTOTYPES = YES;
				CLANG_WARN_SUSPICIOUS_MOVE = YES;
				CLANG_WARN_UNGUARDED_AVAILABILITY = YES_AGGRESSIVE;
				CLANG_WARN_UNREACHABLE_CODE = YES;
				CLANG_WARN__DUPLICATE_METHOD_MATCH = YES;
				COPY_PHASE_STRIP = NO;
				CURRENT_PROJECT_VERSION = 1;
				DEBUG_INFORMATION_FORMAT = "dwarf-with-dsym";
				ENABLE_NS_ASSERTIONS = NO;
				ENABLE_STRICT_OBJC_MSGSEND = YES;
				GCC_C_LANGUAGE_STANDARD = gnu11;
				GCC_NO_COMMON_BLOCKS = YES;
				GCC_WARN_64_TO_32_BIT_CONVERSION = YES;
				GCC_WARN_ABOUT_RETURN_TYPE = YES_ERROR;
				GCC_WARN_UNDECLARED_SELECTOR = YES;
				GCC_WARN_UNINITIALIZED_AUTOS = YES_AGGRESSIVE;
				GCC_WARN_UNUSED_FUNCTION = YES;
				GCC_WARN_UNUSED_VARIABLE = YES;
				MACOSX_DEPLOYMENT_TARGET = 11.0;
				MTL_ENABLE_DEBUG_INFO = NO;
				MTL_FAST_MATH = YES;
				SDKROOT = macosx;
				SWIFT_COMPILATION_MODE = wholemodule;
				SWIFT_OPTIMIZATION_LEVEL = "-O";
				VERSIONING_SYSTEM = "apple-generic";
				VERSION_INFO_PREFIX = "";
			};
			name = Release;
		};
		CED148E328E69F7600D37FB3 /* Debug */ = {
			isa = XCBuildConfiguration;
			buildSettings = {
				CLANG_ENABLE_MODULES = YES;
				CODE_SIGN_STYLE = Automatic;
				COMBINE_HIDPI_IMAGES = YES;
				CURRENT_PROJECT_VERSION = 1;
				DEFINES_MODULE = YES;
				DYLIB_COMPATIBILITY_VERSION = 1;
				DYLIB_CURRENT_VERSION = 1;
				DYLIB_INSTALL_NAME_BASE = "@rpath";
				GENERATE_INFOPLIST_FILE = YES;
				INFOPLIST_KEY_NSHumanReadableCopyright = "";
				INSTALL_PATH = "$(LOCAL_LIBRARY_DIR)/Frameworks";
				LD_RUNPATH_SEARCH_PATHS = (
					"$(inherited)",
					"@executable_path/../Frameworks",
					"@loader_path/Frameworks",
				);
				MACOSX_DEPLOYMENT_TARGET = 13.0;
				MARKETING_VERSION = 1.0;
				PRODUCT_BUNDLE_IDENTIFIER = sales.mentor.nnt.com.EssentialFeed;
				PRODUCT_NAME = "$(TARGET_NAME:c99extidentifier)";
				SKIP_INSTALL = YES;
				SUPPORTED_PLATFORMS = "macosx iphonesimulator iphoneos";
				SWIFT_EMIT_LOC_STRINGS = YES;
				SWIFT_OPTIMIZATION_LEVEL = "-Onone";
				SWIFT_VERSION = 5.0;
			};
			name = Debug;
		};
		CED148E428E69F7600D37FB3 /* Release */ = {
			isa = XCBuildConfiguration;
			buildSettings = {
				CLANG_ENABLE_MODULES = YES;
				CODE_SIGN_STYLE = Automatic;
				COMBINE_HIDPI_IMAGES = YES;
				CURRENT_PROJECT_VERSION = 1;
				DEFINES_MODULE = YES;
				DYLIB_COMPATIBILITY_VERSION = 1;
				DYLIB_CURRENT_VERSION = 1;
				DYLIB_INSTALL_NAME_BASE = "@rpath";
				GENERATE_INFOPLIST_FILE = YES;
				INFOPLIST_KEY_NSHumanReadableCopyright = "";
				INSTALL_PATH = "$(LOCAL_LIBRARY_DIR)/Frameworks";
				LD_RUNPATH_SEARCH_PATHS = (
					"$(inherited)",
					"@executable_path/../Frameworks",
					"@loader_path/Frameworks",
				);
				MACOSX_DEPLOYMENT_TARGET = 13.0;
				MARKETING_VERSION = 1.0;
				PRODUCT_BUNDLE_IDENTIFIER = sales.mentor.nnt.com.EssentialFeed;
				PRODUCT_NAME = "$(TARGET_NAME:c99extidentifier)";
				SKIP_INSTALL = YES;
				SUPPORTED_PLATFORMS = "macosx iphonesimulator iphoneos";
				SWIFT_EMIT_LOC_STRINGS = YES;
				SWIFT_VERSION = 5.0;
			};
			name = Release;
		};
		CED148E628E69F7600D37FB3 /* Debug */ = {
			isa = XCBuildConfiguration;
			buildSettings = {
				ALWAYS_EMBED_SWIFT_STANDARD_LIBRARIES = YES;
				CODE_SIGN_STYLE = Automatic;
				CURRENT_PROJECT_VERSION = 1;
				GENERATE_INFOPLIST_FILE = YES;
				MACOSX_DEPLOYMENT_TARGET = 13.0;
				MARKETING_VERSION = 1.0;
				PRODUCT_BUNDLE_IDENTIFIER = sales.mentor.nnt.com.EssentialFeedTests;
				PRODUCT_NAME = "$(TARGET_NAME)";
				SUPPORTED_PLATFORMS = "macosx iphonesimulator iphoneos";
				SWIFT_EMIT_LOC_STRINGS = NO;
				SWIFT_VERSION = 5.0;
			};
			name = Debug;
		};
		CED148E728E69F7600D37FB3 /* Release */ = {
			isa = XCBuildConfiguration;
			buildSettings = {
				ALWAYS_EMBED_SWIFT_STANDARD_LIBRARIES = YES;
				CODE_SIGN_STYLE = Automatic;
				CURRENT_PROJECT_VERSION = 1;
				GENERATE_INFOPLIST_FILE = YES;
				MACOSX_DEPLOYMENT_TARGET = 13.0;
				MARKETING_VERSION = 1.0;
				PRODUCT_BUNDLE_IDENTIFIER = sales.mentor.nnt.com.EssentialFeedTests;
				PRODUCT_NAME = "$(TARGET_NAME)";
				SUPPORTED_PLATFORMS = "macosx iphonesimulator iphoneos";
				SWIFT_EMIT_LOC_STRINGS = NO;
				SWIFT_VERSION = 5.0;
			};
			name = Release;
		};
/* End XCBuildConfiguration section */

/* Begin XCConfigurationList section */
		CEA4160C28F7B5E0001705BC /* Build configuration list for PBXNativeTarget "EssentialFeedAPIEndToEndTests" */ = {
			isa = XCConfigurationList;
			buildConfigurations = (
				CEA4160D28F7B5E0001705BC /* Debug */,
				CEA4160E28F7B5E0001705BC /* Release */,
			);
			defaultConfigurationIsVisible = 0;
			defaultConfigurationName = Release;
		};
		CEC1327A29F9EFF100C8D88C /* Build configuration list for PBXNativeTarget "EssentialFeedCacheIntegrationTests" */ = {
			isa = XCConfigurationList;
			buildConfigurations = (
				CEC1327829F9EFF100C8D88C /* Debug */,
				CEC1327929F9EFF100C8D88C /* Release */,
			);
			defaultConfigurationIsVisible = 0;
			defaultConfigurationName = Release;
		};
		CED148CA28E69F7500D37FB3 /* Build configuration list for PBXProject "EssentialFeed" */ = {
			isa = XCConfigurationList;
			buildConfigurations = (
				CED148E028E69F7600D37FB3 /* Debug */,
				CED148E128E69F7600D37FB3 /* Release */,
			);
			defaultConfigurationIsVisible = 0;
			defaultConfigurationName = Release;
		};
		CED148E228E69F7600D37FB3 /* Build configuration list for PBXNativeTarget "EssentialFeed" */ = {
			isa = XCConfigurationList;
			buildConfigurations = (
				CED148E328E69F7600D37FB3 /* Debug */,
				CED148E428E69F7600D37FB3 /* Release */,
			);
			defaultConfigurationIsVisible = 0;
			defaultConfigurationName = Release;
		};
		CED148E528E69F7600D37FB3 /* Build configuration list for PBXNativeTarget "EssentialFeedTests" */ = {
			isa = XCConfigurationList;
			buildConfigurations = (
				CED148E628E69F7600D37FB3 /* Debug */,
				CED148E728E69F7600D37FB3 /* Release */,
			);
			defaultConfigurationIsVisible = 0;
			defaultConfigurationName = Release;
		};
/* End XCConfigurationList section */

/* Begin XCVersionGroup section */
		CECA172429FAB32100D3BBB9 /* FeedStore.xcdatamodeld */ = {
			isa = XCVersionGroup;
			children = (
				CECA172529FAB32100D3BBB9 /* FeedStore2.xcdatamodel */,
				CECA172629FAB32100D3BBB9 /* FeedStore.xcdatamodel */,
			);
			currentVersion = CECA172529FAB32100D3BBB9 /* FeedStore2.xcdatamodel */;
			path = FeedStore.xcdatamodeld;
			sourceTree = "<group>";
			versionGroupType = wrapper.xcdatamodel;
		};
/* End XCVersionGroup section */
	};
	rootObject = CED148C728E69F7500D37FB3 /* Project object */;
}
